// !$*UTF8*$!
{
	archiveVersion = 1;
	classes = {
	};
	objectVersion = 55;
	objects = {

/* Begin PBXBuildFile section */
		8C19E4112786B35B0086F374 /* GoogleService-Info.plist in Resources */ = {isa = PBXBuildFile; fileRef = 8C19E4102786B35B0086F374 /* GoogleService-Info.plist */; };
		8C33C4E8277BF06100294445 /* AppDelegate.swift in Sources */ = {isa = PBXBuildFile; fileRef = 8C33C4E7277BF06100294445 /* AppDelegate.swift */; };
		8C33C4EA277BF06100294445 /* SceneDelegate.swift in Sources */ = {isa = PBXBuildFile; fileRef = 8C33C4E9277BF06100294445 /* SceneDelegate.swift */; };
		8C33C4F1277BF06200294445 /* Assets.xcassets in Resources */ = {isa = PBXBuildFile; fileRef = 8C33C4F0277BF06200294445 /* Assets.xcassets */; };
		8C33C4F4277BF06200294445 /* LaunchScreen.storyboard in Resources */ = {isa = PBXBuildFile; fileRef = 8C33C4F2277BF06200294445 /* LaunchScreen.storyboard */; };
		8C68AABD278ED9BF00C1711E /* NotoSansKR-Regular.otf in Resources */ = {isa = PBXBuildFile; fileRef = 8C68AABC278ED64E00C1711E /* NotoSansKR-Regular.otf */; };
		8C68AABE278ED9C100C1711E /* NotoSansKR-Bold.otf in Resources */ = {isa = PBXBuildFile; fileRef = 8C68AABB278ED64E00C1711E /* NotoSansKR-Bold.otf */; };
		8C68AAC327909BC200C1711E /* LoginViewController.swift in Sources */ = {isa = PBXBuildFile; fileRef = 8C68AAC227909BC200C1711E /* LoginViewController.swift */; };
		8C68AAC527909BD000C1711E /* LoginViewModel.swift in Sources */ = {isa = PBXBuildFile; fileRef = 8C68AAC427909BD000C1711E /* LoginViewModel.swift */; };
		8C68AAC92791166F00C1711E /* ViewModelProtocol.swift in Sources */ = {isa = PBXBuildFile; fileRef = 8C68AAC82791166F00C1711E /* ViewModelProtocol.swift */; };
		8C68AACB279117FA00C1711E /* User.swift in Sources */ = {isa = PBXBuildFile; fileRef = 8C68AACA279117FA00C1711E /* User.swift */; };
		8C68AACD2791186400C1711E /* Credentials.swift in Sources */ = {isa = PBXBuildFile; fileRef = 8C68AACC2791186400C1711E /* Credentials.swift */; };
		8C68AAD027911A1000C1711E /* LoginService.swift in Sources */ = {isa = PBXBuildFile; fileRef = 8C68AACF27911A1000C1711E /* LoginService.swift */; };
		8C68AAD327911AD700C1711E /* ExObservable.swift in Sources */ = {isa = PBXBuildFile; fileRef = 8C68AAD227911AD700C1711E /* ExObservable.swift */; };
		8C68AAD72791AF1100C1711E /* RegisterViewController.swift in Sources */ = {isa = PBXBuildFile; fileRef = 8C68AAD62791AF1100C1711E /* RegisterViewController.swift */; };
		8C68AAD92791AF3300C1711E /* RegisterViewModel.swift in Sources */ = {isa = PBXBuildFile; fileRef = 8C68AAD82791AF3300C1711E /* RegisterViewModel.swift */; };
		8C68AADB2791B57100C1711E /* RegisterService.swift in Sources */ = {isa = PBXBuildFile; fileRef = 8C68AADA2791B57100C1711E /* RegisterService.swift */; };
		8C68AAE1279526C600C1711E /* HomeViewController.swift in Sources */ = {isa = PBXBuildFile; fileRef = 8C68AAE0279526C600C1711E /* HomeViewController.swift */; };
		8C68AAE3279526CF00C1711E /* HomeViewModel.swift in Sources */ = {isa = PBXBuildFile; fileRef = 8C68AAE2279526CF00C1711E /* HomeViewModel.swift */; };
		8C68AAF027952F6500C1711E /* NavigationController.swift in Sources */ = {isa = PBXBuildFile; fileRef = 8C68AAEF27952F6500C1711E /* NavigationController.swift */; };
		8C68AAF327953A8A00C1711E /* ChannelObject.swift in Sources */ = {isa = PBXBuildFile; fileRef = 8C68AAF227953A8A00C1711E /* ChannelObject.swift */; };
		8C68AAFD27954FCB00C1711E /* ChannelCell.swift in Sources */ = {isa = PBXBuildFile; fileRef = 8C68AAFC27954FCB00C1711E /* ChannelCell.swift */; };
		8C68AAFF27954FD200C1711E /* ChannelCellViewModel.swift in Sources */ = {isa = PBXBuildFile; fileRef = 8C68AAFE27954FD200C1711E /* ChannelCellViewModel.swift */; };
		8C68AB042795545900C1711E /* Channel.json in Resources */ = {isa = PBXBuildFile; fileRef = 8C68AB032795545900C1711E /* Channel.json */; };
		8C68AB062795754900C1711E /* ChatsSection.swift in Sources */ = {isa = PBXBuildFile; fileRef = 8C68AB052795754900C1711E /* ChatsSection.swift */; };
		8C68AB0827957ADD00C1711E /* ExDateFormatter.swift in Sources */ = {isa = PBXBuildFile; fileRef = 8C68AB0727957ADD00C1711E /* ExDateFormatter.swift */; };
		8C68AB0C2795AA4100C1711E /* User.json in Resources */ = {isa = PBXBuildFile; fileRef = 8C68AB0B2795AA4100C1711E /* User.json */; };
		8C68AB0E2795AB6200C1711E /* DirectMessageObject.swift in Sources */ = {isa = PBXBuildFile; fileRef = 8C68AB0D2795AB6200C1711E /* DirectMessageObject.swift */; };
		8C68AB1527969D1200C1711E /* NetworkResult.swift in Sources */ = {isa = PBXBuildFile; fileRef = 8C68AB1427969D1200C1711E /* NetworkResult.swift */; };
		8C68AB172796A03E00C1711E /* APIConstants.swift in Sources */ = {isa = PBXBuildFile; fileRef = 8C68AB162796A03E00C1711E /* APIConstants.swift */; };
		8C68AB1A2796E70C00C1711E /* WorkspaceListViewController.swift in Sources */ = {isa = PBXBuildFile; fileRef = 8C68AB192796E70C00C1711E /* WorkspaceListViewController.swift */; };
		8C68AB1E27970A3200C1711E /* EditProfileView.swift in Sources */ = {isa = PBXBuildFile; fileRef = 8C68AB1D27970A3200C1711E /* EditProfileView.swift */; };
		8C68AB2D2797F5E400C1711E /* SettingsViewController.swift in Sources */ = {isa = PBXBuildFile; fileRef = 8C68AB2C2797F5E400C1711E /* SettingsViewController.swift */; };
		8C68AB2F2797F62D00C1711E /* SettingsView.xib in Resources */ = {isa = PBXBuildFile; fileRef = 8C68AB2E2797F62D00C1711E /* SettingsView.xib */; };
		8C953BD3278E90F200D5677E /* WelcomeViewController.swift in Sources */ = {isa = PBXBuildFile; fileRef = 8C953BD2278E90F200D5677E /* WelcomeViewController.swift */; };
		8CBD452D2799A0C80056A557 /* ExUIButton.swift in Sources */ = {isa = PBXBuildFile; fileRef = 8CBD452C2799A0C80056A557 /* ExUIButton.swift */; };
		8CBD452F2799A2C10056A557 /* WorkspaceListViewModel.swift in Sources */ = {isa = PBXBuildFile; fileRef = 8CBD452E2799A2C10056A557 /* WorkspaceListViewModel.swift */; };
		8CBD45322799AEFD0056A557 /* WorkspaceListCell.swift in Sources */ = {isa = PBXBuildFile; fileRef = 8CBD45312799AEFD0056A557 /* WorkspaceListCell.swift */; };
		8CBD45342799B0E00056A557 /* WorkspaceListCellModel.swift in Sources */ = {isa = PBXBuildFile; fileRef = 8CBD45332799B0E00056A557 /* WorkspaceListCellModel.swift */; };
		8CBD4538279D3F350056A557 /* WorkspaceService.swift in Sources */ = {isa = PBXBuildFile; fileRef = 8CBD4537279D3F350056A557 /* WorkspaceService.swift */; };
		8CBD453E279D917D0056A557 /* Workspace.json in Resources */ = {isa = PBXBuildFile; fileRef = 8CBD453D279D917C0056A557 /* Workspace.json */; };
		8CBD4542279F047F0056A557 /* KeychainWrapper+keys.swift in Sources */ = {isa = PBXBuildFile; fileRef = 8CBD4541279F047F0056A557 /* KeychainWrapper+keys.swift */; };
		8CBD4544279F0CD50056A557 /* LogOutViewModel.swift in Sources */ = {isa = PBXBuildFile; fileRef = 8CBD4543279F0CD50056A557 /* LogOutViewModel.swift */; };
		8CBD454827A064A20056A557 /* PaginationAction.swift in Sources */ = {isa = PBXBuildFile; fileRef = 8CBD454727A064A20056A557 /* PaginationAction.swift */; };
		8CBD456C27A18E3A0056A557 /* SearchURLWorkspaceViewController.swift in Sources */ = {isa = PBXBuildFile; fileRef = 8CBD456B27A18E3A0056A557 /* SearchURLWorkspaceViewController.swift */; };
		8CBD456F27A18EDE0056A557 /* SearchURLWorkspaceVeiwModel.swift in Sources */ = {isa = PBXBuildFile; fileRef = 8CBD456E27A18EDE0056A557 /* SearchURLWorkspaceVeiwModel.swift */; };
		8CBD457527A22A2D0056A557 /* AppConstant.swift in Sources */ = {isa = PBXBuildFile; fileRef = 8CBD457427A22A2D0056A557 /* AppConstant.swift */; };
		8CBD457827A25E430056A557 /* MessageView.swift in Sources */ = {isa = PBXBuildFile; fileRef = 8CBD457727A25E430056A557 /* MessageView.swift */; };
		8CBD457A27A287460056A557 /* Ex+NotificationCenter.swift in Sources */ = {isa = PBXBuildFile; fileRef = 8CBD457927A287460056A557 /* Ex+NotificationCenter.swift */; };
		8CBD457C27A28A350056A557 /* MessagesCell.swift in Sources */ = {isa = PBXBuildFile; fileRef = 8CBD457B27A28A350056A557 /* MessagesCell.swift */; };
		8CBD457E27A28AEF0056A557 /* MessageKit.swift in Sources */ = {isa = PBXBuildFile; fileRef = 8CBD457D27A28AEF0056A557 /* MessageKit.swift */; };
		8CBD458B27A3E40B0056A557 /* DirectMessageListCellView.swift in Sources */ = {isa = PBXBuildFile; fileRef = 8CBD458A27A3E40B0056A557 /* DirectMessageListCellView.swift */; };
		8CBD458D27A3E42B0056A557 /* DirectMessageListViewModel.swift in Sources */ = {isa = PBXBuildFile; fileRef = 8CBD458C27A3E42B0056A557 /* DirectMessageListViewModel.swift */; };
		8CBD458F27A3E46B0056A557 /* DirectMessageListViewController.swift in Sources */ = {isa = PBXBuildFile; fileRef = 8CBD458E27A3E46B0056A557 /* DirectMessageListViewController.swift */; };
		8CBD459527A3E5600056A557 /* UserListCell.swift in Sources */ = {isa = PBXBuildFile; fileRef = 8CBD459427A3E55F0056A557 /* UserListCell.swift */; };
		8CBD459827A3E59B0056A557 /* UserListCellViewModel.swift in Sources */ = {isa = PBXBuildFile; fileRef = 8CBD459727A3E59B0056A557 /* UserListCellViewModel.swift */; };
		8CBD459A27A41B520056A557 /* MessageViewModel.swift in Sources */ = {isa = PBXBuildFile; fileRef = 8CBD459927A41B510056A557 /* MessageViewModel.swift */; };
		9E5ADB5C51058AF83477731C /* Pods_Snack.framework in Frameworks */ = {isa = PBXBuildFile; fileRef = 19B5C789142A2C6B28D343DE /* Pods_Snack.framework */; };
		EE3B36D910288C06FC5383FD /* Pods_Snack.framework in Frameworks */ = {isa = PBXBuildFile; fileRef = 5BD7615966730183AC1D70B3 /* Pods_Snack.framework */; };
/* End PBXBuildFile section */

/* Begin PBXFileReference section */
		0349F0237A28CF144982DE22 /* Pods-Snack.release.xcconfig */ = {isa = PBXFileReference; includeInIndex = 1; lastKnownFileType = text.xcconfig; name = "Pods-Snack.release.xcconfig"; path = "Target Support Files/Pods-Snack/Pods-Snack.release.xcconfig"; sourceTree = "<group>"; };
		19B5C789142A2C6B28D343DE /* Pods_Snack.framework */ = {isa = PBXFileReference; explicitFileType = wrapper.framework; includeInIndex = 0; path = Pods_Snack.framework; sourceTree = BUILT_PRODUCTS_DIR; };
		5BD7615966730183AC1D70B3 /* Pods_Snack.framework */ = {isa = PBXFileReference; explicitFileType = wrapper.framework; includeInIndex = 0; path = Pods_Snack.framework; sourceTree = BUILT_PRODUCTS_DIR; };
		8C19E409277BFE0C0086F374 /* RxSwiftPractice.playground */ = {isa = PBXFileReference; lastKnownFileType = file.playground; path = RxSwiftPractice.playground; sourceTree = "<group>"; xcLanguageSpecificationIdentifier = xcode.lang.swift; };
		8C19E4102786B35B0086F374 /* GoogleService-Info.plist */ = {isa = PBXFileReference; fileEncoding = 4; lastKnownFileType = text.plist.xml; path = "GoogleService-Info.plist"; sourceTree = "<group>"; };
		8C19E412278B23FB0086F374 /* Snack.entitlements */ = {isa = PBXFileReference; lastKnownFileType = text.plist.entitlements; path = Snack.entitlements; sourceTree = "<group>"; };
		8C33C4E4277BF06100294445 /* Snack.app */ = {isa = PBXFileReference; explicitFileType = wrapper.application; includeInIndex = 0; path = Snack.app; sourceTree = BUILT_PRODUCTS_DIR; };
		8C33C4E7277BF06100294445 /* AppDelegate.swift */ = {isa = PBXFileReference; lastKnownFileType = sourcecode.swift; path = AppDelegate.swift; sourceTree = "<group>"; };
		8C33C4E9277BF06100294445 /* SceneDelegate.swift */ = {isa = PBXFileReference; lastKnownFileType = sourcecode.swift; path = SceneDelegate.swift; sourceTree = "<group>"; };
		8C33C4F0277BF06200294445 /* Assets.xcassets */ = {isa = PBXFileReference; lastKnownFileType = folder.assetcatalog; path = Assets.xcassets; sourceTree = "<group>"; };
		8C33C4F3277BF06200294445 /* Base */ = {isa = PBXFileReference; lastKnownFileType = file.storyboard; name = Base; path = Base.lproj/LaunchScreen.storyboard; sourceTree = "<group>"; };
		8C33C4F5277BF06200294445 /* Info.plist */ = {isa = PBXFileReference; lastKnownFileType = text.plist.xml; path = Info.plist; sourceTree = "<group>"; };
		8C68AABB278ED64E00C1711E /* NotoSansKR-Bold.otf */ = {isa = PBXFileReference; lastKnownFileType = file; path = "NotoSansKR-Bold.otf"; sourceTree = "<group>"; };
		8C68AABC278ED64E00C1711E /* NotoSansKR-Regular.otf */ = {isa = PBXFileReference; lastKnownFileType = file; path = "NotoSansKR-Regular.otf"; sourceTree = "<group>"; };
		8C68AAC227909BC200C1711E /* LoginViewController.swift */ = {isa = PBXFileReference; lastKnownFileType = sourcecode.swift; path = LoginViewController.swift; sourceTree = "<group>"; };
		8C68AAC427909BD000C1711E /* LoginViewModel.swift */ = {isa = PBXFileReference; lastKnownFileType = sourcecode.swift; path = LoginViewModel.swift; sourceTree = "<group>"; };
		8C68AAC82791166F00C1711E /* ViewModelProtocol.swift */ = {isa = PBXFileReference; lastKnownFileType = sourcecode.swift; path = ViewModelProtocol.swift; sourceTree = "<group>"; };
		8C68AACA279117FA00C1711E /* User.swift */ = {isa = PBXFileReference; lastKnownFileType = sourcecode.swift; path = User.swift; sourceTree = "<group>"; };
		8C68AACC2791186400C1711E /* Credentials.swift */ = {isa = PBXFileReference; lastKnownFileType = sourcecode.swift; path = Credentials.swift; sourceTree = "<group>"; };
		8C68AACF27911A1000C1711E /* LoginService.swift */ = {isa = PBXFileReference; lastKnownFileType = sourcecode.swift; path = LoginService.swift; sourceTree = "<group>"; };
		8C68AAD227911AD700C1711E /* ExObservable.swift */ = {isa = PBXFileReference; lastKnownFileType = sourcecode.swift; path = ExObservable.swift; sourceTree = "<group>"; };
		8C68AAD62791AF1100C1711E /* RegisterViewController.swift */ = {isa = PBXFileReference; lastKnownFileType = sourcecode.swift; path = RegisterViewController.swift; sourceTree = "<group>"; };
		8C68AAD82791AF3300C1711E /* RegisterViewModel.swift */ = {isa = PBXFileReference; lastKnownFileType = sourcecode.swift; path = RegisterViewModel.swift; sourceTree = "<group>"; };
		8C68AADA2791B57100C1711E /* RegisterService.swift */ = {isa = PBXFileReference; lastKnownFileType = sourcecode.swift; path = RegisterService.swift; sourceTree = "<group>"; };
		8C68AAE0279526C600C1711E /* HomeViewController.swift */ = {isa = PBXFileReference; lastKnownFileType = sourcecode.swift; path = HomeViewController.swift; sourceTree = "<group>"; };
		8C68AAE2279526CF00C1711E /* HomeViewModel.swift */ = {isa = PBXFileReference; lastKnownFileType = sourcecode.swift; path = HomeViewModel.swift; sourceTree = "<group>"; };
		8C68AAEF27952F6500C1711E /* NavigationController.swift */ = {isa = PBXFileReference; lastKnownFileType = sourcecode.swift; path = NavigationController.swift; sourceTree = "<group>"; };
		8C68AAF227953A8A00C1711E /* ChannelObject.swift */ = {isa = PBXFileReference; lastKnownFileType = sourcecode.swift; path = ChannelObject.swift; sourceTree = "<group>"; };
		8C68AAFC27954FCB00C1711E /* ChannelCell.swift */ = {isa = PBXFileReference; lastKnownFileType = sourcecode.swift; path = ChannelCell.swift; sourceTree = "<group>"; };
		8C68AAFE27954FD200C1711E /* ChannelCellViewModel.swift */ = {isa = PBXFileReference; lastKnownFileType = sourcecode.swift; path = ChannelCellViewModel.swift; sourceTree = "<group>"; };
		8C68AB032795545900C1711E /* Channel.json */ = {isa = PBXFileReference; lastKnownFileType = text.json; path = Channel.json; sourceTree = "<group>"; };
		8C68AB052795754900C1711E /* ChatsSection.swift */ = {isa = PBXFileReference; lastKnownFileType = sourcecode.swift; path = ChatsSection.swift; sourceTree = "<group>"; };
		8C68AB0727957ADD00C1711E /* ExDateFormatter.swift */ = {isa = PBXFileReference; lastKnownFileType = sourcecode.swift; path = ExDateFormatter.swift; sourceTree = "<group>"; };
		8C68AB0B2795AA4100C1711E /* User.json */ = {isa = PBXFileReference; lastKnownFileType = text.json; path = User.json; sourceTree = "<group>"; };
		8C68AB0D2795AB6200C1711E /* DirectMessageObject.swift */ = {isa = PBXFileReference; lastKnownFileType = sourcecode.swift; path = DirectMessageObject.swift; sourceTree = "<group>"; };
		8C68AB1427969D1200C1711E /* NetworkResult.swift */ = {isa = PBXFileReference; lastKnownFileType = sourcecode.swift; path = NetworkResult.swift; sourceTree = "<group>"; };
		8C68AB162796A03E00C1711E /* APIConstants.swift */ = {isa = PBXFileReference; lastKnownFileType = sourcecode.swift; path = APIConstants.swift; sourceTree = "<group>"; };
		8C68AB192796E70C00C1711E /* WorkspaceListViewController.swift */ = {isa = PBXFileReference; lastKnownFileType = sourcecode.swift; path = WorkspaceListViewController.swift; sourceTree = "<group>"; };
		8C68AB1D27970A3200C1711E /* EditProfileView.swift */ = {isa = PBXFileReference; lastKnownFileType = sourcecode.swift; path = EditProfileView.swift; sourceTree = "<group>"; };
		8C68AB2C2797F5E400C1711E /* SettingsViewController.swift */ = {isa = PBXFileReference; lastKnownFileType = sourcecode.swift; path = SettingsViewController.swift; sourceTree = "<group>"; };
		8C68AB2E2797F62D00C1711E /* SettingsView.xib */ = {isa = PBXFileReference; fileEncoding = 4; lastKnownFileType = file.xib; path = SettingsView.xib; sourceTree = "<group>"; };
		8C953BD2278E90F200D5677E /* WelcomeViewController.swift */ = {isa = PBXFileReference; lastKnownFileType = sourcecode.swift; path = WelcomeViewController.swift; sourceTree = "<group>"; };
		8CBD452C2799A0C80056A557 /* ExUIButton.swift */ = {isa = PBXFileReference; lastKnownFileType = sourcecode.swift; path = ExUIButton.swift; sourceTree = "<group>"; };
		8CBD452E2799A2C10056A557 /* WorkspaceListViewModel.swift */ = {isa = PBXFileReference; lastKnownFileType = sourcecode.swift; path = WorkspaceListViewModel.swift; sourceTree = "<group>"; };
		8CBD45312799AEFD0056A557 /* WorkspaceListCell.swift */ = {isa = PBXFileReference; lastKnownFileType = sourcecode.swift; path = WorkspaceListCell.swift; sourceTree = "<group>"; };
		8CBD45332799B0E00056A557 /* WorkspaceListCellModel.swift */ = {isa = PBXFileReference; lastKnownFileType = sourcecode.swift; path = WorkspaceListCellModel.swift; sourceTree = "<group>"; };
		8CBD4537279D3F350056A557 /* WorkspaceService.swift */ = {isa = PBXFileReference; lastKnownFileType = sourcecode.swift; path = WorkspaceService.swift; sourceTree = "<group>"; };
		8CBD453D279D917C0056A557 /* Workspace.json */ = {isa = PBXFileReference; lastKnownFileType = text.json; path = Workspace.json; sourceTree = "<group>"; };
		8CBD4541279F047F0056A557 /* KeychainWrapper+keys.swift */ = {isa = PBXFileReference; lastKnownFileType = sourcecode.swift; path = "KeychainWrapper+keys.swift"; sourceTree = "<group>"; };
		8CBD4543279F0CD50056A557 /* LogOutViewModel.swift */ = {isa = PBXFileReference; lastKnownFileType = sourcecode.swift; path = LogOutViewModel.swift; sourceTree = "<group>"; };
		8CBD454727A064A20056A557 /* PaginationAction.swift */ = {isa = PBXFileReference; lastKnownFileType = sourcecode.swift; path = PaginationAction.swift; sourceTree = "<group>"; };
		8CBD456B27A18E3A0056A557 /* SearchURLWorkspaceViewController.swift */ = {isa = PBXFileReference; lastKnownFileType = sourcecode.swift; path = SearchURLWorkspaceViewController.swift; sourceTree = "<group>"; };
		8CBD456E27A18EDE0056A557 /* SearchURLWorkspaceVeiwModel.swift */ = {isa = PBXFileReference; lastKnownFileType = sourcecode.swift; path = SearchURLWorkspaceVeiwModel.swift; sourceTree = "<group>"; };
		8CBD457427A22A2D0056A557 /* AppConstant.swift */ = {isa = PBXFileReference; lastKnownFileType = sourcecode.swift; path = AppConstant.swift; sourceTree = "<group>"; };
		8CBD457727A25E430056A557 /* MessageView.swift */ = {isa = PBXFileReference; lastKnownFileType = sourcecode.swift; path = MessageView.swift; sourceTree = "<group>"; };
		8CBD457927A287460056A557 /* Ex+NotificationCenter.swift */ = {isa = PBXFileReference; lastKnownFileType = sourcecode.swift; path = "Ex+NotificationCenter.swift"; sourceTree = "<group>"; };
		8CBD457B27A28A350056A557 /* MessagesCell.swift */ = {isa = PBXFileReference; lastKnownFileType = sourcecode.swift; path = MessagesCell.swift; sourceTree = "<group>"; };
		8CBD457D27A28AEF0056A557 /* MessageKit.swift */ = {isa = PBXFileReference; lastKnownFileType = sourcecode.swift; path = MessageKit.swift; sourceTree = "<group>"; };
		8CBD458A27A3E40B0056A557 /* DirectMessageListCellView.swift */ = {isa = PBXFileReference; lastKnownFileType = sourcecode.swift; path = DirectMessageListCellView.swift; sourceTree = "<group>"; };
		8CBD458C27A3E42B0056A557 /* DirectMessageListViewModel.swift */ = {isa = PBXFileReference; lastKnownFileType = sourcecode.swift; path = DirectMessageListViewModel.swift; sourceTree = "<group>"; };
		8CBD458E27A3E46B0056A557 /* DirectMessageListViewController.swift */ = {isa = PBXFileReference; lastKnownFileType = sourcecode.swift; path = DirectMessageListViewController.swift; sourceTree = "<group>"; };
		8CBD459427A3E55F0056A557 /* UserListCell.swift */ = {isa = PBXFileReference; lastKnownFileType = sourcecode.swift; path = UserListCell.swift; sourceTree = "<group>"; };
		8CBD459727A3E59B0056A557 /* UserListCellViewModel.swift */ = {isa = PBXFileReference; lastKnownFileType = sourcecode.swift; path = UserListCellViewModel.swift; sourceTree = "<group>"; };
		8CBD459927A41B510056A557 /* MessageViewModel.swift */ = {isa = PBXFileReference; lastKnownFileType = sourcecode.swift; path = MessageViewModel.swift; sourceTree = "<group>"; };
		F19F7FAD89A199A756B7E6F1 /* Pods-Snack.debug.xcconfig */ = {isa = PBXFileReference; includeInIndex = 1; lastKnownFileType = text.xcconfig; name = "Pods-Snack.debug.xcconfig"; path = "Target Support Files/Pods-Snack/Pods-Snack.debug.xcconfig"; sourceTree = "<group>"; };
/* End PBXFileReference section */

/* Begin PBXFrameworksBuildPhase section */
		8C33C4E1277BF06100294445 /* Frameworks */ = {
			isa = PBXFrameworksBuildPhase;
			buildActionMask = 2147483647;
			files = (
				EE3B36D910288C06FC5383FD /* Pods_Snack.framework in Frameworks */,
				9E5ADB5C51058AF83477731C /* Pods_Snack.framework in Frameworks */,
			);
			runOnlyForDeploymentPostprocessing = 0;
		};
/* End PBXFrameworksBuildPhase section */

/* Begin PBXGroup section */
		54B4FB4FC8E8D90CE071B671 /* Frameworks */ = {
			isa = PBXGroup;
			children = (
				19B5C789142A2C6B28D343DE /* Pods_Snack.framework */,
			);
			name = Frameworks;
			sourceTree = "<group>";
		};
		8C19E415278B31410086F374 /* Model */ = {
			isa = PBXGroup;
			children = (
				8C68AAF1279539F700C1711E /* Entity */,
				8CBD454A27A064FA0056A557 /* Section */,
				8CBD454927A064C70056A557 /* Data */,
			);
			path = Model;
			sourceTree = "<group>";
		};
		8C33C4DB277BF06100294445 = {
			isa = PBXGroup;
			children = (
				8C19E409277BFE0C0086F374 /* RxSwiftPractice.playground */,
				8C33C4E6277BF06100294445 /* Snack */,
				8C33C4E5277BF06100294445 /* Products */,
				B2B4A968D3E00D2B1E6F53BC /* Pods */,
				54B4FB4FC8E8D90CE071B671 /* Frameworks */,
			);
			sourceTree = "<group>";
		};
		8C33C4E5277BF06100294445 /* Products */ = {
			isa = PBXGroup;
			children = (
				8C33C4E4277BF06100294445 /* Snack.app */,
			);
			name = Products;
			sourceTree = "<group>";
		};
		8C33C4E6277BF06100294445 /* Snack */ = {
			isa = PBXGroup;
			children = (
				8C19E412278B23FB0086F374 /* Snack.entitlements */,
				8C33C4E7277BF06100294445 /* AppDelegate.swift */,
				8CBD457427A22A2D0056A557 /* AppConstant.swift */,
				8C33C4E9277BF06100294445 /* SceneDelegate.swift */,
				8C68AAB1278ECFA100C1711E /* Resources */,
				8C68AAD127911ABC00C1711E /* Extensions */,
				8C68AACE279119D700C1711E /* Network */,
				8C19E415278B31410086F374 /* Model */,
				8C845299278C272C001A81FD /* ViewControllers */,
				8C68AAEE27952F5600C1711E /* Other */,
				8C33C4F0277BF06200294445 /* Assets.xcassets */,
				8C33C4F2277BF06200294445 /* LaunchScreen.storyboard */,
				8C33C4F5277BF06200294445 /* Info.plist */,
				8C19E4102786B35B0086F374 /* GoogleService-Info.plist */,
			);
			path = Snack;
			sourceTree = "<group>";
		};
		8C68AAB1278ECFA100C1711E /* Resources */ = {
			isa = PBXGroup;
			children = (
				8C68AB0F2795ABF000C1711E /* Mock */,
				8C68AAB2278ECFAB00C1711E /* Fonts */,
			);
			path = Resources;
			sourceTree = "<group>";
		};
		8C68AAB2278ECFAB00C1711E /* Fonts */ = {
			isa = PBXGroup;
			children = (
				8C68AABB278ED64E00C1711E /* NotoSansKR-Bold.otf */,
				8C68AABC278ED64E00C1711E /* NotoSansKR-Regular.otf */,
			);
			path = Fonts;
			sourceTree = "<group>";
		};
		8C68AABF279093B600C1711E /* WelcomeView */ = {
			isa = PBXGroup;
			children = (
				8C68AAC1279093F300C1711E /* LoginEmail */,
				8C68AAC0279093ED00C1711E /* RegisterEmail */,
				8C953BD2278E90F200D5677E /* WelcomeViewController.swift */,
			);
			path = WelcomeView;
			sourceTree = "<group>";
		};
		8C68AAC0279093ED00C1711E /* RegisterEmail */ = {
			isa = PBXGroup;
			children = (
				8C68AAD62791AF1100C1711E /* RegisterViewController.swift */,
				8C68AAD82791AF3300C1711E /* RegisterViewModel.swift */,
			);
			name = RegisterEmail;
			sourceTree = "<group>";
		};
		8C68AAC1279093F300C1711E /* LoginEmail */ = {
			isa = PBXGroup;
			children = (
				8C68AAC227909BC200C1711E /* LoginViewController.swift */,
				8C68AAC427909BD000C1711E /* LoginViewModel.swift */,
			);
			path = LoginEmail;
			sourceTree = "<group>";
		};
		8C68AAC62791163900C1711E /* Protocols */ = {
			isa = PBXGroup;
			children = (
				8C68AAC82791166F00C1711E /* ViewModelProtocol.swift */,
			);
			path = Protocols;
			sourceTree = "<group>";
		};
		8C68AACE279119D700C1711E /* Network */ = {
			isa = PBXGroup;
			children = (
				8C68AAC62791163900C1711E /* Protocols */,
				8C68AACF27911A1000C1711E /* LoginService.swift */,
				8C68AADA2791B57100C1711E /* RegisterService.swift */,
				8CBD4537279D3F350056A557 /* WorkspaceService.swift */,
				8C68AB1427969D1200C1711E /* NetworkResult.swift */,
				8C68AB162796A03E00C1711E /* APIConstants.swift */,
			);
			path = Network;
			sourceTree = "<group>";
		};
		8C68AAD127911ABC00C1711E /* Extensions */ = {
			isa = PBXGroup;
			children = (
				8C68AAD227911AD700C1711E /* ExObservable.swift */,
				8CBD457927A287460056A557 /* Ex+NotificationCenter.swift */,
				8CBD452C2799A0C80056A557 /* ExUIButton.swift */,
				8C68AB0727957ADD00C1711E /* ExDateFormatter.swift */,
				8CBD4541279F047F0056A557 /* KeychainWrapper+keys.swift */,
			);
			path = Extensions;
			sourceTree = "<group>";
		};
		8C68AADC279524EB00C1711E /* HomeView */ = {
			isa = PBXGroup;
			children = (
				8C68AADD2795269100C1711E /* Tabs */,
			);
			path = HomeView;
			sourceTree = "<group>";
		};
		8C68AADD2795269100C1711E /* Tabs */ = {
			isa = PBXGroup;
			children = (
				8C68AAE5279526E800C1711E /* Home */,
				8CBD458727A3E2E20056A557 /* DirectMessage */,
				8CBD459227A3E4A10056A557 /* Notice */,
				8CBD459327A3E4A90056A557 /* Search */,
				8C68AAE92795281D00C1711E /* Settings */,
			);
			path = Tabs;
			sourceTree = "<group>";
		};
		8C68AAE5279526E800C1711E /* Home */ = {
			isa = PBXGroup;
			children = (
				8C68AAF727954F7000C1711E /* ChannelListCell */,
				8CBD459627A3E5650056A557 /* UserListCell */,
				8C68AAE0279526C600C1711E /* HomeViewController.swift */,
				8C68AAE2279526CF00C1711E /* HomeViewModel.swift */,
			);
			path = Home;
			sourceTree = "<group>";
		};
		8C68AAE92795281D00C1711E /* Settings */ = {
			isa = PBXGroup;
			children = (
				8C68AB1F27970A3600C1711E /* EditProfile */,
				8C68AB2C2797F5E400C1711E /* SettingsViewController.swift */,
				8C68AB2E2797F62D00C1711E /* SettingsView.xib */,
			);
			path = Settings;
			sourceTree = "<group>";
		};
		8C68AAEE27952F5600C1711E /* Other */ = {
			isa = PBXGroup;
			children = (
				8C68AAEF27952F6500C1711E /* NavigationController.swift */,
				8CBD45B427A6C9670056A557 /* ImagePicker.swift */,
			);
			path = Other;
			sourceTree = "<group>";
		};
		8C68AAF1279539F700C1711E /* Entity */ = {
			isa = PBXGroup;
			children = (
				8C68AAF227953A8A00C1711E /* ChannelObject.swift */,
				8C68AB0D2795AB6200C1711E /* DirectMessageObject.swift */,
				8CBD45332799B0E00056A557 /* WorkspaceListCellModel.swift */,
				8C68AACA279117FA00C1711E /* User.swift */,
			);
			path = Entity;
			sourceTree = "<group>";
		};
		8C68AAF727954F7000C1711E /* ChannelListCell */ = {
			isa = PBXGroup;
			children = (
				8C68AAFC27954FCB00C1711E /* ChannelCell.swift */,
				8C68AAFE27954FD200C1711E /* ChannelCellViewModel.swift */,
			);
			path = ChannelListCell;
			sourceTree = "<group>";
		};
		8C68AB0F2795ABF000C1711E /* Mock */ = {
			isa = PBXGroup;
			children = (
				8C68AB032795545900C1711E /* Channel.json */,
				8C68AB0B2795AA4100C1711E /* User.json */,
				8CBD453D279D917C0056A557 /* Workspace.json */,
			);
			path = Mock;
			sourceTree = "<group>";
		};
		8C68AB182796E67200C1711E /* WorkspaceListView */ = {
			isa = PBXGroup;
			children = (
				8CBD456D27A18E3F0056A557 /* SearchURLWorkspace */,
				8C68AB192796E70C00C1711E /* WorkspaceListViewController.swift */,
				8CBD452E2799A2C10056A557 /* WorkspaceListViewModel.swift */,
				8CBD45312799AEFD0056A557 /* WorkspaceListCell.swift */,
			);
			path = WorkspaceListView;
			sourceTree = "<group>";
		};
		8C68AB1F27970A3600C1711E /* EditProfile */ = {
			isa = PBXGroup;
			children = (
				8C68AB1D27970A3200C1711E /* EditProfileView.swift */,
			);
			path = EditProfile;
			sourceTree = "<group>";
		};
		8C845299278C272C001A81FD /* ViewControllers */ = {
			isa = PBXGroup;
			children = (
				8C68AABF279093B600C1711E /* WelcomeView */,
				8C68AB182796E67200C1711E /* WorkspaceListView */,
				8C68AADC279524EB00C1711E /* HomeView */,
				8CBD457627A25D9A0056A557 /* Chat */,
			);
			path = ViewControllers;
			sourceTree = "<group>";
		};
		8CBD454927A064C70056A557 /* Data */ = {
			isa = PBXGroup;
			children = (
				8CBD4543279F0CD50056A557 /* LogOutViewModel.swift */,
				8C68AACC2791186400C1711E /* Credentials.swift */,
				8CBD454727A064A20056A557 /* PaginationAction.swift */,
			);
			name = Data;
			sourceTree = "<group>";
		};
		8CBD454A27A064FA0056A557 /* Section */ = {
			isa = PBXGroup;
			children = (
				8C68AB052795754900C1711E /* ChatsSection.swift */,
			);
			path = Section;
			sourceTree = "<group>";
		};
		8CBD456D27A18E3F0056A557 /* SearchURLWorkspace */ = {
			isa = PBXGroup;
			children = (
				8CBD456B27A18E3A0056A557 /* SearchURLWorkspaceViewController.swift */,
				8CBD456E27A18EDE0056A557 /* SearchURLWorkspaceVeiwModel.swift */,
			);
			path = SearchURLWorkspace;
			sourceTree = "<group>";
		};
		8CBD457627A25D9A0056A557 /* Chat */ = {
			isa = PBXGroup;
			children = (
				8CBD459B27A5294F0056A557 /* Cells */,
				8CBD457727A25E430056A557 /* MessageView.swift */,
				8CBD459927A41B510056A557 /* MessageViewModel.swift */,
				8CBD457D27A28AEF0056A557 /* MessageKit.swift */,
			);
			path = Chat;
			sourceTree = "<group>";
		};
		8CBD458727A3E2E20056A557 /* DirectMessage */ = {
			isa = PBXGroup;
			children = (
				8CBD458E27A3E46B0056A557 /* DirectMessageListViewController.swift */,
				8CBD458C27A3E42B0056A557 /* DirectMessageListViewModel.swift */,
				8CBD458A27A3E40B0056A557 /* DirectMessageListCellView.swift */,
			);
			path = DirectMessage;
			sourceTree = "<group>";
		};
		8CBD459227A3E4A10056A557 /* Notice */ = {
			isa = PBXGroup;
			children = (
			);
			path = Notice;
			sourceTree = "<group>";
		};
		8CBD459327A3E4A90056A557 /* Search */ = {
			isa = PBXGroup;
			children = (
			);
			path = Search;
			sourceTree = "<group>";
		};
		8CBD459627A3E5650056A557 /* UserListCell */ = {
			isa = PBXGroup;
			children = (
				8CBD459427A3E55F0056A557 /* UserListCell.swift */,
				8CBD459727A3E59B0056A557 /* UserListCellViewModel.swift */,
			);
			path = UserListCell;
			sourceTree = "<group>";
		};
		8CBD459B27A5294F0056A557 /* Cells */ = {
			isa = PBXGroup;
			children = (
				8CBD457B27A28A350056A557 /* MessagesCell.swift */,
			);
			path = Cells;
			sourceTree = "<group>";
		};
		A552636F1460E7A24E654777 /* Frameworks */ = {
			isa = PBXGroup;
			children = (
				5BD7615966730183AC1D70B3 /* Pods_Snack.framework */,
			);
			name = Frameworks;
			path = ..;
			sourceTree = "<group>";
		};
		B2B4A968D3E00D2B1E6F53BC /* Pods */ = {
			isa = PBXGroup;
			children = (
				A552636F1460E7A24E654777 /* Frameworks */,
				F19F7FAD89A199A756B7E6F1 /* Pods-Snack.debug.xcconfig */,
				0349F0237A28CF144982DE22 /* Pods-Snack.release.xcconfig */,
			);
			path = Pods;
			sourceTree = "<group>";
		};
/* End PBXGroup section */

/* Begin PBXNativeTarget section */
		8C33C4E3277BF06100294445 /* Snack */ = {
			isa = PBXNativeTarget;
			buildConfigurationList = 8C33C4F8277BF06200294445 /* Build configuration list for PBXNativeTarget "Snack" */;
			buildPhases = (
				412BEEC950C8C52910D283F6 /* [CP] Check Pods Manifest.lock */,
				8C33C4E0277BF06100294445 /* Sources */,
				8C33C4E1277BF06100294445 /* Frameworks */,
				8C33C4E2277BF06100294445 /* Resources */,
				2EA5AE1B82DFB454467AECD8 /* [CP] Embed Pods Frameworks */,
			);
			buildRules = (
			);
			dependencies = (
			);
			name = Snack;
			productName = Snack;
			productReference = 8C33C4E4277BF06100294445 /* Snack.app */;
			productType = "com.apple.product-type.application";
		};
/* End PBXNativeTarget section */

/* Begin PBXProject section */
		8C33C4DC277BF06100294445 /* Project object */ = {
			isa = PBXProject;
			attributes = {
				BuildIndependentTargetsInParallel = 1;
				LastSwiftUpdateCheck = 1320;
				LastUpgradeCheck = 1320;
				TargetAttributes = {
					8C33C4E3277BF06100294445 = {
						CreatedOnToolsVersion = 13.2.1;
					};
				};
			};
			buildConfigurationList = 8C33C4DF277BF06100294445 /* Build configuration list for PBXProject "Snack" */;
			compatibilityVersion = "Xcode 13.0";
			developmentRegion = en;
			hasScannedForEncodings = 0;
			knownRegions = (
				en,
				Base,
			);
			mainGroup = 8C33C4DB277BF06100294445;
			productRefGroup = 8C33C4E5277BF06100294445 /* Products */;
			projectDirPath = "";
			projectRoot = "";
			targets = (
				8C33C4E3277BF06100294445 /* Snack */,
			);
		};
/* End PBXProject section */

/* Begin PBXResourcesBuildPhase section */
		8C33C4E2277BF06100294445 /* Resources */ = {
			isa = PBXResourcesBuildPhase;
			buildActionMask = 2147483647;
			files = (
				8C33C4F4277BF06200294445 /* LaunchScreen.storyboard in Resources */,
				8C33C4F1277BF06200294445 /* Assets.xcassets in Resources */,
				8C68AB042795545900C1711E /* Channel.json in Resources */,
				8C68AB0C2795AA4100C1711E /* User.json in Resources */,
				8C68AABD278ED9BF00C1711E /* NotoSansKR-Regular.otf in Resources */,
				8C68AB2F2797F62D00C1711E /* SettingsView.xib in Resources */,
				8C19E4112786B35B0086F374 /* GoogleService-Info.plist in Resources */,
				8CBD453E279D917D0056A557 /* Workspace.json in Resources */,
				8C68AABE278ED9C100C1711E /* NotoSansKR-Bold.otf in Resources */,
			);
			runOnlyForDeploymentPostprocessing = 0;
		};
/* End PBXResourcesBuildPhase section */

/* Begin PBXShellScriptBuildPhase section */
		2EA5AE1B82DFB454467AECD8 /* [CP] Embed Pods Frameworks */ = {
			isa = PBXShellScriptBuildPhase;
			buildActionMask = 2147483647;
			files = (
			);
			inputFileListPaths = (
				"${PODS_ROOT}/Target Support Files/Pods-Snack/Pods-Snack-frameworks-${CONFIGURATION}-input-files.xcfilelist",
			);
			name = "[CP] Embed Pods Frameworks";
			outputFileListPaths = (
				"${PODS_ROOT}/Target Support Files/Pods-Snack/Pods-Snack-frameworks-${CONFIGURATION}-output-files.xcfilelist",
			);
			runOnlyForDeploymentPostprocessing = 0;
			shellPath = /bin/sh;
			shellScript = "\"${PODS_ROOT}/Target Support Files/Pods-Snack/Pods-Snack-frameworks.sh\"\n";
			showEnvVarsInLog = 0;
		};
		412BEEC950C8C52910D283F6 /* [CP] Check Pods Manifest.lock */ = {
			isa = PBXShellScriptBuildPhase;
			buildActionMask = 2147483647;
			files = (
			);
			inputFileListPaths = (
			);
			inputPaths = (
				"${PODS_PODFILE_DIR_PATH}/Podfile.lock",
				"${PODS_ROOT}/Manifest.lock",
			);
			name = "[CP] Check Pods Manifest.lock";
			outputFileListPaths = (
			);
			outputPaths = (
				"$(DERIVED_FILE_DIR)/Pods-Snack-checkManifestLockResult.txt",
			);
			runOnlyForDeploymentPostprocessing = 0;
			shellPath = /bin/sh;
			shellScript = "diff \"${PODS_PODFILE_DIR_PATH}/Podfile.lock\" \"${PODS_ROOT}/Manifest.lock\" > /dev/null\nif [ $? != 0 ] ; then\n    # print error to STDERR\n    echo \"error: The sandbox is not in sync with the Podfile.lock. Run 'pod install' or update your CocoaPods installation.\" >&2\n    exit 1\nfi\n# This output is used by Xcode 'outputs' to avoid re-running this script phase.\necho \"SUCCESS\" > \"${SCRIPT_OUTPUT_FILE_0}\"\n";
			showEnvVarsInLog = 0;
		};
/* End PBXShellScriptBuildPhase section */

/* Begin PBXSourcesBuildPhase section */
		8C33C4E0277BF06100294445 /* Sources */ = {
			isa = PBXSourcesBuildPhase;
			buildActionMask = 2147483647;
			files = (
				8C68AAE3279526CF00C1711E /* HomeViewModel.swift in Sources */,
				8C68AB0827957ADD00C1711E /* ExDateFormatter.swift in Sources */,
				8C953BD3278E90F200D5677E /* WelcomeViewController.swift in Sources */,
				8CBD457827A25E430056A557 /* MessageView.swift in Sources */,
				8C68AB1527969D1200C1711E /* NetworkResult.swift in Sources */,
				8C68AAFD27954FCB00C1711E /* ChannelCell.swift in Sources */,
				8CBD452D2799A0C80056A557 /* ExUIButton.swift in Sources */,
				8C68AB1A2796E70C00C1711E /* WorkspaceListViewController.swift in Sources */,
				8C68AAD72791AF1100C1711E /* RegisterViewController.swift in Sources */,
				8CBD4542279F047F0056A557 /* KeychainWrapper+keys.swift in Sources */,
				8CBD454827A064A20056A557 /* PaginationAction.swift in Sources */,
				8C68AAC527909BD000C1711E /* LoginViewModel.swift in Sources */,
				8CBD456F27A18EDE0056A557 /* SearchURLWorkspaceVeiwModel.swift in Sources */,
				8C68AB172796A03E00C1711E /* APIConstants.swift in Sources */,
				8C68AACD2791186400C1711E /* Credentials.swift in Sources */,
				8CBD459827A3E59B0056A557 /* UserListCellViewModel.swift in Sources */,
				8CBD4538279D3F350056A557 /* WorkspaceService.swift in Sources */,
				8CBD459527A3E5600056A557 /* UserListCell.swift in Sources */,
				8CBD458B27A3E40B0056A557 /* DirectMessageListCellView.swift in Sources */,
				8C68AAE1279526C600C1711E /* HomeViewController.swift in Sources */,
				8C68AB1E27970A3200C1711E /* EditProfileView.swift in Sources */,
				8C68AADB2791B57100C1711E /* RegisterService.swift in Sources */,
				8CBD458D27A3E42B0056A557 /* DirectMessageListViewModel.swift in Sources */,
				8C68AAC92791166F00C1711E /* ViewModelProtocol.swift in Sources */,
				8C68AAD027911A1000C1711E /* LoginService.swift in Sources */,
				8C33C4E8277BF06100294445 /* AppDelegate.swift in Sources */,
				8CBD458F27A3E46B0056A557 /* DirectMessageListViewController.swift in Sources */,
				8C68AB062795754900C1711E /* ChatsSection.swift in Sources */,
				8CBD457E27A28AEF0056A557 /* MessageKit.swift in Sources */,
				8C68AAD92791AF3300C1711E /* RegisterViewModel.swift in Sources */,
				8C68AAC327909BC200C1711E /* LoginViewController.swift in Sources */,
				8CBD4544279F0CD50056A557 /* LogOutViewModel.swift in Sources */,
				8C68AB2D2797F5E400C1711E /* ProfileViewController.swift in Sources */,
				8C68AAF027952F6500C1711E /* NavigationController.swift in Sources */,
				8CBD459A27A41B520056A557 /* MessageViewModel.swift in Sources */,
				8CBD45322799AEFD0056A557 /* WorkspaceListCell.swift in Sources */,
				8CBD452F2799A2C10056A557 /* WorkspaceListViewModel.swift in Sources */,
				8CBD45342799B0E00056A557 /* WorkspaceListCellModel.swift in Sources */,
				8CBD457527A22A2D0056A557 /* AppConstant.swift in Sources */,
				8C68AAFF27954FD200C1711E /* ChannelCellViewModel.swift in Sources */,
				8CBD457A27A287460056A557 /* Ex+NotificationCenter.swift in Sources */,
				8CBD457C27A28A350056A557 /* MessagesCell.swift in Sources */,
				8C68AAD327911AD700C1711E /* ExObservable.swift in Sources */,
				8C33C4EA277BF06100294445 /* SceneDelegate.swift in Sources */,
				8CBD456C27A18E3A0056A557 /* SearchURLWorkspaceViewController.swift in Sources */,
				8C68AB0E2795AB6200C1711E /* DirectMessageObject.swift in Sources */,
				8C68AACB279117FA00C1711E /* User.swift in Sources */,
				8C68AAF327953A8A00C1711E /* ChannelObject.swift in Sources */,
			);
			runOnlyForDeploymentPostprocessing = 0;
		};
/* End PBXSourcesBuildPhase section */

/* Begin PBXVariantGroup section */
		8C33C4F2277BF06200294445 /* LaunchScreen.storyboard */ = {
			isa = PBXVariantGroup;
			children = (
				8C33C4F3277BF06200294445 /* Base */,
			);
			name = LaunchScreen.storyboard;
			sourceTree = "<group>";
		};
/* End PBXVariantGroup section */

/* Begin XCBuildConfiguration section */
		8C33C4F6277BF06200294445 /* Debug */ = {
			isa = XCBuildConfiguration;
			buildSettings = {
				ALWAYS_SEARCH_USER_PATHS = NO;
				CLANG_ANALYZER_NONNULL = YES;
				CLANG_ANALYZER_NUMBER_OBJECT_CONVERSION = YES_AGGRESSIVE;
				CLANG_CXX_LANGUAGE_STANDARD = "gnu++17";
				CLANG_CXX_LIBRARY = "libc++";
				CLANG_ENABLE_MODULES = YES;
				CLANG_ENABLE_OBJC_ARC = YES;
				CLANG_ENABLE_OBJC_WEAK = YES;
				CLANG_WARN_BLOCK_CAPTURE_AUTORELEASING = YES;
				CLANG_WARN_BOOL_CONVERSION = YES;
				CLANG_WARN_COMMA = YES;
				CLANG_WARN_CONSTANT_CONVERSION = YES;
				CLANG_WARN_DEPRECATED_OBJC_IMPLEMENTATIONS = YES;
				CLANG_WARN_DIRECT_OBJC_ISA_USAGE = YES_ERROR;
				CLANG_WARN_DOCUMENTATION_COMMENTS = YES;
				CLANG_WARN_EMPTY_BODY = YES;
				CLANG_WARN_ENUM_CONVERSION = YES;
				CLANG_WARN_INFINITE_RECURSION = YES;
				CLANG_WARN_INT_CONVERSION = YES;
				CLANG_WARN_NON_LITERAL_NULL_CONVERSION = YES;
				CLANG_WARN_OBJC_IMPLICIT_RETAIN_SELF = YES;
				CLANG_WARN_OBJC_LITERAL_CONVERSION = YES;
				CLANG_WARN_OBJC_ROOT_CLASS = YES_ERROR;
				CLANG_WARN_QUOTED_INCLUDE_IN_FRAMEWORK_HEADER = YES;
				CLANG_WARN_RANGE_LOOP_ANALYSIS = YES;
				CLANG_WARN_STRICT_PROTOTYPES = YES;
				CLANG_WARN_SUSPICIOUS_MOVE = YES;
				CLANG_WARN_UNGUARDED_AVAILABILITY = YES_AGGRESSIVE;
				CLANG_WARN_UNREACHABLE_CODE = YES;
				CLANG_WARN__DUPLICATE_METHOD_MATCH = YES;
				COPY_PHASE_STRIP = NO;
				DEBUG_INFORMATION_FORMAT = dwarf;
				ENABLE_STRICT_OBJC_MSGSEND = YES;
				ENABLE_TESTABILITY = YES;
				GCC_C_LANGUAGE_STANDARD = gnu11;
				GCC_DYNAMIC_NO_PIC = NO;
				GCC_NO_COMMON_BLOCKS = YES;
				GCC_OPTIMIZATION_LEVEL = 0;
				GCC_PREPROCESSOR_DEFINITIONS = (
					"DEBUG=1",
					"$(inherited)",
				);
				GCC_WARN_64_TO_32_BIT_CONVERSION = YES;
				GCC_WARN_ABOUT_RETURN_TYPE = YES_ERROR;
				GCC_WARN_UNDECLARED_SELECTOR = YES;
				GCC_WARN_UNINITIALIZED_AUTOS = YES_AGGRESSIVE;
				GCC_WARN_UNUSED_FUNCTION = YES;
				GCC_WARN_UNUSED_VARIABLE = YES;
				IPHONEOS_DEPLOYMENT_TARGET = 14.0;
				MTL_ENABLE_DEBUG_INFO = INCLUDE_SOURCE;
				MTL_FAST_MATH = YES;
				ONLY_ACTIVE_ARCH = YES;
				SDKROOT = iphoneos;
				SWIFT_ACTIVE_COMPILATION_CONDITIONS = DEBUG;
				SWIFT_OPTIMIZATION_LEVEL = "-Onone";
			};
			name = Debug;
		};
		8C33C4F7277BF06200294445 /* Release */ = {
			isa = XCBuildConfiguration;
			buildSettings = {
				ALWAYS_SEARCH_USER_PATHS = NO;
				CLANG_ANALYZER_NONNULL = YES;
				CLANG_ANALYZER_NUMBER_OBJECT_CONVERSION = YES_AGGRESSIVE;
				CLANG_CXX_LANGUAGE_STANDARD = "gnu++17";
				CLANG_CXX_LIBRARY = "libc++";
				CLANG_ENABLE_MODULES = YES;
				CLANG_ENABLE_OBJC_ARC = YES;
				CLANG_ENABLE_OBJC_WEAK = YES;
				CLANG_WARN_BLOCK_CAPTURE_AUTORELEASING = YES;
				CLANG_WARN_BOOL_CONVERSION = YES;
				CLANG_WARN_COMMA = YES;
				CLANG_WARN_CONSTANT_CONVERSION = YES;
				CLANG_WARN_DEPRECATED_OBJC_IMPLEMENTATIONS = YES;
				CLANG_WARN_DIRECT_OBJC_ISA_USAGE = YES_ERROR;
				CLANG_WARN_DOCUMENTATION_COMMENTS = YES;
				CLANG_WARN_EMPTY_BODY = YES;
				CLANG_WARN_ENUM_CONVERSION = YES;
				CLANG_WARN_INFINITE_RECURSION = YES;
				CLANG_WARN_INT_CONVERSION = YES;
				CLANG_WARN_NON_LITERAL_NULL_CONVERSION = YES;
				CLANG_WARN_OBJC_IMPLICIT_RETAIN_SELF = YES;
				CLANG_WARN_OBJC_LITERAL_CONVERSION = YES;
				CLANG_WARN_OBJC_ROOT_CLASS = YES_ERROR;
				CLANG_WARN_QUOTED_INCLUDE_IN_FRAMEWORK_HEADER = YES;
				CLANG_WARN_RANGE_LOOP_ANALYSIS = YES;
				CLANG_WARN_STRICT_PROTOTYPES = YES;
				CLANG_WARN_SUSPICIOUS_MOVE = YES;
				CLANG_WARN_UNGUARDED_AVAILABILITY = YES_AGGRESSIVE;
				CLANG_WARN_UNREACHABLE_CODE = YES;
				CLANG_WARN__DUPLICATE_METHOD_MATCH = YES;
				COPY_PHASE_STRIP = NO;
				DEBUG_INFORMATION_FORMAT = "dwarf-with-dsym";
				ENABLE_NS_ASSERTIONS = NO;
				ENABLE_STRICT_OBJC_MSGSEND = YES;
				GCC_C_LANGUAGE_STANDARD = gnu11;
				GCC_NO_COMMON_BLOCKS = YES;
				GCC_WARN_64_TO_32_BIT_CONVERSION = YES;
				GCC_WARN_ABOUT_RETURN_TYPE = YES_ERROR;
				GCC_WARN_UNDECLARED_SELECTOR = YES;
				GCC_WARN_UNINITIALIZED_AUTOS = YES_AGGRESSIVE;
				GCC_WARN_UNUSED_FUNCTION = YES;
				GCC_WARN_UNUSED_VARIABLE = YES;
				IPHONEOS_DEPLOYMENT_TARGET = 14.0;
				MTL_ENABLE_DEBUG_INFO = NO;
				MTL_FAST_MATH = YES;
				SDKROOT = iphoneos;
				SWIFT_COMPILATION_MODE = wholemodule;
				SWIFT_OPTIMIZATION_LEVEL = "-O";
				VALIDATE_PRODUCT = YES;
			};
			name = Release;
		};
		8C33C4F9277BF06200294445 /* Debug */ = {
			isa = XCBuildConfiguration;
			baseConfigurationReference = F19F7FAD89A199A756B7E6F1 /* Pods-Snack.debug.xcconfig */;
			buildSettings = {
				ASSETCATALOG_COMPILER_APPICON_NAME = AppIcon;
				CODE_SIGN_ENTITLEMENTS = Snack/Snack.entitlements;
				CODE_SIGN_STYLE = Automatic;
				CURRENT_PROJECT_VERSION = 1;
				DEVELOPMENT_TEAM = SF6SBNPMLX;
				GENERATE_INFOPLIST_FILE = YES;
				INFOPLIST_FILE = Snack/Info.plist;
				INFOPLIST_KEY_UIApplicationSupportsIndirectInputEvents = YES;
				INFOPLIST_KEY_UILaunchStoryboardName = LaunchScreen;
				INFOPLIST_KEY_UISupportedInterfaceOrientations_iPad = "UIInterfaceOrientationPortrait UIInterfaceOrientationPortraitUpsideDown UIInterfaceOrientationLandscapeLeft UIInterfaceOrientationLandscapeRight";
				INFOPLIST_KEY_UISupportedInterfaceOrientations_iPhone = "UIInterfaceOrientationPortrait UIInterfaceOrientationLandscapeLeft UIInterfaceOrientationLandscapeRight";
				IPHONEOS_DEPLOYMENT_TARGET = 14.0;
				LD_RUNPATH_SEARCH_PATHS = (
					"$(inherited)",
					"@executable_path/Frameworks",
				);
				MARKETING_VERSION = 1.0;
				PRODUCT_BUNDLE_IDENTIFIER = "Geon-Hyeong-KIM.Snack";
				PRODUCT_NAME = "$(TARGET_NAME)";
				SWIFT_EMIT_LOC_STRINGS = YES;
				SWIFT_VERSION = 5.0;
				TARGETED_DEVICE_FAMILY = "1,2";
			};
			name = Debug;
		};
		8C33C4FA277BF06200294445 /* Release */ = {
			isa = XCBuildConfiguration;
			baseConfigurationReference = 0349F0237A28CF144982DE22 /* Pods-Snack.release.xcconfig */;
			buildSettings = {
				ASSETCATALOG_COMPILER_APPICON_NAME = AppIcon;
				CODE_SIGN_ENTITLEMENTS = Snack/Snack.entitlements;
				CODE_SIGN_STYLE = Automatic;
				CURRENT_PROJECT_VERSION = 1;
				DEVELOPMENT_TEAM = SF6SBNPMLX;
				GENERATE_INFOPLIST_FILE = YES;
				INFOPLIST_FILE = Snack/Info.plist;
				INFOPLIST_KEY_UIApplicationSupportsIndirectInputEvents = YES;
				INFOPLIST_KEY_UILaunchStoryboardName = LaunchScreen;
				INFOPLIST_KEY_UISupportedInterfaceOrientations_iPad = "UIInterfaceOrientationPortrait UIInterfaceOrientationPortraitUpsideDown UIInterfaceOrientationLandscapeLeft UIInterfaceOrientationLandscapeRight";
				INFOPLIST_KEY_UISupportedInterfaceOrientations_iPhone = "UIInterfaceOrientationPortrait UIInterfaceOrientationLandscapeLeft UIInterfaceOrientationLandscapeRight";
				IPHONEOS_DEPLOYMENT_TARGET = 14.0;
				LD_RUNPATH_SEARCH_PATHS = (
					"$(inherited)",
					"@executable_path/Frameworks",
				);
				MARKETING_VERSION = 1.0;
				PRODUCT_BUNDLE_IDENTIFIER = "Geon-Hyeong-KIM.Snack";
				PRODUCT_NAME = "$(TARGET_NAME)";
				SWIFT_EMIT_LOC_STRINGS = YES;
				SWIFT_VERSION = 5.0;
				TARGETED_DEVICE_FAMILY = "1,2";
			};
			name = Release;
		};
/* End XCBuildConfiguration section */

/* Begin XCConfigurationList section */
		8C33C4DF277BF06100294445 /* Build configuration list for PBXProject "Snack" */ = {
			isa = XCConfigurationList;
			buildConfigurations = (
				8C33C4F6277BF06200294445 /* Debug */,
				8C33C4F7277BF06200294445 /* Release */,
			);
			defaultConfigurationIsVisible = 0;
			defaultConfigurationName = Release;
		};
		8C33C4F8277BF06200294445 /* Build configuration list for PBXNativeTarget "Snack" */ = {
			isa = XCConfigurationList;
			buildConfigurations = (
				8C33C4F9277BF06200294445 /* Debug */,
				8C33C4FA277BF06200294445 /* Release */,
			);
			defaultConfigurationIsVisible = 0;
			defaultConfigurationName = Release;
		};
/* End XCConfigurationList section */
	};
	rootObject = 8C33C4DC277BF06100294445 /* Project object */;
}
