// !$*UTF8*$!
{
	archiveVersion = 1;
	classes = {
	};
	objectVersion = 55;
	objects = {

/* Begin PBXBuildFile section */
		8C19E40D278299970086F374 /* NotiListViewController.swift in Sources */ = {isa = PBXBuildFile; fileRef = 8C19E40C278299970086F374 /* NotiListViewController.swift */; };
		8C19E40F27829B1D0086F374 /* NotiListTableViewCell.swift in Sources */ = {isa = PBXBuildFile; fileRef = 8C19E40E27829B1D0086F374 /* NotiListTableViewCell.swift */; };
		8C19E4112786B35B0086F374 /* GoogleService-Info.plist in Resources */ = {isa = PBXBuildFile; fileRef = 8C19E4102786B35B0086F374 /* GoogleService-Info.plist */; };
		8C19E417278B31760086F374 /* Noti.swift in Sources */ = {isa = PBXBuildFile; fileRef = 8C19E416278B31760086F374 /* Noti.swift */; };
		8C33C4E8277BF06100294445 /* AppDelegate.swift in Sources */ = {isa = PBXBuildFile; fileRef = 8C33C4E7277BF06100294445 /* AppDelegate.swift */; };
		8C33C4EA277BF06100294445 /* SceneDelegate.swift in Sources */ = {isa = PBXBuildFile; fileRef = 8C33C4E9277BF06100294445 /* SceneDelegate.swift */; };
		8C33C4F1277BF06200294445 /* Assets.xcassets in Resources */ = {isa = PBXBuildFile; fileRef = 8C33C4F0277BF06200294445 /* Assets.xcassets */; };
		8C33C4F4277BF06200294445 /* LaunchScreen.storyboard in Resources */ = {isa = PBXBuildFile; fileRef = 8C33C4F2277BF06200294445 /* LaunchScreen.storyboard */; };
		EE3B36D910288C06FC5383FD /* Pods_Snack.framework in Frameworks */ = {isa = PBXBuildFile; fileRef = 5BD7615966730183AC1D70B3 /* Pods_Snack.framework */; };
/* End PBXBuildFile section */

/* Begin PBXFileReference section */
		0349F0237A28CF144982DE22 /* Pods-Snack.release.xcconfig */ = {isa = PBXFileReference; includeInIndex = 1; lastKnownFileType = text.xcconfig; name = "Pods-Snack.release.xcconfig"; path = "Target Support Files/Pods-Snack/Pods-Snack.release.xcconfig"; sourceTree = "<group>"; };
		5BD7615966730183AC1D70B3 /* Pods_Snack.framework */ = {isa = PBXFileReference; explicitFileType = wrapper.framework; includeInIndex = 0; path = Pods_Snack.framework; sourceTree = BUILT_PRODUCTS_DIR; };
		8C19E409277BFE0C0086F374 /* RxSwiftPractice.playground */ = {isa = PBXFileReference; lastKnownFileType = file.playground; path = RxSwiftPractice.playground; sourceTree = "<group>"; xcLanguageSpecificationIdentifier = xcode.lang.swift; };
		8C19E40C278299970086F374 /* NotiListViewController.swift */ = {isa = PBXFileReference; lastKnownFileType = sourcecode.swift; path = NotiListViewController.swift; sourceTree = "<group>"; };
		8C19E40E27829B1D0086F374 /* NotiListTableViewCell.swift */ = {isa = PBXFileReference; lastKnownFileType = sourcecode.swift; path = NotiListTableViewCell.swift; sourceTree = "<group>"; };
		8C19E4102786B35B0086F374 /* GoogleService-Info.plist */ = {isa = PBXFileReference; fileEncoding = 4; lastKnownFileType = text.plist.xml; path = "GoogleService-Info.plist"; sourceTree = "<group>"; };
		8C19E412278B23FB0086F374 /* Snack.entitlements */ = {isa = PBXFileReference; lastKnownFileType = text.plist.entitlements; path = Snack.entitlements; sourceTree = "<group>"; };
		8C19E416278B31760086F374 /* Noti.swift */ = {isa = PBXFileReference; lastKnownFileType = sourcecode.swift; path = Noti.swift; sourceTree = "<group>"; };
		8C33C4E4277BF06100294445 /* Snack.app */ = {isa = PBXFileReference; explicitFileType = wrapper.application; includeInIndex = 0; path = Snack.app; sourceTree = BUILT_PRODUCTS_DIR; };
		8C33C4E7277BF06100294445 /* AppDelegate.swift */ = {isa = PBXFileReference; lastKnownFileType = sourcecode.swift; path = AppDelegate.swift; sourceTree = "<group>"; };
		8C33C4E9277BF06100294445 /* SceneDelegate.swift */ = {isa = PBXFileReference; lastKnownFileType = sourcecode.swift; path = SceneDelegate.swift; sourceTree = "<group>"; };
		8C33C4F0277BF06200294445 /* Assets.xcassets */ = {isa = PBXFileReference; lastKnownFileType = folder.assetcatalog; path = Assets.xcassets; sourceTree = "<group>"; };
		8C33C4F3277BF06200294445 /* Base */ = {isa = PBXFileReference; lastKnownFileType = file.storyboard; name = Base; path = Base.lproj/LaunchScreen.storyboard; sourceTree = "<group>"; };
		8C33C4F5277BF06200294445 /* Info.plist */ = {isa = PBXFileReference; lastKnownFileType = text.plist.xml; path = Info.plist; sourceTree = "<group>"; };
		F19F7FAD89A199A756B7E6F1 /* Pods-Snack.debug.xcconfig */ = {isa = PBXFileReference; includeInIndex = 1; lastKnownFileType = text.xcconfig; name = "Pods-Snack.debug.xcconfig"; path = "Target Support Files/Pods-Snack/Pods-Snack.debug.xcconfig"; sourceTree = "<group>"; };
/* End PBXFileReference section */

/* Begin PBXFrameworksBuildPhase section */
		8C33C4E1277BF06100294445 /* Frameworks */ = {
			isa = PBXFrameworksBuildPhase;
			buildActionMask = 2147483647;
			files = (
				EE3B36D910288C06FC5383FD /* Pods_Snack.framework in Frameworks */,
			);
			runOnlyForDeploymentPostprocessing = 0;
		};
/* End PBXFrameworksBuildPhase section */

/* Begin PBXGroup section */
		8C19E415278B31410086F374 /* Model */ = {
			isa = PBXGroup;
			children = (
				8C19E416278B31760086F374 /* Noti.swift */,
			);
			path = Model;
			sourceTree = "<group>";
		};
		8C33C4DB277BF06100294445 = {
			isa = PBXGroup;
			children = (
				8C19E409277BFE0C0086F374 /* RxSwiftPractice.playground */,
				8C33C4E6277BF06100294445 /* Snack */,
				8C33C4E5277BF06100294445 /* Products */,
				B2B4A968D3E00D2B1E6F53BC /* Pods */,
				A552636F1460E7A24E654777 /* Frameworks */,
			);
			sourceTree = "<group>";
		};
		8C33C4E5277BF06100294445 /* Products */ = {
			isa = PBXGroup;
			children = (
				8C33C4E4277BF06100294445 /* Snack.app */,
			);
			name = Products;
			sourceTree = "<group>";
		};
		8C33C4E6277BF06100294445 /* Snack */ = {
			isa = PBXGroup;
			children = (
				8C19E412278B23FB0086F374 /* Snack.entitlements */,
				8C33C4E7277BF06100294445 /* AppDelegate.swift */,
				8C33C4E9277BF06100294445 /* SceneDelegate.swift */,
				8C19E415278B31410086F374 /* Model */,
				8C19E40C278299970086F374 /* NotiListViewController.swift */,
				8C19E40E27829B1D0086F374 /* NotiListTableViewCell.swift */,
				8C33C4F0277BF06200294445 /* Assets.xcassets */,
				8C33C4F2277BF06200294445 /* LaunchScreen.storyboard */,
				8C33C4F5277BF06200294445 /* Info.plist */,
				8C19E4102786B35B0086F374 /* GoogleService-Info.plist */,
			);
			path = Snack;
			sourceTree = "<group>";
		};
		A552636F1460E7A24E654777 /* Frameworks */ = {
			isa = PBXGroup;
			children = (
				5BD7615966730183AC1D70B3 /* Pods_Snack.framework */,
			);
			name = Frameworks;
			sourceTree = "<group>";
		};
		B2B4A968D3E00D2B1E6F53BC /* Pods */ = {
			isa = PBXGroup;
			children = (
				F19F7FAD89A199A756B7E6F1 /* Pods-Snack.debug.xcconfig */,
				0349F0237A28CF144982DE22 /* Pods-Snack.release.xcconfig */,
			);
			path = Pods;
			sourceTree = "<group>";
		};
/* End PBXGroup section */

/* Begin PBXNativeTarget section */
		8C33C4E3277BF06100294445 /* Snack */ = {
			isa = PBXNativeTarget;
			buildConfigurationList = 8C33C4F8277BF06200294445 /* Build configuration list for PBXNativeTarget "Snack" */;
			buildPhases = (
				412BEEC950C8C52910D283F6 /* [CP] Check Pods Manifest.lock */,
				8C33C4E0277BF06100294445 /* Sources */,
				8C33C4E1277BF06100294445 /* Frameworks */,
				8C33C4E2277BF06100294445 /* Resources */,
				2EA5AE1B82DFB454467AECD8 /* [CP] Embed Pods Frameworks */,
			);
			buildRules = (
			);
			dependencies = (
			);
			name = Snack;
			productName = Snack;
			productReference = 8C33C4E4277BF06100294445 /* Snack.app */;
			productType = "com.apple.product-type.application";
		};
/* End PBXNativeTarget section */

/* Begin PBXProject section */
		8C33C4DC277BF06100294445 /* Project object */ = {
			isa = PBXProject;
			attributes = {
				BuildIndependentTargetsInParallel = 1;
				LastSwiftUpdateCheck = 1320;
				LastUpgradeCheck = 1320;
				TargetAttributes = {
					8C33C4E3277BF06100294445 = {
						CreatedOnToolsVersion = 13.2.1;
					};
				};
			};
			buildConfigurationList = 8C33C4DF277BF06100294445 /* Build configuration list for PBXProject "Snack" */;
			compatibilityVersion = "Xcode 13.0";
			developmentRegion = en;
			hasScannedForEncodings = 0;
			knownRegions = (
				en,
				Base,
			);
			mainGroup = 8C33C4DB277BF06100294445;
			productRefGroup = 8C33C4E5277BF06100294445 /* Products */;
			projectDirPath = "";
			projectRoot = "";
			targets = (
				8C33C4E3277BF06100294445 /* Snack */,
			);
		};
/* End PBXProject section */

/* Begin PBXResourcesBuildPhase section */
		8C33C4E2277BF06100294445 /* Resources */ = {
			isa = PBXResourcesBuildPhase;
			buildActionMask = 2147483647;
			files = (
				8C33C4F4277BF06200294445 /* LaunchScreen.storyboard in Resources */,
				8C33C4F1277BF06200294445 /* Assets.xcassets in Resources */,
				8C19E4112786B35B0086F374 /* GoogleService-Info.plist in Resources */,
			);
			runOnlyForDeploymentPostprocessing = 0;
		};
/* End PBXResourcesBuildPhase section */

/* Begin PBXShellScriptBuildPhase section */
		2EA5AE1B82DFB454467AECD8 /* [CP] Embed Pods Frameworks */ = {
			isa = PBXShellScriptBuildPhase;
			buildActionMask = 2147483647;
			files = (
			);
			inputFileListPaths = (
				"${PODS_ROOT}/Target Support Files/Pods-Snack/Pods-Snack-frameworks-${CONFIGURATION}-input-files.xcfilelist",
			);
			name = "[CP] Embed Pods Frameworks";
			outputFileListPaths = (
				"${PODS_ROOT}/Target Support Files/Pods-Snack/Pods-Snack-frameworks-${CONFIGURATION}-output-files.xcfilelist",
			);
			runOnlyForDeploymentPostprocessing = 0;
			shellPath = /bin/sh;
			shellScript = "\"${PODS_ROOT}/Target Support Files/Pods-Snack/Pods-Snack-frameworks.sh\"\n";
			showEnvVarsInLog = 0;
		};
		412BEEC950C8C52910D283F6 /* [CP] Check Pods Manifest.lock */ = {
			isa = PBXShellScriptBuildPhase;
			buildActionMask = 2147483647;
			files = (
			);
			inputFileListPaths = (
			);
			inputPaths = (
				"${PODS_PODFILE_DIR_PATH}/Podfile.lock",
				"${PODS_ROOT}/Manifest.lock",
			);
			name = "[CP] Check Pods Manifest.lock";
			outputFileListPaths = (
			);
			outputPaths = (
				"$(DERIVED_FILE_DIR)/Pods-Snack-checkManifestLockResult.txt",
			);
			runOnlyForDeploymentPostprocessing = 0;
			shellPath = /bin/sh;
			shellScript = "diff \"${PODS_PODFILE_DIR_PATH}/Podfile.lock\" \"${PODS_ROOT}/Manifest.lock\" > /dev/null\nif [ $? != 0 ] ; then\n    # print error to STDERR\n    echo \"error: The sandbox is not in sync with the Podfile.lock. Run 'pod install' or update your CocoaPods installation.\" >&2\n    exit 1\nfi\n# This output is used by Xcode 'outputs' to avoid re-running this script phase.\necho \"SUCCESS\" > \"${SCRIPT_OUTPUT_FILE_0}\"\n";
			showEnvVarsInLog = 0;
		};
/* End PBXShellScriptBuildPhase section */

/* Begin PBXSourcesBuildPhase section */
		8C33C4E0277BF06100294445 /* Sources */ = {
			isa = PBXSourcesBuildPhase;
			buildActionMask = 2147483647;
			files = (
				8C19E417278B31760086F374 /* Noti.swift in Sources */,
				8C19E40F27829B1D0086F374 /* NotiListTableViewCell.swift in Sources */,
				8C19E40D278299970086F374 /* NotiListViewController.swift in Sources */,
				8C33C4E8277BF06100294445 /* AppDelegate.swift in Sources */,
				8C33C4EA277BF06100294445 /* SceneDelegate.swift in Sources */,
			);
			runOnlyForDeploymentPostprocessing = 0;
		};
/* End PBXSourcesBuildPhase section */

/* Begin PBXVariantGroup section */
		8C33C4F2277BF06200294445 /* LaunchScreen.storyboard */ = {
			isa = PBXVariantGroup;
			children = (
				8C33C4F3277BF06200294445 /* Base */,
			);
			name = LaunchScreen.storyboard;
			sourceTree = "<group>";
		};
/* End PBXVariantGroup section */

/* Begin XCBuildConfiguration section */
		8C33C4F6277BF06200294445 /* Debug */ = {
			isa = XCBuildConfiguration;
			buildSettings = {
				ALWAYS_SEARCH_USER_PATHS = NO;
				CLANG_ANALYZER_NONNULL = YES;
				CLANG_ANALYZER_NUMBER_OBJECT_CONVERSION = YES_AGGRESSIVE;
				CLANG_CXX_LANGUAGE_STANDARD = "gnu++17";
				CLANG_CXX_LIBRARY = "libc++";
				CLANG_ENABLE_MODULES = YES;
				CLANG_ENABLE_OBJC_ARC = YES;
				CLANG_ENABLE_OBJC_WEAK = YES;
				CLANG_WARN_BLOCK_CAPTURE_AUTORELEASING = YES;
				CLANG_WARN_BOOL_CONVERSION = YES;
				CLANG_WARN_COMMA = YES;
				CLANG_WARN_CONSTANT_CONVERSION = YES;
				CLANG_WARN_DEPRECATED_OBJC_IMPLEMENTATIONS = YES;
				CLANG_WARN_DIRECT_OBJC_ISA_USAGE = YES_ERROR;
				CLANG_WARN_DOCUMENTATION_COMMENTS = YES;
				CLANG_WARN_EMPTY_BODY = YES;
				CLANG_WARN_ENUM_CONVERSION = YES;
				CLANG_WARN_INFINITE_RECURSION = YES;
				CLANG_WARN_INT_CONVERSION = YES;
				CLANG_WARN_NON_LITERAL_NULL_CONVERSION = YES;
				CLANG_WARN_OBJC_IMPLICIT_RETAIN_SELF = YES;
				CLANG_WARN_OBJC_LITERAL_CONVERSION = YES;
				CLANG_WARN_OBJC_ROOT_CLASS = YES_ERROR;
				CLANG_WARN_QUOTED_INCLUDE_IN_FRAMEWORK_HEADER = YES;
				CLANG_WARN_RANGE_LOOP_ANALYSIS = YES;
				CLANG_WARN_STRICT_PROTOTYPES = YES;
				CLANG_WARN_SUSPICIOUS_MOVE = YES;
				CLANG_WARN_UNGUARDED_AVAILABILITY = YES_AGGRESSIVE;
				CLANG_WARN_UNREACHABLE_CODE = YES;
				CLANG_WARN__DUPLICATE_METHOD_MATCH = YES;
				COPY_PHASE_STRIP = NO;
				DEBUG_INFORMATION_FORMAT = dwarf;
				ENABLE_STRICT_OBJC_MSGSEND = YES;
				ENABLE_TESTABILITY = YES;
				GCC_C_LANGUAGE_STANDARD = gnu11;
				GCC_DYNAMIC_NO_PIC = NO;
				GCC_NO_COMMON_BLOCKS = YES;
				GCC_OPTIMIZATION_LEVEL = 0;
				GCC_PREPROCESSOR_DEFINITIONS = (
					"DEBUG=1",
					"$(inherited)",
				);
				GCC_WARN_64_TO_32_BIT_CONVERSION = YES;
				GCC_WARN_ABOUT_RETURN_TYPE = YES_ERROR;
				GCC_WARN_UNDECLARED_SELECTOR = YES;
				GCC_WARN_UNINITIALIZED_AUTOS = YES_AGGRESSIVE;
				GCC_WARN_UNUSED_FUNCTION = YES;
				GCC_WARN_UNUSED_VARIABLE = YES;
				IPHONEOS_DEPLOYMENT_TARGET = 14.0;
				MTL_ENABLE_DEBUG_INFO = INCLUDE_SOURCE;
				MTL_FAST_MATH = YES;
				ONLY_ACTIVE_ARCH = YES;
				SDKROOT = iphoneos;
				SWIFT_ACTIVE_COMPILATION_CONDITIONS = DEBUG;
				SWIFT_OPTIMIZATION_LEVEL = "-Onone";
			};
			name = Debug;
		};
		8C33C4F7277BF06200294445 /* Release */ = {
			isa = XCBuildConfiguration;
			buildSettings = {
				ALWAYS_SEARCH_USER_PATHS = NO;
				CLANG_ANALYZER_NONNULL = YES;
				CLANG_ANALYZER_NUMBER_OBJECT_CONVERSION = YES_AGGRESSIVE;
				CLANG_CXX_LANGUAGE_STANDARD = "gnu++17";
				CLANG_CXX_LIBRARY = "libc++";
				CLANG_ENABLE_MODULES = YES;
				CLANG_ENABLE_OBJC_ARC = YES;
				CLANG_ENABLE_OBJC_WEAK = YES;
				CLANG_WARN_BLOCK_CAPTURE_AUTORELEASING = YES;
				CLANG_WARN_BOOL_CONVERSION = YES;
				CLANG_WARN_COMMA = YES;
				CLANG_WARN_CONSTANT_CONVERSION = YES;
				CLANG_WARN_DEPRECATED_OBJC_IMPLEMENTATIONS = YES;
				CLANG_WARN_DIRECT_OBJC_ISA_USAGE = YES_ERROR;
				CLANG_WARN_DOCUMENTATION_COMMENTS = YES;
				CLANG_WARN_EMPTY_BODY = YES;
				CLANG_WARN_ENUM_CONVERSION = YES;
				CLANG_WARN_INFINITE_RECURSION = YES;
				CLANG_WARN_INT_CONVERSION = YES;
				CLANG_WARN_NON_LITERAL_NULL_CONVERSION = YES;
				CLANG_WARN_OBJC_IMPLICIT_RETAIN_SELF = YES;
				CLANG_WARN_OBJC_LITERAL_CONVERSION = YES;
				CLANG_WARN_OBJC_ROOT_CLASS = YES_ERROR;
				CLANG_WARN_QUOTED_INCLUDE_IN_FRAMEWORK_HEADER = YES;
				CLANG_WARN_RANGE_LOOP_ANALYSIS = YES;
				CLANG_WARN_STRICT_PROTOTYPES = YES;
				CLANG_WARN_SUSPICIOUS_MOVE = YES;
				CLANG_WARN_UNGUARDED_AVAILABILITY = YES_AGGRESSIVE;
				CLANG_WARN_UNREACHABLE_CODE = YES;
				CLANG_WARN__DUPLICATE_METHOD_MATCH = YES;
				COPY_PHASE_STRIP = NO;
				DEBUG_INFORMATION_FORMAT = "dwarf-with-dsym";
				ENABLE_NS_ASSERTIONS = NO;
				ENABLE_STRICT_OBJC_MSGSEND = YES;
				GCC_C_LANGUAGE_STANDARD = gnu11;
				GCC_NO_COMMON_BLOCKS = YES;
				GCC_WARN_64_TO_32_BIT_CONVERSION = YES;
				GCC_WARN_ABOUT_RETURN_TYPE = YES_ERROR;
				GCC_WARN_UNDECLARED_SELECTOR = YES;
				GCC_WARN_UNINITIALIZED_AUTOS = YES_AGGRESSIVE;
				GCC_WARN_UNUSED_FUNCTION = YES;
				GCC_WARN_UNUSED_VARIABLE = YES;
				IPHONEOS_DEPLOYMENT_TARGET = 14.0;
				MTL_ENABLE_DEBUG_INFO = NO;
				MTL_FAST_MATH = YES;
				SDKROOT = iphoneos;
				SWIFT_COMPILATION_MODE = wholemodule;
				SWIFT_OPTIMIZATION_LEVEL = "-O";
				VALIDATE_PRODUCT = YES;
			};
			name = Release;
		};
		8C33C4F9277BF06200294445 /* Debug */ = {
			isa = XCBuildConfiguration;
			baseConfigurationReference = F19F7FAD89A199A756B7E6F1 /* Pods-Snack.debug.xcconfig */;
			buildSettings = {
				ASSETCATALOG_COMPILER_APPICON_NAME = AppIcon;
				ASSETCATALOG_COMPILER_GLOBAL_ACCENT_COLOR_NAME = AccentColor;
				CODE_SIGN_ENTITLEMENTS = Snack/Snack.entitlements;
				CODE_SIGN_STYLE = Automatic;
				CURRENT_PROJECT_VERSION = 1;
				DEVELOPMENT_TEAM = SF6SBNPMLX;
				GENERATE_INFOPLIST_FILE = YES;
				INFOPLIST_FILE = Snack/Info.plist;
				INFOPLIST_KEY_UIApplicationSupportsIndirectInputEvents = YES;
				INFOPLIST_KEY_UILaunchStoryboardName = LaunchScreen;
				INFOPLIST_KEY_UISupportedInterfaceOrientations_iPad = "UIInterfaceOrientationPortrait UIInterfaceOrientationPortraitUpsideDown UIInterfaceOrientationLandscapeLeft UIInterfaceOrientationLandscapeRight";
				INFOPLIST_KEY_UISupportedInterfaceOrientations_iPhone = "UIInterfaceOrientationPortrait UIInterfaceOrientationLandscapeLeft UIInterfaceOrientationLandscapeRight";
				IPHONEOS_DEPLOYMENT_TARGET = 14.0;
				LD_RUNPATH_SEARCH_PATHS = (
					"$(inherited)",
					"@executable_path/Frameworks",
				);
				MARKETING_VERSION = 1.0;
				PRODUCT_BUNDLE_IDENTIFIER = "Geon-Hyeong-KIM.Snack";
				PRODUCT_NAME = "$(TARGET_NAME)";
				SWIFT_EMIT_LOC_STRINGS = YES;
				SWIFT_VERSION = 5.0;
				TARGETED_DEVICE_FAMILY = "1,2";
			};
			name = Debug;
		};
		8C33C4FA277BF06200294445 /* Release */ = {
			isa = XCBuildConfiguration;
			baseConfigurationReference = 0349F0237A28CF144982DE22 /* Pods-Snack.release.xcconfig */;
			buildSettings = {
				ASSETCATALOG_COMPILER_APPICON_NAME = AppIcon;
				ASSETCATALOG_COMPILER_GLOBAL_ACCENT_COLOR_NAME = AccentColor;
				CODE_SIGN_ENTITLEMENTS = Snack/Snack.entitlements;
				CODE_SIGN_STYLE = Automatic;
				CURRENT_PROJECT_VERSION = 1;
				DEVELOPMENT_TEAM = SF6SBNPMLX;
				GENERATE_INFOPLIST_FILE = YES;
				INFOPLIST_FILE = Snack/Info.plist;
				INFOPLIST_KEY_UIApplicationSupportsIndirectInputEvents = YES;
				INFOPLIST_KEY_UILaunchStoryboardName = LaunchScreen;
				INFOPLIST_KEY_UISupportedInterfaceOrientations_iPad = "UIInterfaceOrientationPortrait UIInterfaceOrientationPortraitUpsideDown UIInterfaceOrientationLandscapeLeft UIInterfaceOrientationLandscapeRight";
				INFOPLIST_KEY_UISupportedInterfaceOrientations_iPhone = "UIInterfaceOrientationPortrait UIInterfaceOrientationLandscapeLeft UIInterfaceOrientationLandscapeRight";
				IPHONEOS_DEPLOYMENT_TARGET = 14.0;
				LD_RUNPATH_SEARCH_PATHS = (
					"$(inherited)",
					"@executable_path/Frameworks",
				);
				MARKETING_VERSION = 1.0;
				PRODUCT_BUNDLE_IDENTIFIER = "Geon-Hyeong-KIM.Snack";
				PRODUCT_NAME = "$(TARGET_NAME)";
				SWIFT_EMIT_LOC_STRINGS = YES;
				SWIFT_VERSION = 5.0;
				TARGETED_DEVICE_FAMILY = "1,2";
			};
			name = Release;
		};
/* End XCBuildConfiguration section */

/* Begin XCConfigurationList section */
		8C33C4DF277BF06100294445 /* Build configuration list for PBXProject "Snack" */ = {
			isa = XCConfigurationList;
			buildConfigurations = (
				8C33C4F6277BF06200294445 /* Debug */,
				8C33C4F7277BF06200294445 /* Release */,
			);
			defaultConfigurationIsVisible = 0;
			defaultConfigurationName = Release;
		};
		8C33C4F8277BF06200294445 /* Build configuration list for PBXNativeTarget "Snack" */ = {
			isa = XCConfigurationList;
			buildConfigurations = (
				8C33C4F9277BF06200294445 /* Debug */,
				8C33C4FA277BF06200294445 /* Release */,
			);
			defaultConfigurationIsVisible = 0;
			defaultConfigurationName = Release;
		};
/* End XCConfigurationList section */
	};
	rootObject = 8C33C4DC277BF06100294445 /* Project object */;
}
