// !$*UTF8*$!
{
	archiveVersion = 1;
	classes = {
	};
	objectVersion = 55;
	objects = {

/* Begin PBXBuildFile section */
		8C19E4112786B35B0086F374 /* GoogleService-Info.plist in Resources */ = {isa = PBXBuildFile; fileRef = 8C19E4102786B35B0086F374 /* GoogleService-Info.plist */; };
		8C33C4E8277BF06100294445 /* AppDelegate.swift in Sources */ = {isa = PBXBuildFile; fileRef = 8C33C4E7277BF06100294445 /* AppDelegate.swift */; };
		8C33C4EA277BF06100294445 /* SceneDelegate.swift in Sources */ = {isa = PBXBuildFile; fileRef = 8C33C4E9277BF06100294445 /* SceneDelegate.swift */; };
		8C33C4F1277BF06200294445 /* Assets.xcassets in Resources */ = {isa = PBXBuildFile; fileRef = 8C33C4F0277BF06200294445 /* Assets.xcassets */; };
		8C33C4F4277BF06200294445 /* LaunchScreen.storyboard in Resources */ = {isa = PBXBuildFile; fileRef = 8C33C4F2277BF06200294445 /* LaunchScreen.storyboard */; };
		8C68AAC327909BC200C1711E /* LoginViewController.swift in Sources */ = {isa = PBXBuildFile; fileRef = 8C68AAC227909BC200C1711E /* LoginViewController.swift */; };
		8C68AAC527909BD000C1711E /* LoginViewModel.swift in Sources */ = {isa = PBXBuildFile; fileRef = 8C68AAC427909BD000C1711E /* LoginViewModel.swift */; };
		8C68AAC92791166F00C1711E /* ViewModelProtocol.swift in Sources */ = {isa = PBXBuildFile; fileRef = 8C68AAC82791166F00C1711E /* ViewModelProtocol.swift */; };
		8C68AACB279117FA00C1711E /* UserModel.swift in Sources */ = {isa = PBXBuildFile; fileRef = 8C68AACA279117FA00C1711E /* UserModel.swift */; };
		8C68AAD027911A1000C1711E /* LoginService.swift in Sources */ = {isa = PBXBuildFile; fileRef = 8C68AACF27911A1000C1711E /* LoginService.swift */; };
		8C68AAD327911AD700C1711E /* Ex+Observable.swift in Sources */ = {isa = PBXBuildFile; fileRef = 8C68AAD227911AD700C1711E /* Ex+Observable.swift */; };
		8C68AAD72791AF1100C1711E /* RegisterViewController.swift in Sources */ = {isa = PBXBuildFile; fileRef = 8C68AAD62791AF1100C1711E /* RegisterViewController.swift */; };
		8C68AAD92791AF3300C1711E /* RegisterViewModel.swift in Sources */ = {isa = PBXBuildFile; fileRef = 8C68AAD82791AF3300C1711E /* RegisterViewModel.swift */; };
		8C68AADB2791B57100C1711E /* RegisterService.swift in Sources */ = {isa = PBXBuildFile; fileRef = 8C68AADA2791B57100C1711E /* RegisterService.swift */; };
		8C68AAE1279526C600C1711E /* HomeViewController.swift in Sources */ = {isa = PBXBuildFile; fileRef = 8C68AAE0279526C600C1711E /* HomeViewController.swift */; };
		8C68AAE3279526CF00C1711E /* HomeViewModel.swift in Sources */ = {isa = PBXBuildFile; fileRef = 8C68AAE2279526CF00C1711E /* HomeViewModel.swift */; };
		8C68AAFD27954FCB00C1711E /* ChannelListCell.swift in Sources */ = {isa = PBXBuildFile; fileRef = 8C68AAFC27954FCB00C1711E /* ChannelListCell.swift */; };
		8C68AB0827957ADD00C1711E /* Ex+DateFormatter.swift in Sources */ = {isa = PBXBuildFile; fileRef = 8C68AB0727957ADD00C1711E /* Ex+DateFormatter.swift */; };
		8C68AB1527969D1200C1711E /* NetworkResult.swift in Sources */ = {isa = PBXBuildFile; fileRef = 8C68AB1427969D1200C1711E /* NetworkResult.swift */; };
		8C68AB1A2796E70C00C1711E /* WorkspaceListViewController.swift in Sources */ = {isa = PBXBuildFile; fileRef = 8C68AB192796E70C00C1711E /* WorkspaceListViewController.swift */; };
		8C68AB1E27970A3200C1711E /* EditProfileView.swift in Sources */ = {isa = PBXBuildFile; fileRef = 8C68AB1D27970A3200C1711E /* EditProfileView.swift */; };
		8C68AB2D2797F5E400C1711E /* SettingsViewController.swift in Sources */ = {isa = PBXBuildFile; fileRef = 8C68AB2C2797F5E400C1711E /* SettingsViewController.swift */; };
		8C68AB2F2797F62D00C1711E /* SettingsView.xib in Resources */ = {isa = PBXBuildFile; fileRef = 8C68AB2E2797F62D00C1711E /* SettingsView.xib */; };
		8C953BD3278E90F200D5677E /* WelcomeViewController.swift in Sources */ = {isa = PBXBuildFile; fileRef = 8C953BD2278E90F200D5677E /* WelcomeViewController.swift */; };
		8C962B5927ADAB4300A9A1F5 /* HomeSection.swift in Sources */ = {isa = PBXBuildFile; fileRef = 8C962B5827ADAB4300A9A1F5 /* HomeSection.swift */; };
		8C962B5B27ADABE400A9A1F5 /* Channel.swift in Sources */ = {isa = PBXBuildFile; fileRef = 8C962B5A27ADABE400A9A1F5 /* Channel.swift */; };
		8C962B5D27ADAC3B00A9A1F5 /* ModelType.swift in Sources */ = {isa = PBXBuildFile; fileRef = 8C962B5C27ADAC3B00A9A1F5 /* ModelType.swift */; };
		8C962B6027ADAD3100A9A1F5 /* Member.swift in Sources */ = {isa = PBXBuildFile; fileRef = 8C962B5F27ADAD3100A9A1F5 /* Member.swift */; };
		8C962B6327AEDD4F00A9A1F5 /* User.swift in Sources */ = {isa = PBXBuildFile; fileRef = 8C962B6227AEDD4F00A9A1F5 /* User.swift */; };
		8CBD452D2799A0C80056A557 /* Ex+UIButton.swift in Sources */ = {isa = PBXBuildFile; fileRef = 8CBD452C2799A0C80056A557 /* Ex+UIButton.swift */; };
		8CBD452F2799A2C10056A557 /* WorkspaceListViewModel.swift in Sources */ = {isa = PBXBuildFile; fileRef = 8CBD452E2799A2C10056A557 /* WorkspaceListViewModel.swift */; };
		8CBD45322799AEFD0056A557 /* WorkspaceListCell.swift in Sources */ = {isa = PBXBuildFile; fileRef = 8CBD45312799AEFD0056A557 /* WorkspaceListCell.swift */; };
		8CBD45342799B0E00056A557 /* WorkspaceListCellModel.swift in Sources */ = {isa = PBXBuildFile; fileRef = 8CBD45332799B0E00056A557 /* WorkspaceListCellModel.swift */; };
		8CBD4538279D3F350056A557 /* WorkspaceService.swift in Sources */ = {isa = PBXBuildFile; fileRef = 8CBD4537279D3F350056A557 /* WorkspaceService.swift */; };
		8CBD4542279F047F0056A557 /* KeychainWrapper+keys.swift in Sources */ = {isa = PBXBuildFile; fileRef = 8CBD4541279F047F0056A557 /* KeychainWrapper+keys.swift */; };
		8CBD456C27A18E3A0056A557 /* SearchURLWorkspaceViewController.swift in Sources */ = {isa = PBXBuildFile; fileRef = 8CBD456B27A18E3A0056A557 /* SearchURLWorkspaceViewController.swift */; };
		8CBD456F27A18EDE0056A557 /* SearchURLWorkspaceVeiwModel.swift in Sources */ = {isa = PBXBuildFile; fileRef = 8CBD456E27A18EDE0056A557 /* SearchURLWorkspaceVeiwModel.swift */; };
		8CBD457527A22A2D0056A557 /* AppConstant.swift in Sources */ = {isa = PBXBuildFile; fileRef = 8CBD457427A22A2D0056A557 /* AppConstant.swift */; };
		8CBD457827A25E430056A557 /* PrivateMessageViewController.swift in Sources */ = {isa = PBXBuildFile; fileRef = 8CBD457727A25E430056A557 /* PrivateMessageViewController.swift */; };
		8CBD457A27A287460056A557 /* Ex+NotificationCenter.swift in Sources */ = {isa = PBXBuildFile; fileRef = 8CBD457927A287460056A557 /* Ex+NotificationCenter.swift */; };
		8CBD457E27A28AEF0056A557 /* MessageKit.swift in Sources */ = {isa = PBXBuildFile; fileRef = 8CBD457D27A28AEF0056A557 /* MessageKit.swift */; };
		8CBD458B27A3E40B0056A557 /* DirectMessageListViewCell.swift in Sources */ = {isa = PBXBuildFile; fileRef = 8CBD458A27A3E40B0056A557 /* DirectMessageListViewCell.swift */; };
		8CBD458D27A3E42B0056A557 /* DirectMessageListViewModel.swift in Sources */ = {isa = PBXBuildFile; fileRef = 8CBD458C27A3E42B0056A557 /* DirectMessageListViewModel.swift */; };
		8CBD458F27A3E46B0056A557 /* DirectMessageListViewController.swift in Sources */ = {isa = PBXBuildFile; fileRef = 8CBD458E27A3E46B0056A557 /* DirectMessageListViewController.swift */; };
		8CBD459527A3E5600056A557 /* MemberListCell.swift in Sources */ = {isa = PBXBuildFile; fileRef = 8CBD459427A3E55F0056A557 /* MemberListCell.swift */; };
		8CBD459A27A41B520056A557 /* PrivateMessageViewModel.swift in Sources */ = {isa = PBXBuildFile; fileRef = 8CBD459927A41B510056A557 /* PrivateMessageViewModel.swift */; };
		8CBD459F27A56F0A0056A557 /* MessageModel.swift in Sources */ = {isa = PBXBuildFile; fileRef = 8CBD459E27A56F0A0056A557 /* MessageModel.swift */; };
		8CBD45B827A6CFAB0056A557 /* ProfileViewController.swift in Sources */ = {isa = PBXBuildFile; fileRef = 8CBD45B727A6CFAB0056A557 /* ProfileViewController.swift */; };
		8CBD45BA27A6CFCF0056A557 /* ProfileViewModel.swift in Sources */ = {isa = PBXBuildFile; fileRef = 8CBD45B927A6CFCF0056A557 /* ProfileViewModel.swift */; };
		8CBD45BC27A6D6B90056A557 /* ProfileView.xib in Resources */ = {isa = PBXBuildFile; fileRef = 8CBD45BB27A6D6B90056A557 /* ProfileView.xib */; };
		8CBD45BE27A70C440056A557 /* EditProfileView.xib in Resources */ = {isa = PBXBuildFile; fileRef = 8CBD45BD27A70C440056A557 /* EditProfileView.xib */; };
		8CBD45C527A7172C0056A557 /* Ex+UIImage.swift in Sources */ = {isa = PBXBuildFile; fileRef = 8CBD45C427A7172C0056A557 /* Ex+UIImage.swift */; };
		8CBD45CB27A71A310056A557 /* Ex+Data.swift in Sources */ = {isa = PBXBuildFile; fileRef = 8CBD45CA27A71A310056A557 /* Ex+Data.swift */; };
		8CBD45CF27A71A9E0056A557 /* Ex+String.swift in Sources */ = {isa = PBXBuildFile; fileRef = 8CBD45CE27A71A9E0056A557 /* Ex+String.swift */; };
		8CBD45D327A7C2200056A557 /* Ex+Reactive.swift in Sources */ = {isa = PBXBuildFile; fileRef = 8CBD45D227A7C2200056A557 /* Ex+Reactive.swift */; };
		8CBD45D527A7EF6D0056A557 /* PasswordView.swift in Sources */ = {isa = PBXBuildFile; fileRef = 8CBD45D427A7EF6D0056A557 /* PasswordView.swift */; };
		8CBD45D727A7F0C80056A557 /* PasswordView.xib in Resources */ = {isa = PBXBuildFile; fileRef = 8CBD45D627A7F0C80056A557 /* PasswordView.xib */; };
		8CBD45D927A846500056A557 /* PasscodeView.swift in Sources */ = {isa = PBXBuildFile; fileRef = 8CBD45D827A8464F0056A557 /* PasscodeView.swift */; };
		8CBD45DB27A846C50056A557 /* PasscodeView.xib in Resources */ = {isa = PBXBuildFile; fileRef = 8CBD45DA27A846C50056A557 /* PasscodeView.xib */; };
		8CBD45DD27A865C30056A557 /* MeidaView.swift in Sources */ = {isa = PBXBuildFile; fileRef = 8CBD45DC27A865C20056A557 /* MeidaView.swift */; };
		8CBD45E127A868040056A557 /* MediaView.xib in Resources */ = {isa = PBXBuildFile; fileRef = 8CBD45E027A868040056A557 /* MediaView.xib */; };
		8CBD45E427A869870056A557 /* NetworkView.swift in Sources */ = {isa = PBXBuildFile; fileRef = 8CBD45E327A869870056A557 /* NetworkView.swift */; };
		8CBD45E627A869CC0056A557 /* NetworkView.xib in Resources */ = {isa = PBXBuildFile; fileRef = 8CBD45E527A869CC0056A557 /* NetworkView.xib */; };
		8CBD45E827A872300056A557 /* CacheView.swift in Sources */ = {isa = PBXBuildFile; fileRef = 8CBD45E727A872300056A557 /* CacheView.swift */; };
		8CBD45EA27A8735B0056A557 /* CacheView.xib in Resources */ = {isa = PBXBuildFile; fileRef = 8CBD45E927A8735B0056A557 /* CacheView.xib */; };
		8CBD45ED27A8746E0056A557 /* KeepMediaView.swift in Sources */ = {isa = PBXBuildFile; fileRef = 8CBD45EC27A8746E0056A557 /* KeepMediaView.swift */; };
		8CBD45EF27A874950056A557 /* KeepMediaView.xib in Resources */ = {isa = PBXBuildFile; fileRef = 8CBD45EE27A874950056A557 /* KeepMediaView.xib */; };
		8CBD45F327A887520056A557 /* StatusView.swift in Sources */ = {isa = PBXBuildFile; fileRef = 8CBD45F227A887520056A557 /* StatusView.swift */; };
		8CBD45F527A887DE0056A557 /* StatusView.xib in Resources */ = {isa = PBXBuildFile; fileRef = 8CBD45F427A887DE0056A557 /* StatusView.xib */; };
		8CC1E79C27ACAC6B00BFE4D1 /* NewWorkspaceFirstViewController.swift in Sources */ = {isa = PBXBuildFile; fileRef = 8CC1E79B27ACAC6B00BFE4D1 /* NewWorkspaceFirstViewController.swift */; };
		8CC1E79E27ACADA800BFE4D1 /* NewWorkspaceViewModel.swift in Sources */ = {isa = PBXBuildFile; fileRef = 8CC1E79D27ACADA800BFE4D1 /* NewWorkspaceViewModel.swift */; };
		8CC1E7A027ACBF1D00BFE4D1 /* NewWorkspaceSecondViewController.swift in Sources */ = {isa = PBXBuildFile; fileRef = 8CC1E79F27ACBF1D00BFE4D1 /* NewWorkspaceSecondViewController.swift */; };
		8CC9E8BF27B10487008BE1EA /* APIConstants.swift in Sources */ = {isa = PBXBuildFile; fileRef = 8CC9E8BE27B10487008BE1EA /* APIConstants.swift */; };
		8CC9E8C327B10A17008BE1EA /* NoteListViewContoller.swift in Sources */ = {isa = PBXBuildFile; fileRef = 8CC9E8C227B10A17008BE1EA /* NoteListViewContoller.swift */; };
		8CC9E8C527B10A24008BE1EA /* NoteListViewModel.swift in Sources */ = {isa = PBXBuildFile; fileRef = 8CC9E8C427B10A24008BE1EA /* NoteListViewModel.swift */; };
		8CC9E8C827B10B8A008BE1EA /* NoteListCell.swift in Sources */ = {isa = PBXBuildFile; fileRef = 8CC9E8C727B10B8A008BE1EA /* NoteListCell.swift */; };
		8CC9E8CA27B10C9D008BE1EA /* NoteService.swift in Sources */ = {isa = PBXBuildFile; fileRef = 8CC9E8C927B10C9D008BE1EA /* NoteService.swift */; };
		8CC9E8CC27B10CAE008BE1EA /* NoteListCellModel.swift in Sources */ = {isa = PBXBuildFile; fileRef = 8CC9E8CB27B10CAE008BE1EA /* NoteListCellModel.swift */; };
		8CC9E8CE27B11BBB008BE1EA /* GroupMessageViewController.swift in Sources */ = {isa = PBXBuildFile; fileRef = 8CC9E8CD27B11BBB008BE1EA /* GroupMessageViewController.swift */; };
		8CC9E8D027B128C3008BE1EA /* GroupMessageViewModel.swift in Sources */ = {isa = PBXBuildFile; fileRef = 8CC9E8CF27B128C3008BE1EA /* GroupMessageViewModel.swift */; };
		8CC9E8D227B161B1008BE1EA /* CreateWKWebView.swift in Sources */ = {isa = PBXBuildFile; fileRef = 8CC9E8D127B161B1008BE1EA /* CreateWKWebView.swift */; };
		8CC9E8D627B20C8D008BE1EA /* NoteListReusableView.swift in Sources */ = {isa = PBXBuildFile; fileRef = 8CC9E8D527B20C8D008BE1EA /* NoteListReusableView.swift */; };
		8CC9E8D827B22B4C008BE1EA /* NoteSection.swift in Sources */ = {isa = PBXBuildFile; fileRef = 8CC9E8D727B22B4C008BE1EA /* NoteSection.swift */; };
		8CC9E8DA27B22BDB008BE1EA /* Note.swift in Sources */ = {isa = PBXBuildFile; fileRef = 8CC9E8D927B22BDB008BE1EA /* Note.swift */; };
		8CC9E8FC27B2DABF008BE1EA /* UserInvitationViewController.swift in Sources */ = {isa = PBXBuildFile; fileRef = 8CC9E8FB27B2DABF008BE1EA /* UserInvitationViewController.swift */; };
		8CC9E90C27B3B939008BE1EA /* AccountService.swift in Sources */ = {isa = PBXBuildFile; fileRef = 8CC9E90B27B3B939008BE1EA /* AccountService.swift */; };
		8CC9E90E27B3BA01008BE1EA /* AccountModel.swift in Sources */ = {isa = PBXBuildFile; fileRef = 8CC9E90D27B3BA01008BE1EA /* AccountModel.swift */; };
		8CC9E91027B3FDB5008BE1EA /* ChatStompWebsocket.swift in Sources */ = {isa = PBXBuildFile; fileRef = 8CC9E90F27B3FDB5008BE1EA /* ChatStompWebsocket.swift */; };
		8CCFFA6627B95179005D4D13 /* NewChannelViewController.swift in Sources */ = {isa = PBXBuildFile; fileRef = 8CCFFA6527B95179005D4D13 /* NewChannelViewController.swift */; };
		8CCFFA6C27B9524F005D4D13 /* NewChannelView.xib in Resources */ = {isa = PBXBuildFile; fileRef = 8CCFFA6B27B9524F005D4D13 /* NewChannelView.xib */; };
		8CCFFA6E27B964B2005D4D13 /* ChannelService.swift in Sources */ = {isa = PBXBuildFile; fileRef = 8CCFFA6D27B964B2005D4D13 /* ChannelService.swift */; };
		8CCFFA7027B965A8005D4D13 /* ChannelModel.swift in Sources */ = {isa = PBXBuildFile; fileRef = 8CCFFA6F27B965A8005D4D13 /* ChannelModel.swift */; };
		8CCFFA7327B97DAE005D4D13 /* UserSearchViewController.swift in Sources */ = {isa = PBXBuildFile; fileRef = 8CCFFA7227B97DAE005D4D13 /* UserSearchViewController.swift */; };
		8CCFFA7727B984A3005D4D13 /* UserSearchCell.swift in Sources */ = {isa = PBXBuildFile; fileRef = 8CCFFA7627B984A3005D4D13 /* UserSearchCell.swift */; };
		8CCFFA7927B98CCA005D4D13 /* UserSearchView.xib in Resources */ = {isa = PBXBuildFile; fileRef = 8CCFFA7827B98CCA005D4D13 /* UserSearchView.xib */; };
		8CCFFA8C27B9E98F005D4D13 /* LogOutViewModel.swift in Sources */ = {isa = PBXBuildFile; fileRef = 8CCFFA7D27B9E98E005D4D13 /* LogOutViewModel.swift */; };
		8CCFFA8D27B9E98F005D4D13 /* ImagePicker.swift in Sources */ = {isa = PBXBuildFile; fileRef = 8CCFFA7F27B9E98E005D4D13 /* ImagePicker.swift */; };
		8CCFFA8E27B9E98F005D4D13 /* NavigationController.swift in Sources */ = {isa = PBXBuildFile; fileRef = 8CCFFA8027B9E98E005D4D13 /* NavigationController.swift */; };
		8CCFFA8F27B9E98F005D4D13 /* Cryptor.swift in Sources */ = {isa = PBXBuildFile; fileRef = 8CCFFA8127B9E98E005D4D13 /* Cryptor.swift */; };
		8CCFFA9027B9E98F005D4D13 /* Password.swift in Sources */ = {isa = PBXBuildFile; fileRef = 8CCFFA8227B9E98E005D4D13 /* Password.swift */; };
		8CCFFA9227B9E98F005D4D13 /* Media.swift in Sources */ = {isa = PBXBuildFile; fileRef = 8CCFFA8427B9E98E005D4D13 /* Media.swift */; };
		8CCFFA9327B9E98F005D4D13 /* CreateHomeTabController.swift in Sources */ = {isa = PBXBuildFile; fileRef = 8CCFFA8527B9E98E005D4D13 /* CreateHomeTabController.swift */; };
		8CCFFA9427B9E98F005D4D13 /* NotoSansKR-Regular 2.otf in Resources */ = {isa = PBXBuildFile; fileRef = 8CCFFA8727B9E98F005D4D13 /* NotoSansKR-Regular 2.otf */; };
		8CCFFA9527B9E98F005D4D13 /* NotoSansKR-Bold.otf in Resources */ = {isa = PBXBuildFile; fileRef = 8CCFFA8827B9E98F005D4D13 /* NotoSansKR-Bold.otf */; };
		8CCFFA9627B9E98F005D4D13 /* NotoSansKR-Bold 2.otf in Resources */ = {isa = PBXBuildFile; fileRef = 8CCFFA8927B9E98F005D4D13 /* NotoSansKR-Bold 2.otf */; };
		8CCFFA9727B9E98F005D4D13 /* NotoSansKR-Regular.otf in Resources */ = {isa = PBXBuildFile; fileRef = 8CCFFA8A27B9E98F005D4D13 /* NotoSansKR-Regular.otf */; };
		8CCFFA9827B9E98F005D4D13 /* Credentials.swift in Sources */ = {isa = PBXBuildFile; fileRef = 8CCFFA8B27B9E98F005D4D13 /* Credentials.swift */; };
		8CCFFA9A27B9EAC2005D4D13 /* PaginationAction.swift in Sources */ = {isa = PBXBuildFile; fileRef = 8CCFFA9927B9EAC2005D4D13 /* PaginationAction.swift */; };
		8CCFFAA427BA767B005D4D13 /* UserInvitationView.xib in Resources */ = {isa = PBXBuildFile; fileRef = 8CCFFAA327BA767B005D4D13 /* UserInvitationView.xib */; };
		8CCFFAA927BAA783005D4D13 /* UserSearchCell.xib in Resources */ = {isa = PBXBuildFile; fileRef = 8CCFFAA827BAA783005D4D13 /* UserSearchCell.xib */; };
		8CCFFAAB27BB41AB005D4D13 /* Ex+UIViewController.swift in Sources */ = {isa = PBXBuildFile; fileRef = 8CCFFAAA27BB41AB005D4D13 /* Ex+UIViewController.swift */; };
		8CCFFAAD27BB48CE005D4D13 /* GroupDetailsViewController.swift in Sources */ = {isa = PBXBuildFile; fileRef = 8CCFFAAC27BB48CE005D4D13 /* GroupDetailsViewController.swift */; };
		8CCFFAB027BB48E3005D4D13 /* GroupDetailsView.xib in Resources */ = {isa = PBXBuildFile; fileRef = 8CCFFAAF27BB48E3005D4D13 /* GroupDetailsView.xib */; };
		8CCFFAB227BD12DB005D4D13 /* ChatService.swift in Sources */ = {isa = PBXBuildFile; fileRef = 8CCFFAB127BD12DB005D4D13 /* ChatService.swift */; };
		8CCFFAB427BD180C005D4D13 /* ChatModel.swift in Sources */ = {isa = PBXBuildFile; fileRef = 8CCFFAB327BD180C005D4D13 /* ChatModel.swift */; };
		8CCFFAB727BE8A48005D4D13 /* ChannelSearchViewController.swift in Sources */ = {isa = PBXBuildFile; fileRef = 8CCFFAB627BE8A47005D4D13 /* ChannelSearchViewController.swift */; };
		8CCFFABB27BE8B60005D4D13 /* ChannelSearchView.xib in Resources */ = {isa = PBXBuildFile; fileRef = 8CCFFABA27BE8B60005D4D13 /* ChannelSearchView.xib */; };
		8CCFFABE27BE8E24005D4D13 /* ChannelSearchCell.swift in Sources */ = {isa = PBXBuildFile; fileRef = 8CCFFABD27BE8E24005D4D13 /* ChannelSearchCell.swift */; };
		8CCFFAC227BE8EBF005D4D13 /* ChannelSearchCell.xib in Resources */ = {isa = PBXBuildFile; fileRef = 8CCFFAC127BE8EBF005D4D13 /* ChannelSearchCell.xib */; };
		8CCFFAC427BE975D005D4D13 /* CustomMessagesFlowLayout.swift in Sources */ = {isa = PBXBuildFile; fileRef = 8CCFFAC327BE975D005D4D13 /* CustomMessagesFlowLayout.swift */; };
		8CCFFAC627BE9793005D4D13 /* CustomCell.swift in Sources */ = {isa = PBXBuildFile; fileRef = 8CCFFAC527BE9793005D4D13 /* CustomCell.swift */; };
		8CCFFACA27C023AA005D4D13 /* PresenceWebsocket.swift in Sources */ = {isa = PBXBuildFile; fileRef = 8CCFFAC927C023AA005D4D13 /* PresenceWebsocket.swift */; };
		8CCFFACC27C0C462005D4D13 /* PresenceModel.swift in Sources */ = {isa = PBXBuildFile; fileRef = 8CCFFACB27C0C462005D4D13 /* PresenceModel.swift */; };
		8CCFFAD127C0CC30005D4D13 /* StatusCell.swift in Sources */ = {isa = PBXBuildFile; fileRef = 8CCFFAD027C0CC30005D4D13 /* StatusCell.swift */; };
		8CCFFAD327C0CC66005D4D13 /* StatusCell.xib in Resources */ = {isa = PBXBuildFile; fileRef = 8CCFFAD227C0CC66005D4D13 /* StatusCell.xib */; };
		8CCFFAD527C0D622005D4D13 /* PresenceService.swift in Sources */ = {isa = PBXBuildFile; fileRef = 8CCFFAD427C0D622005D4D13 /* PresenceService.swift */; };
		8CCFFAD827C10357005D4D13 /* EditWorkspaceView.xib in Resources */ = {isa = PBXBuildFile; fileRef = 8CCFFAD727C10357005D4D13 /* EditWorkspaceView.xib */; };
		8CCFFADA27C1042B005D4D13 /* EditWorkspaceView.swift in Sources */ = {isa = PBXBuildFile; fileRef = 8CCFFAD927C1042B005D4D13 /* EditWorkspaceView.swift */; };
		8CCFFADE27C11BDC005D4D13 /* SelectImageView.swift in Sources */ = {isa = PBXBuildFile; fileRef = 8CCFFADD27C11BDC005D4D13 /* SelectImageView.swift */; };
		8CCFFAE227C11E71005D4D13 /* SelectImageView.xib in Resources */ = {isa = PBXBuildFile; fileRef = 8CCFFAE127C11E70005D4D13 /* SelectImageView.xib */; };
		8CCFFAE627C12094005D4D13 /* SelectImageCell.xib in Resources */ = {isa = PBXBuildFile; fileRef = 8CCFFAE427C12093005D4D13 /* SelectImageCell.xib */; };
		8CCFFAE827C120AE005D4D13 /* SelectImageCell.swift in Sources */ = {isa = PBXBuildFile; fileRef = 8CCFFAE727C120AE005D4D13 /* SelectImageCell.swift */; };
		8CCFFAEA27C2174C005D4D13 /* Ex+UIColor.swift in Sources */ = {isa = PBXBuildFile; fileRef = 8CCFFAE927C2174A005D4D13 /* Ex+UIColor.swift */; };
		9E5ADB5C51058AF83477731C /* Pods_Snack.framework in Frameworks */ = {isa = PBXBuildFile; fileRef = 19B5C789142A2C6B28D343DE /* Pods_Snack.framework */; };
		EE3B36D910288C06FC5383FD /* Pods_Snack.framework in Frameworks */ = {isa = PBXBuildFile; fileRef = 5BD7615966730183AC1D70B3 /* Pods_Snack.framework */; };
/* End PBXBuildFile section */

/* Begin PBXFileReference section */
		0349F0237A28CF144982DE22 /* Pods-Snack.release.xcconfig */ = {isa = PBXFileReference; includeInIndex = 1; lastKnownFileType = text.xcconfig; name = "Pods-Snack.release.xcconfig"; path = "Target Support Files/Pods-Snack/Pods-Snack.release.xcconfig"; sourceTree = "<group>"; };
		19B5C789142A2C6B28D343DE /* Pods_Snack.framework */ = {isa = PBXFileReference; explicitFileType = wrapper.framework; includeInIndex = 0; path = Pods_Snack.framework; sourceTree = BUILT_PRODUCTS_DIR; };
		5BD7615966730183AC1D70B3 /* Pods_Snack.framework */ = {isa = PBXFileReference; explicitFileType = wrapper.framework; includeInIndex = 0; path = Pods_Snack.framework; sourceTree = BUILT_PRODUCTS_DIR; };
		8C19E4102786B35B0086F374 /* GoogleService-Info.plist */ = {isa = PBXFileReference; fileEncoding = 4; lastKnownFileType = text.plist.xml; path = "GoogleService-Info.plist"; sourceTree = "<group>"; };
		8C19E412278B23FB0086F374 /* Snack.entitlements */ = {isa = PBXFileReference; lastKnownFileType = text.plist.entitlements; path = Snack.entitlements; sourceTree = "<group>"; };
		8C33C4E4277BF06100294445 /* Snack.app */ = {isa = PBXFileReference; explicitFileType = wrapper.application; includeInIndex = 0; path = Snack.app; sourceTree = BUILT_PRODUCTS_DIR; };
		8C33C4E7277BF06100294445 /* AppDelegate.swift */ = {isa = PBXFileReference; lastKnownFileType = sourcecode.swift; path = AppDelegate.swift; sourceTree = "<group>"; };
		8C33C4E9277BF06100294445 /* SceneDelegate.swift */ = {isa = PBXFileReference; lastKnownFileType = sourcecode.swift; path = SceneDelegate.swift; sourceTree = "<group>"; };
		8C33C4F0277BF06200294445 /* Assets.xcassets */ = {isa = PBXFileReference; lastKnownFileType = folder.assetcatalog; path = Assets.xcassets; sourceTree = "<group>"; };
		8C33C4F3277BF06200294445 /* Base */ = {isa = PBXFileReference; lastKnownFileType = file.storyboard; name = Base; path = Base.lproj/LaunchScreen.storyboard; sourceTree = "<group>"; };
		8C33C4F5277BF06200294445 /* Info.plist */ = {isa = PBXFileReference; lastKnownFileType = text.plist.xml; path = Info.plist; sourceTree = "<group>"; };
		8C68AAC227909BC200C1711E /* LoginViewController.swift */ = {isa = PBXFileReference; lastKnownFileType = sourcecode.swift; path = LoginViewController.swift; sourceTree = "<group>"; };
		8C68AAC427909BD000C1711E /* LoginViewModel.swift */ = {isa = PBXFileReference; lastKnownFileType = sourcecode.swift; path = LoginViewModel.swift; sourceTree = "<group>"; };
		8C68AAC82791166F00C1711E /* ViewModelProtocol.swift */ = {isa = PBXFileReference; lastKnownFileType = sourcecode.swift; path = ViewModelProtocol.swift; sourceTree = "<group>"; };
		8C68AACA279117FA00C1711E /* UserModel.swift */ = {isa = PBXFileReference; lastKnownFileType = sourcecode.swift; path = UserModel.swift; sourceTree = "<group>"; };
		8C68AACF27911A1000C1711E /* LoginService.swift */ = {isa = PBXFileReference; lastKnownFileType = sourcecode.swift; path = LoginService.swift; sourceTree = "<group>"; };
		8C68AAD227911AD700C1711E /* Ex+Observable.swift */ = {isa = PBXFileReference; lastKnownFileType = sourcecode.swift; path = "Ex+Observable.swift"; sourceTree = "<group>"; };
		8C68AAD62791AF1100C1711E /* RegisterViewController.swift */ = {isa = PBXFileReference; lastKnownFileType = sourcecode.swift; path = RegisterViewController.swift; sourceTree = "<group>"; };
		8C68AAD82791AF3300C1711E /* RegisterViewModel.swift */ = {isa = PBXFileReference; lastKnownFileType = sourcecode.swift; path = RegisterViewModel.swift; sourceTree = "<group>"; };
		8C68AADA2791B57100C1711E /* RegisterService.swift */ = {isa = PBXFileReference; lastKnownFileType = sourcecode.swift; path = RegisterService.swift; sourceTree = "<group>"; };
		8C68AAE0279526C600C1711E /* HomeViewController.swift */ = {isa = PBXFileReference; lastKnownFileType = sourcecode.swift; path = HomeViewController.swift; sourceTree = "<group>"; };
		8C68AAE2279526CF00C1711E /* HomeViewModel.swift */ = {isa = PBXFileReference; lastKnownFileType = sourcecode.swift; path = HomeViewModel.swift; sourceTree = "<group>"; };
		8C68AAFC27954FCB00C1711E /* ChannelListCell.swift */ = {isa = PBXFileReference; lastKnownFileType = sourcecode.swift; path = ChannelListCell.swift; sourceTree = "<group>"; };
		8C68AB0727957ADD00C1711E /* Ex+DateFormatter.swift */ = {isa = PBXFileReference; lastKnownFileType = sourcecode.swift; path = "Ex+DateFormatter.swift"; sourceTree = "<group>"; };
		8C68AB1427969D1200C1711E /* NetworkResult.swift */ = {isa = PBXFileReference; lastKnownFileType = sourcecode.swift; path = NetworkResult.swift; sourceTree = "<group>"; };
		8C68AB192796E70C00C1711E /* WorkspaceListViewController.swift */ = {isa = PBXFileReference; lastKnownFileType = sourcecode.swift; path = WorkspaceListViewController.swift; sourceTree = "<group>"; };
		8C68AB1D27970A3200C1711E /* EditProfileView.swift */ = {isa = PBXFileReference; lastKnownFileType = sourcecode.swift; path = EditProfileView.swift; sourceTree = "<group>"; };
		8C68AB2C2797F5E400C1711E /* SettingsViewController.swift */ = {isa = PBXFileReference; lastKnownFileType = sourcecode.swift; path = SettingsViewController.swift; sourceTree = "<group>"; };
		8C68AB2E2797F62D00C1711E /* SettingsView.xib */ = {isa = PBXFileReference; fileEncoding = 4; lastKnownFileType = file.xib; path = SettingsView.xib; sourceTree = "<group>"; };
		8C953BD2278E90F200D5677E /* WelcomeViewController.swift */ = {isa = PBXFileReference; lastKnownFileType = sourcecode.swift; path = WelcomeViewController.swift; sourceTree = "<group>"; };
		8C962B5827ADAB4300A9A1F5 /* HomeSection.swift */ = {isa = PBXFileReference; lastKnownFileType = sourcecode.swift; path = HomeSection.swift; sourceTree = "<group>"; };
		8C962B5A27ADABE400A9A1F5 /* Channel.swift */ = {isa = PBXFileReference; lastKnownFileType = sourcecode.swift; path = Channel.swift; sourceTree = "<group>"; };
		8C962B5C27ADAC3B00A9A1F5 /* ModelType.swift */ = {isa = PBXFileReference; lastKnownFileType = sourcecode.swift; path = ModelType.swift; sourceTree = "<group>"; };
		8C962B5F27ADAD3100A9A1F5 /* Member.swift */ = {isa = PBXFileReference; lastKnownFileType = sourcecode.swift; path = Member.swift; sourceTree = "<group>"; };
		8C962B6227AEDD4F00A9A1F5 /* User.swift */ = {isa = PBXFileReference; lastKnownFileType = sourcecode.swift; path = User.swift; sourceTree = "<group>"; };
		8CBD452C2799A0C80056A557 /* Ex+UIButton.swift */ = {isa = PBXFileReference; lastKnownFileType = sourcecode.swift; path = "Ex+UIButton.swift"; sourceTree = "<group>"; };
		8CBD452E2799A2C10056A557 /* WorkspaceListViewModel.swift */ = {isa = PBXFileReference; lastKnownFileType = sourcecode.swift; path = WorkspaceListViewModel.swift; sourceTree = "<group>"; };
		8CBD45312799AEFD0056A557 /* WorkspaceListCell.swift */ = {isa = PBXFileReference; lastKnownFileType = sourcecode.swift; path = WorkspaceListCell.swift; sourceTree = "<group>"; };
		8CBD45332799B0E00056A557 /* WorkspaceListCellModel.swift */ = {isa = PBXFileReference; lastKnownFileType = sourcecode.swift; path = WorkspaceListCellModel.swift; sourceTree = "<group>"; };
		8CBD4537279D3F350056A557 /* WorkspaceService.swift */ = {isa = PBXFileReference; lastKnownFileType = sourcecode.swift; path = WorkspaceService.swift; sourceTree = "<group>"; };
		8CBD4541279F047F0056A557 /* KeychainWrapper+keys.swift */ = {isa = PBXFileReference; lastKnownFileType = sourcecode.swift; path = "KeychainWrapper+keys.swift"; sourceTree = "<group>"; };
		8CBD456B27A18E3A0056A557 /* SearchURLWorkspaceViewController.swift */ = {isa = PBXFileReference; lastKnownFileType = sourcecode.swift; path = SearchURLWorkspaceViewController.swift; sourceTree = "<group>"; };
		8CBD456E27A18EDE0056A557 /* SearchURLWorkspaceVeiwModel.swift */ = {isa = PBXFileReference; lastKnownFileType = sourcecode.swift; path = SearchURLWorkspaceVeiwModel.swift; sourceTree = "<group>"; };
		8CBD457427A22A2D0056A557 /* AppConstant.swift */ = {isa = PBXFileReference; lastKnownFileType = sourcecode.swift; path = AppConstant.swift; sourceTree = "<group>"; };
		8CBD457727A25E430056A557 /* PrivateMessageViewController.swift */ = {isa = PBXFileReference; lastKnownFileType = sourcecode.swift; path = PrivateMessageViewController.swift; sourceTree = "<group>"; };
		8CBD457927A287460056A557 /* Ex+NotificationCenter.swift */ = {isa = PBXFileReference; lastKnownFileType = sourcecode.swift; path = "Ex+NotificationCenter.swift"; sourceTree = "<group>"; };
		8CBD457D27A28AEF0056A557 /* MessageKit.swift */ = {isa = PBXFileReference; lastKnownFileType = sourcecode.swift; path = MessageKit.swift; sourceTree = "<group>"; };
		8CBD458A27A3E40B0056A557 /* DirectMessageListViewCell.swift */ = {isa = PBXFileReference; lastKnownFileType = sourcecode.swift; path = DirectMessageListViewCell.swift; sourceTree = "<group>"; };
		8CBD458C27A3E42B0056A557 /* DirectMessageListViewModel.swift */ = {isa = PBXFileReference; lastKnownFileType = sourcecode.swift; path = DirectMessageListViewModel.swift; sourceTree = "<group>"; };
		8CBD458E27A3E46B0056A557 /* DirectMessageListViewController.swift */ = {isa = PBXFileReference; lastKnownFileType = sourcecode.swift; path = DirectMessageListViewController.swift; sourceTree = "<group>"; };
		8CBD459427A3E55F0056A557 /* MemberListCell.swift */ = {isa = PBXFileReference; lastKnownFileType = sourcecode.swift; path = MemberListCell.swift; sourceTree = "<group>"; };
		8CBD459927A41B510056A557 /* PrivateMessageViewModel.swift */ = {isa = PBXFileReference; lastKnownFileType = sourcecode.swift; path = PrivateMessageViewModel.swift; sourceTree = "<group>"; };
		8CBD459E27A56F0A0056A557 /* MessageModel.swift */ = {isa = PBXFileReference; lastKnownFileType = sourcecode.swift; path = MessageModel.swift; sourceTree = "<group>"; };
		8CBD45B727A6CFAB0056A557 /* ProfileViewController.swift */ = {isa = PBXFileReference; lastKnownFileType = sourcecode.swift; path = ProfileViewController.swift; sourceTree = "<group>"; };
		8CBD45B927A6CFCF0056A557 /* ProfileViewModel.swift */ = {isa = PBXFileReference; lastKnownFileType = sourcecode.swift; path = ProfileViewModel.swift; sourceTree = "<group>"; };
		8CBD45BB27A6D6B90056A557 /* ProfileView.xib */ = {isa = PBXFileReference; fileEncoding = 4; lastKnownFileType = file.xib; path = ProfileView.xib; sourceTree = "<group>"; };
		8CBD45BD27A70C440056A557 /* EditProfileView.xib */ = {isa = PBXFileReference; fileEncoding = 4; lastKnownFileType = file.xib; path = EditProfileView.xib; sourceTree = "<group>"; };
		8CBD45C427A7172C0056A557 /* Ex+UIImage.swift */ = {isa = PBXFileReference; lastKnownFileType = sourcecode.swift; path = "Ex+UIImage.swift"; sourceTree = "<group>"; };
		8CBD45CA27A71A310056A557 /* Ex+Data.swift */ = {isa = PBXFileReference; lastKnownFileType = sourcecode.swift; path = "Ex+Data.swift"; sourceTree = "<group>"; };
		8CBD45CE27A71A9E0056A557 /* Ex+String.swift */ = {isa = PBXFileReference; lastKnownFileType = sourcecode.swift; path = "Ex+String.swift"; sourceTree = "<group>"; };
		8CBD45D227A7C2200056A557 /* Ex+Reactive.swift */ = {isa = PBXFileReference; lastKnownFileType = sourcecode.swift; path = "Ex+Reactive.swift"; sourceTree = "<group>"; };
		8CBD45D427A7EF6D0056A557 /* PasswordView.swift */ = {isa = PBXFileReference; lastKnownFileType = sourcecode.swift; path = PasswordView.swift; sourceTree = "<group>"; };
		8CBD45D627A7F0C80056A557 /* PasswordView.xib */ = {isa = PBXFileReference; fileEncoding = 4; lastKnownFileType = file.xib; path = PasswordView.xib; sourceTree = "<group>"; };
		8CBD45D827A8464F0056A557 /* PasscodeView.swift */ = {isa = PBXFileReference; lastKnownFileType = sourcecode.swift; path = PasscodeView.swift; sourceTree = "<group>"; };
		8CBD45DA27A846C50056A557 /* PasscodeView.xib */ = {isa = PBXFileReference; fileEncoding = 4; lastKnownFileType = file.xib; path = PasscodeView.xib; sourceTree = "<group>"; };
		8CBD45DC27A865C20056A557 /* MeidaView.swift */ = {isa = PBXFileReference; lastKnownFileType = sourcecode.swift; path = MeidaView.swift; sourceTree = "<group>"; };
		8CBD45E027A868040056A557 /* MediaView.xib */ = {isa = PBXFileReference; fileEncoding = 4; lastKnownFileType = file.xib; path = MediaView.xib; sourceTree = "<group>"; };
		8CBD45E327A869870056A557 /* NetworkView.swift */ = {isa = PBXFileReference; lastKnownFileType = sourcecode.swift; path = NetworkView.swift; sourceTree = "<group>"; };
		8CBD45E527A869CC0056A557 /* NetworkView.xib */ = {isa = PBXFileReference; fileEncoding = 4; lastKnownFileType = file.xib; path = NetworkView.xib; sourceTree = "<group>"; };
		8CBD45E727A872300056A557 /* CacheView.swift */ = {isa = PBXFileReference; lastKnownFileType = sourcecode.swift; path = CacheView.swift; sourceTree = "<group>"; };
		8CBD45E927A8735B0056A557 /* CacheView.xib */ = {isa = PBXFileReference; fileEncoding = 4; lastKnownFileType = file.xib; path = CacheView.xib; sourceTree = "<group>"; };
		8CBD45EC27A8746E0056A557 /* KeepMediaView.swift */ = {isa = PBXFileReference; lastKnownFileType = sourcecode.swift; path = KeepMediaView.swift; sourceTree = "<group>"; };
		8CBD45EE27A874950056A557 /* KeepMediaView.xib */ = {isa = PBXFileReference; fileEncoding = 4; lastKnownFileType = file.xib; path = KeepMediaView.xib; sourceTree = "<group>"; };
		8CBD45F227A887520056A557 /* StatusView.swift */ = {isa = PBXFileReference; lastKnownFileType = sourcecode.swift; path = StatusView.swift; sourceTree = "<group>"; };
		8CBD45F427A887DE0056A557 /* StatusView.xib */ = {isa = PBXFileReference; fileEncoding = 4; lastKnownFileType = file.xib; path = StatusView.xib; sourceTree = "<group>"; };
		8CC1E79B27ACAC6B00BFE4D1 /* NewWorkspaceFirstViewController.swift */ = {isa = PBXFileReference; lastKnownFileType = sourcecode.swift; path = NewWorkspaceFirstViewController.swift; sourceTree = "<group>"; };
		8CC1E79D27ACADA800BFE4D1 /* NewWorkspaceViewModel.swift */ = {isa = PBXFileReference; lastKnownFileType = sourcecode.swift; path = NewWorkspaceViewModel.swift; sourceTree = "<group>"; };
		8CC1E79F27ACBF1D00BFE4D1 /* NewWorkspaceSecondViewController.swift */ = {isa = PBXFileReference; lastKnownFileType = sourcecode.swift; path = NewWorkspaceSecondViewController.swift; sourceTree = "<group>"; };
		8CC9E8BE27B10487008BE1EA /* APIConstants.swift */ = {isa = PBXFileReference; lastKnownFileType = sourcecode.swift; name = APIConstants.swift; path = "../../../../../../../../Library/Mobile Documents/com~apple~CloudDocs/.Trash/last-punch 오후 3.47.43/src/frontend/ios/Snack/Network/APIConstants.swift"; sourceTree = "<group>"; };
		8CC9E8C227B10A17008BE1EA /* NoteListViewContoller.swift */ = {isa = PBXFileReference; lastKnownFileType = sourcecode.swift; path = NoteListViewContoller.swift; sourceTree = "<group>"; };
		8CC9E8C427B10A24008BE1EA /* NoteListViewModel.swift */ = {isa = PBXFileReference; lastKnownFileType = sourcecode.swift; path = NoteListViewModel.swift; sourceTree = "<group>"; };
		8CC9E8C727B10B8A008BE1EA /* NoteListCell.swift */ = {isa = PBXFileReference; lastKnownFileType = sourcecode.swift; path = NoteListCell.swift; sourceTree = "<group>"; };
		8CC9E8C927B10C9D008BE1EA /* NoteService.swift */ = {isa = PBXFileReference; lastKnownFileType = sourcecode.swift; path = NoteService.swift; sourceTree = "<group>"; };
		8CC9E8CB27B10CAE008BE1EA /* NoteListCellModel.swift */ = {isa = PBXFileReference; lastKnownFileType = sourcecode.swift; path = NoteListCellModel.swift; sourceTree = "<group>"; };
		8CC9E8CD27B11BBB008BE1EA /* GroupMessageViewController.swift */ = {isa = PBXFileReference; lastKnownFileType = sourcecode.swift; path = GroupMessageViewController.swift; sourceTree = "<group>"; };
		8CC9E8CF27B128C3008BE1EA /* GroupMessageViewModel.swift */ = {isa = PBXFileReference; lastKnownFileType = sourcecode.swift; path = GroupMessageViewModel.swift; sourceTree = "<group>"; };
		8CC9E8D127B161B1008BE1EA /* CreateWKWebView.swift */ = {isa = PBXFileReference; lastKnownFileType = sourcecode.swift; path = CreateWKWebView.swift; sourceTree = "<group>"; };
		8CC9E8D527B20C8D008BE1EA /* NoteListReusableView.swift */ = {isa = PBXFileReference; lastKnownFileType = sourcecode.swift; path = NoteListReusableView.swift; sourceTree = "<group>"; };
		8CC9E8D727B22B4C008BE1EA /* NoteSection.swift */ = {isa = PBXFileReference; lastKnownFileType = sourcecode.swift; path = NoteSection.swift; sourceTree = "<group>"; };
		8CC9E8D927B22BDB008BE1EA /* Note.swift */ = {isa = PBXFileReference; lastKnownFileType = sourcecode.swift; path = Note.swift; sourceTree = "<group>"; };
		8CC9E8FB27B2DABF008BE1EA /* UserInvitationViewController.swift */ = {isa = PBXFileReference; lastKnownFileType = sourcecode.swift; path = UserInvitationViewController.swift; sourceTree = "<group>"; };
		8CC9E90B27B3B939008BE1EA /* AccountService.swift */ = {isa = PBXFileReference; lastKnownFileType = sourcecode.swift; path = AccountService.swift; sourceTree = "<group>"; };
		8CC9E90D27B3BA01008BE1EA /* AccountModel.swift */ = {isa = PBXFileReference; lastKnownFileType = sourcecode.swift; path = AccountModel.swift; sourceTree = "<group>"; };
		8CC9E90F27B3FDB5008BE1EA /* ChatStompWebsocket.swift */ = {isa = PBXFileReference; lastKnownFileType = sourcecode.swift; path = ChatStompWebsocket.swift; sourceTree = "<group>"; };
		8CCFFA6527B95179005D4D13 /* NewChannelViewController.swift */ = {isa = PBXFileReference; lastKnownFileType = sourcecode.swift; path = NewChannelViewController.swift; sourceTree = "<group>"; };
		8CCFFA6B27B9524F005D4D13 /* NewChannelView.xib */ = {isa = PBXFileReference; fileEncoding = 4; lastKnownFileType = file.xib; path = NewChannelView.xib; sourceTree = "<group>"; };
		8CCFFA6D27B964B2005D4D13 /* ChannelService.swift */ = {isa = PBXFileReference; lastKnownFileType = sourcecode.swift; path = ChannelService.swift; sourceTree = "<group>"; };
		8CCFFA6F27B965A8005D4D13 /* ChannelModel.swift */ = {isa = PBXFileReference; lastKnownFileType = sourcecode.swift; path = ChannelModel.swift; sourceTree = "<group>"; };
		8CCFFA7227B97DAE005D4D13 /* UserSearchViewController.swift */ = {isa = PBXFileReference; lastKnownFileType = sourcecode.swift; path = UserSearchViewController.swift; sourceTree = "<group>"; };
		8CCFFA7627B984A3005D4D13 /* UserSearchCell.swift */ = {isa = PBXFileReference; lastKnownFileType = sourcecode.swift; path = UserSearchCell.swift; sourceTree = "<group>"; };
		8CCFFA7827B98CCA005D4D13 /* UserSearchView.xib */ = {isa = PBXFileReference; fileEncoding = 4; lastKnownFileType = file.xib; path = UserSearchView.xib; sourceTree = "<group>"; };
		8CCFFA7D27B9E98E005D4D13 /* LogOutViewModel.swift */ = {isa = PBXFileReference; fileEncoding = 4; lastKnownFileType = sourcecode.swift; path = LogOutViewModel.swift; sourceTree = "<group>"; };
		8CCFFA7F27B9E98E005D4D13 /* ImagePicker.swift */ = {isa = PBXFileReference; fileEncoding = 4; lastKnownFileType = sourcecode.swift; path = ImagePicker.swift; sourceTree = "<group>"; };
		8CCFFA8027B9E98E005D4D13 /* NavigationController.swift */ = {isa = PBXFileReference; fileEncoding = 4; lastKnownFileType = sourcecode.swift; path = NavigationController.swift; sourceTree = "<group>"; };
		8CCFFA8127B9E98E005D4D13 /* Cryptor.swift */ = {isa = PBXFileReference; fileEncoding = 4; lastKnownFileType = sourcecode.swift; path = Cryptor.swift; sourceTree = "<group>"; };
		8CCFFA8227B9E98E005D4D13 /* Password.swift */ = {isa = PBXFileReference; fileEncoding = 4; lastKnownFileType = sourcecode.swift; path = Password.swift; sourceTree = "<group>"; };
		8CCFFA8427B9E98E005D4D13 /* Media.swift */ = {isa = PBXFileReference; fileEncoding = 4; lastKnownFileType = sourcecode.swift; path = Media.swift; sourceTree = "<group>"; };
		8CCFFA8527B9E98E005D4D13 /* CreateHomeTabController.swift */ = {isa = PBXFileReference; fileEncoding = 4; lastKnownFileType = sourcecode.swift; path = CreateHomeTabController.swift; sourceTree = "<group>"; };
		8CCFFA8727B9E98F005D4D13 /* NotoSansKR-Regular 2.otf */ = {isa = PBXFileReference; lastKnownFileType = file; path = "NotoSansKR-Regular 2.otf"; sourceTree = "<group>"; };
		8CCFFA8827B9E98F005D4D13 /* NotoSansKR-Bold.otf */ = {isa = PBXFileReference; lastKnownFileType = file; path = "NotoSansKR-Bold.otf"; sourceTree = "<group>"; };
		8CCFFA8927B9E98F005D4D13 /* NotoSansKR-Bold 2.otf */ = {isa = PBXFileReference; lastKnownFileType = file; path = "NotoSansKR-Bold 2.otf"; sourceTree = "<group>"; };
		8CCFFA8A27B9E98F005D4D13 /* NotoSansKR-Regular.otf */ = {isa = PBXFileReference; lastKnownFileType = file; path = "NotoSansKR-Regular.otf"; sourceTree = "<group>"; };
		8CCFFA8B27B9E98F005D4D13 /* Credentials.swift */ = {isa = PBXFileReference; fileEncoding = 4; lastKnownFileType = sourcecode.swift; path = Credentials.swift; sourceTree = "<group>"; };
		8CCFFA9927B9EAC2005D4D13 /* PaginationAction.swift */ = {isa = PBXFileReference; lastKnownFileType = sourcecode.swift; path = PaginationAction.swift; sourceTree = "<group>"; };
		8CCFFAA327BA767B005D4D13 /* UserInvitationView.xib */ = {isa = PBXFileReference; fileEncoding = 4; lastKnownFileType = file.xib; path = UserInvitationView.xib; sourceTree = "<group>"; };
		8CCFFAA827BAA783005D4D13 /* UserSearchCell.xib */ = {isa = PBXFileReference; fileEncoding = 4; lastKnownFileType = file.xib; path = UserSearchCell.xib; sourceTree = "<group>"; };
		8CCFFAAA27BB41AB005D4D13 /* Ex+UIViewController.swift */ = {isa = PBXFileReference; lastKnownFileType = sourcecode.swift; path = "Ex+UIViewController.swift"; sourceTree = "<group>"; };
		8CCFFAAC27BB48CE005D4D13 /* GroupDetailsViewController.swift */ = {isa = PBXFileReference; lastKnownFileType = sourcecode.swift; path = GroupDetailsViewController.swift; sourceTree = "<group>"; };
		8CCFFAAF27BB48E3005D4D13 /* GroupDetailsView.xib */ = {isa = PBXFileReference; fileEncoding = 4; lastKnownFileType = file.xib; path = GroupDetailsView.xib; sourceTree = "<group>"; };
		8CCFFAB127BD12DB005D4D13 /* ChatService.swift */ = {isa = PBXFileReference; lastKnownFileType = sourcecode.swift; path = ChatService.swift; sourceTree = "<group>"; };
		8CCFFAB327BD180C005D4D13 /* ChatModel.swift */ = {isa = PBXFileReference; lastKnownFileType = sourcecode.swift; path = ChatModel.swift; sourceTree = "<group>"; };
		8CCFFAB627BE8A47005D4D13 /* ChannelSearchViewController.swift */ = {isa = PBXFileReference; lastKnownFileType = sourcecode.swift; path = ChannelSearchViewController.swift; sourceTree = "<group>"; };
		8CCFFABA27BE8B60005D4D13 /* ChannelSearchView.xib */ = {isa = PBXFileReference; fileEncoding = 4; lastKnownFileType = file.xib; path = ChannelSearchView.xib; sourceTree = "<group>"; };
		8CCFFABD27BE8E24005D4D13 /* ChannelSearchCell.swift */ = {isa = PBXFileReference; lastKnownFileType = sourcecode.swift; path = ChannelSearchCell.swift; sourceTree = "<group>"; };
		8CCFFAC127BE8EBF005D4D13 /* ChannelSearchCell.xib */ = {isa = PBXFileReference; fileEncoding = 4; lastKnownFileType = file.xib; path = ChannelSearchCell.xib; sourceTree = "<group>"; };
		8CCFFAC327BE975D005D4D13 /* CustomMessagesFlowLayout.swift */ = {isa = PBXFileReference; lastKnownFileType = sourcecode.swift; path = CustomMessagesFlowLayout.swift; sourceTree = "<group>"; };
		8CCFFAC527BE9793005D4D13 /* CustomCell.swift */ = {isa = PBXFileReference; lastKnownFileType = sourcecode.swift; path = CustomCell.swift; sourceTree = "<group>"; };
		8CCFFAC927C023AA005D4D13 /* PresenceWebsocket.swift */ = {isa = PBXFileReference; lastKnownFileType = sourcecode.swift; path = PresenceWebsocket.swift; sourceTree = "<group>"; };
		8CCFFACB27C0C462005D4D13 /* PresenceModel.swift */ = {isa = PBXFileReference; lastKnownFileType = sourcecode.swift; path = PresenceModel.swift; sourceTree = "<group>"; };
		8CCFFAD027C0CC30005D4D13 /* StatusCell.swift */ = {isa = PBXFileReference; lastKnownFileType = sourcecode.swift; path = StatusCell.swift; sourceTree = "<group>"; };
		8CCFFAD227C0CC66005D4D13 /* StatusCell.xib */ = {isa = PBXFileReference; fileEncoding = 4; lastKnownFileType = file.xib; path = StatusCell.xib; sourceTree = "<group>"; };
		8CCFFAD427C0D622005D4D13 /* PresenceService.swift */ = {isa = PBXFileReference; lastKnownFileType = sourcecode.swift; path = PresenceService.swift; sourceTree = "<group>"; };
		8CCFFAD727C10357005D4D13 /* EditWorkspaceView.xib */ = {isa = PBXFileReference; fileEncoding = 4; lastKnownFileType = file.xib; path = EditWorkspaceView.xib; sourceTree = "<group>"; };
		8CCFFAD927C1042B005D4D13 /* EditWorkspaceView.swift */ = {isa = PBXFileReference; lastKnownFileType = sourcecode.swift; path = EditWorkspaceView.swift; sourceTree = "<group>"; };
		8CCFFADD27C11BDC005D4D13 /* SelectImageView.swift */ = {isa = PBXFileReference; lastKnownFileType = sourcecode.swift; path = SelectImageView.swift; sourceTree = "<group>"; };
		8CCFFAE127C11E70005D4D13 /* SelectImageView.xib */ = {isa = PBXFileReference; fileEncoding = 4; lastKnownFileType = file.xib; path = SelectImageView.xib; sourceTree = "<group>"; };
		8CCFFAE427C12093005D4D13 /* SelectImageCell.xib */ = {isa = PBXFileReference; fileEncoding = 4; lastKnownFileType = file.xib; path = SelectImageCell.xib; sourceTree = "<group>"; };
		8CCFFAE727C120AE005D4D13 /* SelectImageCell.swift */ = {isa = PBXFileReference; lastKnownFileType = sourcecode.swift; path = SelectImageCell.swift; sourceTree = "<group>"; };
		8CCFFAE927C2174A005D4D13 /* Ex+UIColor.swift */ = {isa = PBXFileReference; lastKnownFileType = sourcecode.swift; path = "Ex+UIColor.swift"; sourceTree = "<group>"; };
		F19F7FAD89A199A756B7E6F1 /* Pods-Snack.debug.xcconfig */ = {isa = PBXFileReference; includeInIndex = 1; lastKnownFileType = text.xcconfig; name = "Pods-Snack.debug.xcconfig"; path = "Target Support Files/Pods-Snack/Pods-Snack.debug.xcconfig"; sourceTree = "<group>"; };
/* End PBXFileReference section */

/* Begin PBXFrameworksBuildPhase section */
		8C33C4E1277BF06100294445 /* Frameworks */ = {
			isa = PBXFrameworksBuildPhase;
			buildActionMask = 2147483647;
			files = (
				EE3B36D910288C06FC5383FD /* Pods_Snack.framework in Frameworks */,
				9E5ADB5C51058AF83477731C /* Pods_Snack.framework in Frameworks */,
			);
			runOnlyForDeploymentPostprocessing = 0;
		};
/* End PBXFrameworksBuildPhase section */

/* Begin PBXGroup section */
		54B4FB4FC8E8D90CE071B671 /* Frameworks */ = {
			isa = PBXGroup;
			children = (
				19B5C789142A2C6B28D343DE /* Pods_Snack.framework */,
			);
			name = Frameworks;
			sourceTree = "<group>";
		};
		8C19E415278B31410086F374 /* Models */ = {
			isa = PBXGroup;
			children = (
				8C68AAF1279539F700C1711E /* Entity */,
				8CBD454A27A064FA0056A557 /* Section */,
			);
			path = Models;
			sourceTree = "<group>";
		};
		8C33C4DB277BF06100294445 = {
			isa = PBXGroup;
			children = (
				8C33C4E6277BF06100294445 /* Snack */,
				8C33C4E5277BF06100294445 /* Products */,
				B2B4A968D3E00D2B1E6F53BC /* Pods */,
				54B4FB4FC8E8D90CE071B671 /* Frameworks */,
			);
			sourceTree = "<group>";
		};
		8C33C4E5277BF06100294445 /* Products */ = {
			isa = PBXGroup;
			children = (
				8C33C4E4277BF06100294445 /* Snack.app */,
			);
			name = Products;
			sourceTree = "<group>";
		};
		8C33C4E6277BF06100294445 /* Snack */ = {
			isa = PBXGroup;
			children = (
				8C19E412278B23FB0086F374 /* Snack.entitlements */,
				8C33C4E7277BF06100294445 /* AppDelegate.swift */,
				8CBD457427A22A2D0056A557 /* AppConstant.swift */,
				8C33C4E9277BF06100294445 /* SceneDelegate.swift */,
				8C68AAD127911ABC00C1711E /* Extensions */,
				8C68AACE279119D700C1711E /* Network */,
				8CCFFA7C27B9E98E005D4D13 /* Utilities */,
				8C19E415278B31410086F374 /* Models */,
				8C845299278C272C001A81FD /* ViewControllers */,
				8C33C4F0277BF06200294445 /* Assets.xcassets */,
				8C33C4F2277BF06200294445 /* LaunchScreen.storyboard */,
				8C33C4F5277BF06200294445 /* Info.plist */,
				8C19E4102786B35B0086F374 /* GoogleService-Info.plist */,
			);
			path = Snack;
			sourceTree = "<group>";
		};
		8C68AABF279093B600C1711E /* WelcomeView */ = {
			isa = PBXGroup;
			children = (
				8C68AAC1279093F300C1711E /* LoginEmail */,
				8CCFFA9F27BA0537005D4D13 /* RegisterEmail */,
				8C953BD2278E90F200D5677E /* WelcomeViewController.swift */,
			);
			path = WelcomeView;
			sourceTree = "<group>";
		};
		8C68AAC1279093F300C1711E /* LoginEmail */ = {
			isa = PBXGroup;
			children = (
				8C68AAC227909BC200C1711E /* LoginViewController.swift */,
				8C68AAC427909BD000C1711E /* LoginViewModel.swift */,
			);
			path = LoginEmail;
			sourceTree = "<group>";
		};
		8C68AAC62791163900C1711E /* Protocols */ = {
			isa = PBXGroup;
			children = (
				8C68AAC82791166F00C1711E /* ViewModelProtocol.swift */,
			);
			path = Protocols;
			sourceTree = "<group>";
		};
		8C68AACE279119D700C1711E /* Network */ = {
			isa = PBXGroup;
			children = (
				8C68AAC62791163900C1711E /* Protocols */,
				8C68AACF27911A1000C1711E /* LoginService.swift */,
				8C68AADA2791B57100C1711E /* RegisterService.swift */,
				8CBD4537279D3F350056A557 /* WorkspaceService.swift */,
				8CC9E90B27B3B939008BE1EA /* AccountService.swift */,
				8CCFFA6D27B964B2005D4D13 /* ChannelService.swift */,
				8CC9E8C927B10C9D008BE1EA /* NoteService.swift */,
				8CCFFAB127BD12DB005D4D13 /* ChatService.swift */,
				8CCFFAD427C0D622005D4D13 /* PresenceService.swift */,
				8CC9E90F27B3FDB5008BE1EA /* ChatStompWebsocket.swift */,
				8CCFFAC927C023AA005D4D13 /* PresenceWebsocket.swift */,
				8C68AB1427969D1200C1711E /* NetworkResult.swift */,
				8CC9E8BE27B10487008BE1EA /* APIConstants.swift */,
			);
			path = Network;
			sourceTree = "<group>";
		};
		8C68AAD127911ABC00C1711E /* Extensions */ = {
			isa = PBXGroup;
			children = (
				8C68AAD227911AD700C1711E /* Ex+Observable.swift */,
				8CBD457927A287460056A557 /* Ex+NotificationCenter.swift */,
				8CBD452C2799A0C80056A557 /* Ex+UIButton.swift */,
				8C68AB0727957ADD00C1711E /* Ex+DateFormatter.swift */,
				8CBD45C427A7172C0056A557 /* Ex+UIImage.swift */,
				8CBD45CA27A71A310056A557 /* Ex+Data.swift */,
				8CBD45CE27A71A9E0056A557 /* Ex+String.swift */,
				8CBD45D227A7C2200056A557 /* Ex+Reactive.swift */,
				8CCFFAAA27BB41AB005D4D13 /* Ex+UIViewController.swift */,
				8CCFFAE927C2174A005D4D13 /* Ex+UIColor.swift */,
				8CBD4541279F047F0056A557 /* KeychainWrapper+keys.swift */,
			);
			path = Extensions;
			sourceTree = "<group>";
		};
		8C68AADC279524EB00C1711E /* HomeView */ = {
			isa = PBXGroup;
			children = (
				8C68AADD2795269100C1711E /* Tabs */,
			);
			path = HomeView;
			sourceTree = "<group>";
		};
		8C68AADD2795269100C1711E /* Tabs */ = {
			isa = PBXGroup;
			children = (
				8CCFFADC27C11BC7005D4D13 /* SelectImage */,
				8C68AAE5279526E800C1711E /* Home */,
				8CBD458727A3E2E20056A557 /* DirectMessage */,
				8C68AAE92795281D00C1711E /* Settings */,
			);
			path = Tabs;
			sourceTree = "<group>";
		};
		8C68AAE5279526E800C1711E /* Home */ = {
			isa = PBXGroup;
			children = (
				8CCFFAD627C10326005D4D13 /* EditWorkspace */,
				8CCFFAB527BE8A18005D4D13 /* ChannelSearch */,
				8CCFFAA127BA0559005D4D13 /* NewChannel */,
				8C962B6127AE6A1C00A9A1F5 /* Cell */,
				8C68AAE0279526C600C1711E /* HomeViewController.swift */,
				8C68AAE2279526CF00C1711E /* HomeViewModel.swift */,
			);
			path = Home;
			sourceTree = "<group>";
		};
		8C68AAE92795281D00C1711E /* Settings */ = {
			isa = PBXGroup;
			children = (
				8C68AB1F27970A3600C1711E /* EditProfile */,
				8CBD45BF27A70C5B0056A557 /* Password */,
				8CBD45C027A70C640056A557 /* Passcode */,
				8CBD45C127A70C6B0056A557 /* Status */,
				8CBD45C227A70C900056A557 /* Cache */,
				8CBD45C327A70C9A0056A557 /* Media */,
				8C68AB2C2797F5E400C1711E /* SettingsViewController.swift */,
				8C68AB2E2797F62D00C1711E /* SettingsView.xib */,
			);
			path = Settings;
			sourceTree = "<group>";
		};
		8C68AAF1279539F700C1711E /* Entity */ = {
			isa = PBXGroup;
			children = (
				8C962B5E27ADAC6E00A9A1F5 /* Protocols */,
				8C962B6427AEDD5600A9A1F5 /* Data */,
				8C68AACA279117FA00C1711E /* UserModel.swift */,
				8CBD45332799B0E00056A557 /* WorkspaceListCellModel.swift */,
				8CC9E90D27B3BA01008BE1EA /* AccountModel.swift */,
				8CCFFA6F27B965A8005D4D13 /* ChannelModel.swift */,
				8CBD459E27A56F0A0056A557 /* MessageModel.swift */,
				8CC9E8CB27B10CAE008BE1EA /* NoteListCellModel.swift */,
				8CCFFAB327BD180C005D4D13 /* ChatModel.swift */,
				8CCFFACB27C0C462005D4D13 /* PresenceModel.swift */,
			);
			path = Entity;
			sourceTree = "<group>";
		};
		8C68AB182796E67200C1711E /* WorkspaceListView */ = {
			isa = PBXGroup;
			children = (
				8CC1E79A27ACAC2900BFE4D1 /* NewWorkspace */,
				8CBD456D27A18E3F0056A557 /* SearchURLWorkspace */,
				8C68AB192796E70C00C1711E /* WorkspaceListViewController.swift */,
				8CBD452E2799A2C10056A557 /* WorkspaceListViewModel.swift */,
				8CBD45312799AEFD0056A557 /* WorkspaceListCell.swift */,
			);
			path = WorkspaceListView;
			sourceTree = "<group>";
		};
		8C68AB1F27970A3600C1711E /* EditProfile */ = {
			isa = PBXGroup;
			children = (
				8C68AB1D27970A3200C1711E /* EditProfileView.swift */,
				8CBD45BD27A70C440056A557 /* EditProfileView.xib */,
			);
			path = EditProfile;
			sourceTree = "<group>";
		};
		8C845299278C272C001A81FD /* ViewControllers */ = {
			isa = PBXGroup;
			children = (
				8C68AABF279093B600C1711E /* WelcomeView */,
				8C68AB182796E67200C1711E /* WorkspaceListView */,
				8C68AADC279524EB00C1711E /* HomeView */,
				8CBD457627A25D9A0056A557 /* ChatView */,
			);
			path = ViewControllers;
			sourceTree = "<group>";
		};
		8C962B5E27ADAC6E00A9A1F5 /* Protocols */ = {
			isa = PBXGroup;
			children = (
				8C962B5C27ADAC3B00A9A1F5 /* ModelType.swift */,
			);
			path = Protocols;
			sourceTree = "<group>";
		};
		8C962B6127AE6A1C00A9A1F5 /* Cell */ = {
			isa = PBXGroup;
			children = (
				8C68AAFC27954FCB00C1711E /* ChannelListCell.swift */,
				8CBD459427A3E55F0056A557 /* MemberListCell.swift */,
			);
			path = Cell;
			sourceTree = "<group>";
		};
		8C962B6427AEDD5600A9A1F5 /* Data */ = {
			isa = PBXGroup;
			children = (
				8C962B6227AEDD4F00A9A1F5 /* User.swift */,
				8C962B5A27ADABE400A9A1F5 /* Channel.swift */,
				8C962B5F27ADAD3100A9A1F5 /* Member.swift */,
				8CC9E8D927B22BDB008BE1EA /* Note.swift */,
				8CCFFA8B27B9E98F005D4D13 /* Credentials.swift */,
			);
			path = Data;
			sourceTree = "<group>";
		};
		8CBD454A27A064FA0056A557 /* Section */ = {
			isa = PBXGroup;
			children = (
				8C962B5827ADAB4300A9A1F5 /* HomeSection.swift */,
				8CC9E8D727B22B4C008BE1EA /* NoteSection.swift */,
			);
			path = Section;
			sourceTree = "<group>";
		};
		8CBD456D27A18E3F0056A557 /* SearchURLWorkspace */ = {
			isa = PBXGroup;
			children = (
				8CBD456B27A18E3A0056A557 /* SearchURLWorkspaceViewController.swift */,
				8CBD456E27A18EDE0056A557 /* SearchURLWorkspaceVeiwModel.swift */,
			);
			path = SearchURLWorkspace;
			sourceTree = "<group>";
		};
		8CBD457627A25D9A0056A557 /* ChatView */ = {
			isa = PBXGroup;
			children = (
				8CBD45B627A6CF320056A557 /* Profile */,
				8CC9E8C627B10A28008BE1EA /* Note */,
				8CCFFAAE27BB48D6005D4D13 /* GroupDetails */,
				8CCFFAC727BE97AB005D4D13 /* MessageSource */,
				8CC9E8CD27B11BBB008BE1EA /* GroupMessageViewController.swift */,
				8CC9E8CF27B128C3008BE1EA /* GroupMessageViewModel.swift */,
				8CBD457727A25E430056A557 /* PrivateMessageViewController.swift */,
				8CBD459927A41B510056A557 /* PrivateMessageViewModel.swift */,
			);
			path = ChatView;
			sourceTree = "<group>";
		};
		8CBD458727A3E2E20056A557 /* DirectMessage */ = {
			isa = PBXGroup;
			children = (
				8CCFFAA227BA056A005D4D13 /* UserSearch */,
				8CC9E8FF27B2DACC008BE1EA /* UserInvitation */,
				8CBD458E27A3E46B0056A557 /* DirectMessageListViewController.swift */,
				8CBD458C27A3E42B0056A557 /* DirectMessageListViewModel.swift */,
				8CBD458A27A3E40B0056A557 /* DirectMessageListViewCell.swift */,
			);
			path = DirectMessage;
			sourceTree = "<group>";
		};
		8CBD45B627A6CF320056A557 /* Profile */ = {
			isa = PBXGroup;
			children = (
				8CBD45B727A6CFAB0056A557 /* ProfileViewController.swift */,
				8CBD45B927A6CFCF0056A557 /* ProfileViewModel.swift */,
				8CBD45BB27A6D6B90056A557 /* ProfileView.xib */,
			);
			path = Profile;
			sourceTree = "<group>";
		};
		8CBD45BF27A70C5B0056A557 /* Password */ = {
			isa = PBXGroup;
			children = (
				8CBD45D427A7EF6D0056A557 /* PasswordView.swift */,
				8CBD45D627A7F0C80056A557 /* PasswordView.xib */,
			);
			path = Password;
			sourceTree = "<group>";
		};
		8CBD45C027A70C640056A557 /* Passcode */ = {
			isa = PBXGroup;
			children = (
				8CBD45D827A8464F0056A557 /* PasscodeView.swift */,
				8CBD45DA27A846C50056A557 /* PasscodeView.xib */,
			);
			path = Passcode;
			sourceTree = "<group>";
		};
		8CBD45C127A70C6B0056A557 /* Status */ = {
			isa = PBXGroup;
			children = (
				8CCFFACF27C0CC13005D4D13 /* Cell */,
				8CBD45F227A887520056A557 /* StatusView.swift */,
				8CBD45F427A887DE0056A557 /* StatusView.xib */,
			);
			path = Status;
			sourceTree = "<group>";
		};
		8CBD45C227A70C900056A557 /* Cache */ = {
			isa = PBXGroup;
			children = (
				8CBD45EB27A874580056A557 /* KeepMedia */,
				8CBD45E727A872300056A557 /* CacheView.swift */,
				8CBD45E927A8735B0056A557 /* CacheView.xib */,
			);
			path = Cache;
			sourceTree = "<group>";
		};
		8CBD45C327A70C9A0056A557 /* Media */ = {
			isa = PBXGroup;
			children = (
				8CBD45E227A869620056A557 /* NetworkView */,
				8CBD45DC27A865C20056A557 /* MeidaView.swift */,
				8CBD45E027A868040056A557 /* MediaView.xib */,
			);
			path = Media;
			sourceTree = "<group>";
		};
		8CBD45E227A869620056A557 /* NetworkView */ = {
			isa = PBXGroup;
			children = (
				8CBD45E327A869870056A557 /* NetworkView.swift */,
				8CBD45E527A869CC0056A557 /* NetworkView.xib */,
			);
			path = NetworkView;
			sourceTree = "<group>";
		};
		8CBD45EB27A874580056A557 /* KeepMedia */ = {
			isa = PBXGroup;
			children = (
				8CBD45EC27A8746E0056A557 /* KeepMediaView.swift */,
				8CBD45EE27A874950056A557 /* KeepMediaView.xib */,
			);
			path = KeepMedia;
			sourceTree = "<group>";
		};
		8CC1E79A27ACAC2900BFE4D1 /* NewWorkspace */ = {
			isa = PBXGroup;
			children = (
				8CC1E79B27ACAC6B00BFE4D1 /* NewWorkspaceFirstViewController.swift */,
				8CC1E79F27ACBF1D00BFE4D1 /* NewWorkspaceSecondViewController.swift */,
				8CC1E79D27ACADA800BFE4D1 /* NewWorkspaceViewModel.swift */,
			);
			path = NewWorkspace;
			sourceTree = "<group>";
		};
		8CC9E8C627B10A28008BE1EA /* Note */ = {
			isa = PBXGroup;
			children = (
				8CC9E8C227B10A17008BE1EA /* NoteListViewContoller.swift */,
				8CC9E8C427B10A24008BE1EA /* NoteListViewModel.swift */,
				8CC9E8C727B10B8A008BE1EA /* NoteListCell.swift */,
				8CC9E8D527B20C8D008BE1EA /* NoteListReusableView.swift */,
				8CC9E8D127B161B1008BE1EA /* CreateWKWebView.swift */,
			);
			path = Note;
			sourceTree = "<group>";
		};
		8CC9E8FF27B2DACC008BE1EA /* UserInvitation */ = {
			isa = PBXGroup;
			children = (
				8CC9E8FB27B2DABF008BE1EA /* UserInvitationViewController.swift */,
				8CCFFAA327BA767B005D4D13 /* UserInvitationView.xib */,
			);
			path = UserInvitation;
			sourceTree = "<group>";
		};
		8CCFFA7C27B9E98E005D4D13 /* Utilities */ = {
			isa = PBXGroup;
			children = (
				8CCFFA7E27B9E98E005D4D13 /* Other */,
				8CCFFA8627B9E98F005D4D13 /* Fonts */,
				8CCFFA8527B9E98E005D4D13 /* CreateHomeTabController.swift */,
				8CCFFA7D27B9E98E005D4D13 /* LogOutViewModel.swift */,
				8CCFFA9927B9EAC2005D4D13 /* PaginationAction.swift */,
			);
			path = Utilities;
			sourceTree = "<group>";
		};
		8CCFFA7E27B9E98E005D4D13 /* Other */ = {
			isa = PBXGroup;
			children = (
				8CCFFA8027B9E98E005D4D13 /* NavigationController.swift */,
				8CCFFA7F27B9E98E005D4D13 /* ImagePicker.swift */,
				8CCFFA8227B9E98E005D4D13 /* Password.swift */,
				8CCFFA8127B9E98E005D4D13 /* Cryptor.swift */,
				8CCFFA8427B9E98E005D4D13 /* Media.swift */,
			);
			path = Other;
			sourceTree = "<group>";
		};
		8CCFFA8627B9E98F005D4D13 /* Fonts */ = {
			isa = PBXGroup;
			children = (
				8CCFFA8727B9E98F005D4D13 /* NotoSansKR-Regular 2.otf */,
				8CCFFA8827B9E98F005D4D13 /* NotoSansKR-Bold.otf */,
				8CCFFA8927B9E98F005D4D13 /* NotoSansKR-Bold 2.otf */,
				8CCFFA8A27B9E98F005D4D13 /* NotoSansKR-Regular.otf */,
			);
			path = Fonts;
			sourceTree = "<group>";
		};
		8CCFFA9F27BA0537005D4D13 /* RegisterEmail */ = {
			isa = PBXGroup;
			children = (
				8C68AAD62791AF1100C1711E /* RegisterViewController.swift */,
				8C68AAD82791AF3300C1711E /* RegisterViewModel.swift */,
			);
			path = RegisterEmail;
			sourceTree = "<group>";
		};
		8CCFFAA127BA0559005D4D13 /* NewChannel */ = {
			isa = PBXGroup;
			children = (
				8CCFFA6527B95179005D4D13 /* NewChannelViewController.swift */,
				8CCFFA6B27B9524F005D4D13 /* NewChannelView.xib */,
			);
			path = NewChannel;
			sourceTree = "<group>";
		};
		8CCFFAA227BA056A005D4D13 /* UserSearch */ = {
			isa = PBXGroup;
			children = (
				8CCFFAA727BAA66D005D4D13 /* UserSearchCell */,
				8CCFFA7227B97DAE005D4D13 /* UserSearchViewController.swift */,
				8CCFFA7827B98CCA005D4D13 /* UserSearchView.xib */,
			);
			path = UserSearch;
			sourceTree = "<group>";
		};
		8CCFFAA727BAA66D005D4D13 /* UserSearchCell */ = {
			isa = PBXGroup;
			children = (
				8CCFFA7627B984A3005D4D13 /* UserSearchCell.swift */,
				8CCFFAA827BAA783005D4D13 /* UserSearchCell.xib */,
			);
			path = UserSearchCell;
			sourceTree = "<group>";
		};
		8CCFFAAE27BB48D6005D4D13 /* GroupDetails */ = {
			isa = PBXGroup;
			children = (
				8CCFFAAC27BB48CE005D4D13 /* GroupDetailsViewController.swift */,
				8CCFFAAF27BB48E3005D4D13 /* GroupDetailsView.xib */,
			);
			path = GroupDetails;
			sourceTree = "<group>";
		};
		8CCFFAB527BE8A18005D4D13 /* ChannelSearch */ = {
			isa = PBXGroup;
			children = (
				8CCFFABC27BE8E0B005D4D13 /* ChannelSearchCell */,
				8CCFFAB627BE8A47005D4D13 /* ChannelSearchViewController.swift */,
				8CCFFABA27BE8B60005D4D13 /* ChannelSearchView.xib */,
			);
			name = ChannelSearch;
			sourceTree = "<group>";
		};
		8CCFFABC27BE8E0B005D4D13 /* ChannelSearchCell */ = {
			isa = PBXGroup;
			children = (
				8CCFFABD27BE8E24005D4D13 /* ChannelSearchCell.swift */,
				8CCFFAC127BE8EBF005D4D13 /* ChannelSearchCell.xib */,
			);
			path = ChannelSearchCell;
			sourceTree = "<group>";
		};
		8CCFFAC727BE97AB005D4D13 /* MessageSource */ = {
			isa = PBXGroup;
			children = (
				8CCFFAC827BE9F23005D4D13 /* Layout */,
				8CCFFAC527BE9793005D4D13 /* CustomCell.swift */,
				8CBD457D27A28AEF0056A557 /* MessageKit.swift */,
			);
			path = MessageSource;
			sourceTree = "<group>";
		};
		8CCFFAC827BE9F23005D4D13 /* Layout */ = {
			isa = PBXGroup;
			children = (
				8CCFFAC327BE975D005D4D13 /* CustomMessagesFlowLayout.swift */,
			);
			path = Layout;
			sourceTree = "<group>";
		};
		8CCFFACF27C0CC13005D4D13 /* Cell */ = {
			isa = PBXGroup;
			children = (
				8CCFFAD027C0CC30005D4D13 /* StatusCell.swift */,
				8CCFFAD227C0CC66005D4D13 /* StatusCell.xib */,
			);
			path = Cell;
			sourceTree = "<group>";
		};
		8CCFFAD627C10326005D4D13 /* EditWorkspace */ = {
			isa = PBXGroup;
			children = (
				8CCFFAD927C1042B005D4D13 /* EditWorkspaceView.swift */,
				8CCFFAD727C10357005D4D13 /* EditWorkspaceView.xib */,
			);
			name = EditWorkspace;
			sourceTree = "<group>";
		};
		8CCFFADC27C11BC7005D4D13 /* SelectImage */ = {
			isa = PBXGroup;
			children = (
				8CCFFAE727C120AE005D4D13 /* SelectImageCell.swift */,
				8CCFFAE427C12093005D4D13 /* SelectImageCell.xib */,
				8CCFFADD27C11BDC005D4D13 /* SelectImageView.swift */,
				8CCFFAE127C11E70005D4D13 /* SelectImageView.xib */,
			);
			path = SelectImage;
			sourceTree = "<group>";
		};
		A552636F1460E7A24E654777 /* Frameworks */ = {
			isa = PBXGroup;
			children = (
				5BD7615966730183AC1D70B3 /* Pods_Snack.framework */,
			);
			name = Frameworks;
			path = ..;
			sourceTree = "<group>";
		};
		B2B4A968D3E00D2B1E6F53BC /* Pods */ = {
			isa = PBXGroup;
			children = (
				A552636F1460E7A24E654777 /* Frameworks */,
				F19F7FAD89A199A756B7E6F1 /* Pods-Snack.debug.xcconfig */,
				0349F0237A28CF144982DE22 /* Pods-Snack.release.xcconfig */,
			);
			path = Pods;
			sourceTree = "<group>";
		};
/* End PBXGroup section */

/* Begin PBXNativeTarget section */
		8C33C4E3277BF06100294445 /* Snack */ = {
			isa = PBXNativeTarget;
			buildConfigurationList = 8C33C4F8277BF06200294445 /* Build configuration list for PBXNativeTarget "Snack" */;
			buildPhases = (
				412BEEC950C8C52910D283F6 /* [CP] Check Pods Manifest.lock */,
				8C33C4E0277BF06100294445 /* Sources */,
				8C33C4E1277BF06100294445 /* Frameworks */,
				8C33C4E2277BF06100294445 /* Resources */,
				2EA5AE1B82DFB454467AECD8 /* [CP] Embed Pods Frameworks */,
			);
			buildRules = (
			);
			dependencies = (
			);
			name = Snack;
			productName = Snack;
			productReference = 8C33C4E4277BF06100294445 /* Snack.app */;
			productType = "com.apple.product-type.application";
		};
/* End PBXNativeTarget section */

/* Begin PBXProject section */
		8C33C4DC277BF06100294445 /* Project object */ = {
			isa = PBXProject;
			attributes = {
				BuildIndependentTargetsInParallel = 1;
				LastSwiftUpdateCheck = 1320;
				LastUpgradeCheck = 1320;
				TargetAttributes = {
					8C33C4E3277BF06100294445 = {
						CreatedOnToolsVersion = 13.2.1;
					};
				};
			};
			buildConfigurationList = 8C33C4DF277BF06100294445 /* Build configuration list for PBXProject "Snack" */;
			compatibilityVersion = "Xcode 13.0";
			developmentRegion = en;
			hasScannedForEncodings = 0;
			knownRegions = (
				en,
				Base,
			);
			mainGroup = 8C33C4DB277BF06100294445;
			productRefGroup = 8C33C4E5277BF06100294445 /* Products */;
			projectDirPath = "";
			projectRoot = "";
			targets = (
				8C33C4E3277BF06100294445 /* Snack */,
			);
		};
/* End PBXProject section */

/* Begin PBXResourcesBuildPhase section */
		8C33C4E2277BF06100294445 /* Resources */ = {
			isa = PBXResourcesBuildPhase;
			buildActionMask = 2147483647;
			files = (
				8CCFFA9627B9E98F005D4D13 /* NotoSansKR-Bold 2.otf in Resources */,
				8CBD45EF27A874950056A557 /* KeepMediaView.xib in Resources */,
				8CCFFAD827C10357005D4D13 /* EditWorkspaceView.xib in Resources */,
				8CCFFAA427BA767B005D4D13 /* UserInvitationView.xib in Resources */,
				8C33C4F4277BF06200294445 /* LaunchScreen.storyboard in Resources */,
				8CCFFAE227C11E71005D4D13 /* SelectImageView.xib in Resources */,
				8CCFFAE627C12094005D4D13 /* SelectImageCell.xib in Resources */,
				8CCFFABB27BE8B60005D4D13 /* ChannelSearchView.xib in Resources */,
				8C33C4F1277BF06200294445 /* Assets.xcassets in Resources */,
				8CCFFA9427B9E98F005D4D13 /* NotoSansKR-Regular 2.otf in Resources */,
				8CCFFA9527B9E98F005D4D13 /* NotoSansKR-Bold.otf in Resources */,
				8CCFFAA927BAA783005D4D13 /* UserSearchCell.xib in Resources */,
				8CBD45E127A868040056A557 /* MediaView.xib in Resources */,
				8CCFFA6C27B9524F005D4D13 /* NewChannelView.xib in Resources */,
				8CCFFAD327C0CC66005D4D13 /* StatusCell.xib in Resources */,
				8CCFFA7927B98CCA005D4D13 /* UserSearchView.xib in Resources */,
				8C68AB2F2797F62D00C1711E /* SettingsView.xib in Resources */,
				8CCFFAC227BE8EBF005D4D13 /* ChannelSearchCell.xib in Resources */,
				8CBD45BC27A6D6B90056A557 /* ProfileView.xib in Resources */,
				8C19E4112786B35B0086F374 /* GoogleService-Info.plist in Resources */,
				8CBD45DB27A846C50056A557 /* PasscodeView.xib in Resources */,
				8CBD45F527A887DE0056A557 /* StatusView.xib in Resources */,
				8CCFFA9727B9E98F005D4D13 /* NotoSansKR-Regular.otf in Resources */,
				8CBD45BE27A70C440056A557 /* EditProfileView.xib in Resources */,
				8CBD45EA27A8735B0056A557 /* CacheView.xib in Resources */,
				8CCFFAB027BB48E3005D4D13 /* GroupDetailsView.xib in Resources */,
				8CBD45E627A869CC0056A557 /* NetworkView.xib in Resources */,
				8CBD45D727A7F0C80056A557 /* PasswordView.xib in Resources */,
			);
			runOnlyForDeploymentPostprocessing = 0;
		};
/* End PBXResourcesBuildPhase section */

/* Begin PBXShellScriptBuildPhase section */
		2EA5AE1B82DFB454467AECD8 /* [CP] Embed Pods Frameworks */ = {
			isa = PBXShellScriptBuildPhase;
			buildActionMask = 2147483647;
			files = (
			);
			inputFileListPaths = (
				"${PODS_ROOT}/Target Support Files/Pods-Snack/Pods-Snack-frameworks-${CONFIGURATION}-input-files.xcfilelist",
			);
			name = "[CP] Embed Pods Frameworks";
			outputFileListPaths = (
				"${PODS_ROOT}/Target Support Files/Pods-Snack/Pods-Snack-frameworks-${CONFIGURATION}-output-files.xcfilelist",
			);
			runOnlyForDeploymentPostprocessing = 0;
			shellPath = /bin/sh;
			shellScript = "\"${PODS_ROOT}/Target Support Files/Pods-Snack/Pods-Snack-frameworks.sh\"\n";
			showEnvVarsInLog = 0;
		};
		412BEEC950C8C52910D283F6 /* [CP] Check Pods Manifest.lock */ = {
			isa = PBXShellScriptBuildPhase;
			buildActionMask = 2147483647;
			files = (
			);
			inputFileListPaths = (
			);
			inputPaths = (
				"${PODS_PODFILE_DIR_PATH}/Podfile.lock",
				"${PODS_ROOT}/Manifest.lock",
			);
			name = "[CP] Check Pods Manifest.lock";
			outputFileListPaths = (
			);
			outputPaths = (
				"$(DERIVED_FILE_DIR)/Pods-Snack-checkManifestLockResult.txt",
			);
			runOnlyForDeploymentPostprocessing = 0;
			shellPath = /bin/sh;
			shellScript = "diff \"${PODS_PODFILE_DIR_PATH}/Podfile.lock\" \"${PODS_ROOT}/Manifest.lock\" > /dev/null\nif [ $? != 0 ] ; then\n    # print error to STDERR\n    echo \"error: The sandbox is not in sync with the Podfile.lock. Run 'pod install' or update your CocoaPods installation.\" >&2\n    exit 1\nfi\n# This output is used by Xcode 'outputs' to avoid re-running this script phase.\necho \"SUCCESS\" > \"${SCRIPT_OUTPUT_FILE_0}\"\n";
			showEnvVarsInLog = 0;
		};
/* End PBXShellScriptBuildPhase section */

/* Begin PBXSourcesBuildPhase section */
		8C33C4E0277BF06100294445 /* Sources */ = {
			isa = PBXSourcesBuildPhase;
			buildActionMask = 2147483647;
			files = (
				8C68AAE3279526CF00C1711E /* HomeViewModel.swift in Sources */,
				8C68AB0827957ADD00C1711E /* Ex+DateFormatter.swift in Sources */,
				8C953BD3278E90F200D5677E /* WelcomeViewController.swift in Sources */,
				8CC1E7A027ACBF1D00BFE4D1 /* NewWorkspaceSecondViewController.swift in Sources */,
				8CC9E8CE27B11BBB008BE1EA /* GroupMessageViewController.swift in Sources */,
				8CBD457827A25E430056A557 /* PrivateMessageViewController.swift in Sources */,
				8CBD45F327A887520056A557 /* StatusView.swift in Sources */,
				8C68AB1527969D1200C1711E /* NetworkResult.swift in Sources */,
				8C68AAFD27954FCB00C1711E /* ChannelListCell.swift in Sources */,
				8CCFFA9A27B9EAC2005D4D13 /* PaginationAction.swift in Sources */,
				8C962B5D27ADAC3B00A9A1F5 /* ModelType.swift in Sources */,
				8CBD452D2799A0C80056A557 /* Ex+UIButton.swift in Sources */,
				8CCFFA9227B9E98F005D4D13 /* Media.swift in Sources */,
				8CCFFA8F27B9E98F005D4D13 /* Cryptor.swift in Sources */,
				8CC9E8CA27B10C9D008BE1EA /* NoteService.swift in Sources */,
				8C68AB1A2796E70C00C1711E /* WorkspaceListViewController.swift in Sources */,
				8C68AAD72791AF1100C1711E /* RegisterViewController.swift in Sources */,
				8CCFFA9327B9E98F005D4D13 /* CreateHomeTabController.swift in Sources */,
				8CBD4542279F047F0056A557 /* KeychainWrapper+keys.swift in Sources */,
				8CBD45BA27A6CFCF0056A557 /* ProfileViewModel.swift in Sources */,
				8C68AAC527909BD000C1711E /* LoginViewModel.swift in Sources */,
				8CCFFA8D27B9E98F005D4D13 /* ImagePicker.swift in Sources */,
				8CBD456F27A18EDE0056A557 /* SearchURLWorkspaceVeiwModel.swift in Sources */,
				8CCFFA6E27B964B2005D4D13 /* ChannelService.swift in Sources */,
				8CBD45D327A7C2200056A557 /* Ex+Reactive.swift in Sources */,
				8CC1E79C27ACAC6B00BFE4D1 /* NewWorkspaceFirstViewController.swift in Sources */,
				8CBD4538279D3F350056A557 /* WorkspaceService.swift in Sources */,
				8CC9E8CC27B10CAE008BE1EA /* NoteListCellModel.swift in Sources */,
				8CBD45E427A869870056A557 /* NetworkView.swift in Sources */,
				8CBD459527A3E5600056A557 /* MemberListCell.swift in Sources */,
				8CBD458B27A3E40B0056A557 /* DirectMessageListViewCell.swift in Sources */,
				8C962B5B27ADABE400A9A1F5 /* Channel.swift in Sources */,
				8CCFFACA27C023AA005D4D13 /* PresenceWebsocket.swift in Sources */,
				8C68AAE1279526C600C1711E /* HomeViewController.swift in Sources */,
				8CC9E8C327B10A17008BE1EA /* NoteListViewContoller.swift in Sources */,
				8CCFFAC427BE975D005D4D13 /* CustomMessagesFlowLayout.swift in Sources */,
				8CC9E8BF27B10487008BE1EA /* APIConstants.swift in Sources */,
				8CC9E8FC27B2DABF008BE1EA /* UserInvitationViewController.swift in Sources */,
				8CBD45D927A846500056A557 /* PasscodeView.swift in Sources */,
				8CCFFA9827B9E98F005D4D13 /* Credentials.swift in Sources */,
				8CCFFA7327B97DAE005D4D13 /* UserSearchViewController.swift in Sources */,
				8C68AB1E27970A3200C1711E /* EditProfileView.swift in Sources */,
				8C962B5927ADAB4300A9A1F5 /* HomeSection.swift in Sources */,
				8C68AADB2791B57100C1711E /* RegisterService.swift in Sources */,
				8CBD458D27A3E42B0056A557 /* DirectMessageListViewModel.swift in Sources */,
				8C68AAC92791166F00C1711E /* ViewModelProtocol.swift in Sources */,
				8C68AAD027911A1000C1711E /* LoginService.swift in Sources */,
				8C33C4E8277BF06100294445 /* AppDelegate.swift in Sources */,
				8CC9E8D627B20C8D008BE1EA /* NoteListReusableView.swift in Sources */,
				8CCFFA9027B9E98F005D4D13 /* Password.swift in Sources */,
				8CCFFABE27BE8E24005D4D13 /* ChannelSearchCell.swift in Sources */,
				8CBD458F27A3E46B0056A557 /* DirectMessageListViewController.swift in Sources */,
				8CBD45ED27A8746E0056A557 /* KeepMediaView.swift in Sources */,
				8CCFFA7027B965A8005D4D13 /* ChannelModel.swift in Sources */,
				8CBD457E27A28AEF0056A557 /* MessageKit.swift in Sources */,
				8CCFFAD527C0D622005D4D13 /* PresenceService.swift in Sources */,
				8CC1E79E27ACADA800BFE4D1 /* NewWorkspaceViewModel.swift in Sources */,
				8CCFFAB427BD180C005D4D13 /* ChatModel.swift in Sources */,
				8C68AAD92791AF3300C1711E /* RegisterViewModel.swift in Sources */,
				8CCFFAE827C120AE005D4D13 /* SelectImageCell.swift in Sources */,
				8C68AAC327909BC200C1711E /* LoginViewController.swift in Sources */,
				8CCFFACC27C0C462005D4D13 /* PresenceModel.swift in Sources */,
				8CCFFA8C27B9E98F005D4D13 /* LogOutViewModel.swift in Sources */,
				8CBD45DD27A865C30056A557 /* MeidaView.swift in Sources */,
				8CC9E90C27B3B939008BE1EA /* AccountService.swift in Sources */,
				8CCFFA7727B984A3005D4D13 /* UserSearchCell.swift in Sources */,
				8CCFFAAB27BB41AB005D4D13 /* Ex+UIViewController.swift in Sources */,
				8CC9E90E27B3BA01008BE1EA /* AccountModel.swift in Sources */,
				8C962B6327AEDD4F00A9A1F5 /* User.swift in Sources */,
				8CC9E8D227B161B1008BE1EA /* CreateWKWebView.swift in Sources */,
				8CCFFAB727BE8A48005D4D13 /* ChannelSearchViewController.swift in Sources */,
				8C68AB2D2797F5E400C1711E /* SettingsViewController.swift in Sources */,
				8CBD459A27A41B520056A557 /* PrivateMessageViewModel.swift in Sources */,
				8CBD45322799AEFD0056A557 /* WorkspaceListCell.swift in Sources */,
				8CBD452F2799A2C10056A557 /* WorkspaceListViewModel.swift in Sources */,
				8CBD45342799B0E00056A557 /* WorkspaceListCellModel.swift in Sources */,
				8CBD457527A22A2D0056A557 /* AppConstant.swift in Sources */,
				8CCFFAEA27C2174C005D4D13 /* Ex+UIColor.swift in Sources */,
				8CBD457A27A287460056A557 /* Ex+NotificationCenter.swift in Sources */,
				8CCFFAC627BE9793005D4D13 /* CustomCell.swift in Sources */,
				8CC9E8C527B10A24008BE1EA /* NoteListViewModel.swift in Sources */,
				8CBD45D527A7EF6D0056A557 /* PasswordView.swift in Sources */,
				8CC9E8D827B22B4C008BE1EA /* NoteSection.swift in Sources */,
				8CCFFAAD27BB48CE005D4D13 /* GroupDetailsViewController.swift in Sources */,
				8CCFFADE27C11BDC005D4D13 /* SelectImageView.swift in Sources */,
				8CC9E91027B3FDB5008BE1EA /* ChatStompWebsocket.swift in Sources */,
				8CCFFA8E27B9E98F005D4D13 /* NavigationController.swift in Sources */,
				8CCFFADA27C1042B005D4D13 /* EditWorkspaceView.swift in Sources */,
				8CBD45B827A6CFAB0056A557 /* ProfileViewController.swift in Sources */,
				8CBD45CB27A71A310056A557 /* Ex+Data.swift in Sources */,
				8CBD45E827A872300056A557 /* CacheView.swift in Sources */,
				8C68AAD327911AD700C1711E /* Ex+Observable.swift in Sources */,
				8C33C4EA277BF06100294445 /* SceneDelegate.swift in Sources */,
				8CC9E8C827B10B8A008BE1EA /* NoteListCell.swift in Sources */,
				8CCFFA6627B95179005D4D13 /* NewChannelViewController.swift in Sources */,
				8CBD459F27A56F0A0056A557 /* MessageModel.swift in Sources */,
				8C962B6027ADAD3100A9A1F5 /* Member.swift in Sources */,
				8CCFFAB227BD12DB005D4D13 /* ChatService.swift in Sources */,
				8CC9E8D027B128C3008BE1EA /* GroupMessageViewModel.swift in Sources */,
				8CC9E8DA27B22BDB008BE1EA /* Note.swift in Sources */,
				8CCFFAD127C0CC30005D4D13 /* StatusCell.swift in Sources */,
				8CBD456C27A18E3A0056A557 /* SearchURLWorkspaceViewController.swift in Sources */,
				8CBD45C527A7172C0056A557 /* Ex+UIImage.swift in Sources */,
				8C68AACB279117FA00C1711E /* UserModel.swift in Sources */,
				8CBD45CF27A71A9E0056A557 /* Ex+String.swift in Sources */,
			);
			runOnlyForDeploymentPostprocessing = 0;
		};
/* End PBXSourcesBuildPhase section */

/* Begin PBXVariantGroup section */
		8C33C4F2277BF06200294445 /* LaunchScreen.storyboard */ = {
			isa = PBXVariantGroup;
			children = (
				8C33C4F3277BF06200294445 /* Base */,
			);
			name = LaunchScreen.storyboard;
			sourceTree = "<group>";
		};
/* End PBXVariantGroup section */

/* Begin XCBuildConfiguration section */
		8C33C4F6277BF06200294445 /* Debug */ = {
			isa = XCBuildConfiguration;
			buildSettings = {
				ALWAYS_SEARCH_USER_PATHS = NO;
				CLANG_ANALYZER_NONNULL = YES;
				CLANG_ANALYZER_NUMBER_OBJECT_CONVERSION = YES_AGGRESSIVE;
				CLANG_CXX_LANGUAGE_STANDARD = "gnu++17";
				CLANG_CXX_LIBRARY = "libc++";
				CLANG_ENABLE_MODULES = YES;
				CLANG_ENABLE_OBJC_ARC = YES;
				CLANG_ENABLE_OBJC_WEAK = YES;
				CLANG_WARN_BLOCK_CAPTURE_AUTORELEASING = YES;
				CLANG_WARN_BOOL_CONVERSION = YES;
				CLANG_WARN_COMMA = YES;
				CLANG_WARN_CONSTANT_CONVERSION = YES;
				CLANG_WARN_DEPRECATED_OBJC_IMPLEMENTATIONS = YES;
				CLANG_WARN_DIRECT_OBJC_ISA_USAGE = YES_ERROR;
				CLANG_WARN_DOCUMENTATION_COMMENTS = YES;
				CLANG_WARN_EMPTY_BODY = YES;
				CLANG_WARN_ENUM_CONVERSION = YES;
				CLANG_WARN_INFINITE_RECURSION = YES;
				CLANG_WARN_INT_CONVERSION = YES;
				CLANG_WARN_NON_LITERAL_NULL_CONVERSION = YES;
				CLANG_WARN_OBJC_IMPLICIT_RETAIN_SELF = YES;
				CLANG_WARN_OBJC_LITERAL_CONVERSION = YES;
				CLANG_WARN_OBJC_ROOT_CLASS = YES_ERROR;
				CLANG_WARN_QUOTED_INCLUDE_IN_FRAMEWORK_HEADER = YES;
				CLANG_WARN_RANGE_LOOP_ANALYSIS = YES;
				CLANG_WARN_STRICT_PROTOTYPES = YES;
				CLANG_WARN_SUSPICIOUS_MOVE = YES;
				CLANG_WARN_UNGUARDED_AVAILABILITY = YES_AGGRESSIVE;
				CLANG_WARN_UNREACHABLE_CODE = YES;
				CLANG_WARN__DUPLICATE_METHOD_MATCH = YES;
				COPY_PHASE_STRIP = NO;
				DEBUG_INFORMATION_FORMAT = dwarf;
				ENABLE_STRICT_OBJC_MSGSEND = YES;
				ENABLE_TESTABILITY = YES;
				GCC_C_LANGUAGE_STANDARD = gnu11;
				GCC_DYNAMIC_NO_PIC = NO;
				GCC_NO_COMMON_BLOCKS = YES;
				GCC_OPTIMIZATION_LEVEL = 0;
				GCC_PREPROCESSOR_DEFINITIONS = (
					"DEBUG=1",
					"$(inherited)",
				);
				GCC_WARN_64_TO_32_BIT_CONVERSION = YES;
				GCC_WARN_ABOUT_RETURN_TYPE = YES_ERROR;
				GCC_WARN_UNDECLARED_SELECTOR = YES;
				GCC_WARN_UNINITIALIZED_AUTOS = YES_AGGRESSIVE;
				GCC_WARN_UNUSED_FUNCTION = YES;
				GCC_WARN_UNUSED_VARIABLE = YES;
				IPHONEOS_DEPLOYMENT_TARGET = 14.0;
				MTL_ENABLE_DEBUG_INFO = INCLUDE_SOURCE;
				MTL_FAST_MATH = YES;
				ONLY_ACTIVE_ARCH = YES;
				SDKROOT = iphoneos;
				SWIFT_ACTIVE_COMPILATION_CONDITIONS = DEBUG;
				SWIFT_OPTIMIZATION_LEVEL = "-Onone";
			};
			name = Debug;
		};
		8C33C4F7277BF06200294445 /* Release */ = {
			isa = XCBuildConfiguration;
			buildSettings = {
				ALWAYS_SEARCH_USER_PATHS = NO;
				CLANG_ANALYZER_NONNULL = YES;
				CLANG_ANALYZER_NUMBER_OBJECT_CONVERSION = YES_AGGRESSIVE;
				CLANG_CXX_LANGUAGE_STANDARD = "gnu++17";
				CLANG_CXX_LIBRARY = "libc++";
				CLANG_ENABLE_MODULES = YES;
				CLANG_ENABLE_OBJC_ARC = YES;
				CLANG_ENABLE_OBJC_WEAK = YES;
				CLANG_WARN_BLOCK_CAPTURE_AUTORELEASING = YES;
				CLANG_WARN_BOOL_CONVERSION = YES;
				CLANG_WARN_COMMA = YES;
				CLANG_WARN_CONSTANT_CONVERSION = YES;
				CLANG_WARN_DEPRECATED_OBJC_IMPLEMENTATIONS = YES;
				CLANG_WARN_DIRECT_OBJC_ISA_USAGE = YES_ERROR;
				CLANG_WARN_DOCUMENTATION_COMMENTS = YES;
				CLANG_WARN_EMPTY_BODY = YES;
				CLANG_WARN_ENUM_CONVERSION = YES;
				CLANG_WARN_INFINITE_RECURSION = YES;
				CLANG_WARN_INT_CONVERSION = YES;
				CLANG_WARN_NON_LITERAL_NULL_CONVERSION = YES;
				CLANG_WARN_OBJC_IMPLICIT_RETAIN_SELF = YES;
				CLANG_WARN_OBJC_LITERAL_CONVERSION = YES;
				CLANG_WARN_OBJC_ROOT_CLASS = YES_ERROR;
				CLANG_WARN_QUOTED_INCLUDE_IN_FRAMEWORK_HEADER = YES;
				CLANG_WARN_RANGE_LOOP_ANALYSIS = YES;
				CLANG_WARN_STRICT_PROTOTYPES = YES;
				CLANG_WARN_SUSPICIOUS_MOVE = YES;
				CLANG_WARN_UNGUARDED_AVAILABILITY = YES_AGGRESSIVE;
				CLANG_WARN_UNREACHABLE_CODE = YES;
				CLANG_WARN__DUPLICATE_METHOD_MATCH = YES;
				COPY_PHASE_STRIP = NO;
				DEBUG_INFORMATION_FORMAT = "dwarf-with-dsym";
				ENABLE_NS_ASSERTIONS = NO;
				ENABLE_STRICT_OBJC_MSGSEND = YES;
				GCC_C_LANGUAGE_STANDARD = gnu11;
				GCC_NO_COMMON_BLOCKS = YES;
				GCC_WARN_64_TO_32_BIT_CONVERSION = YES;
				GCC_WARN_ABOUT_RETURN_TYPE = YES_ERROR;
				GCC_WARN_UNDECLARED_SELECTOR = YES;
				GCC_WARN_UNINITIALIZED_AUTOS = YES_AGGRESSIVE;
				GCC_WARN_UNUSED_FUNCTION = YES;
				GCC_WARN_UNUSED_VARIABLE = YES;
				IPHONEOS_DEPLOYMENT_TARGET = 14.0;
				MTL_ENABLE_DEBUG_INFO = NO;
				MTL_FAST_MATH = YES;
				SDKROOT = iphoneos;
				SWIFT_COMPILATION_MODE = wholemodule;
				SWIFT_OPTIMIZATION_LEVEL = "-O";
				VALIDATE_PRODUCT = YES;
			};
			name = Release;
		};
		8C33C4F9277BF06200294445 /* Debug */ = {
			isa = XCBuildConfiguration;
			baseConfigurationReference = F19F7FAD89A199A756B7E6F1 /* Pods-Snack.debug.xcconfig */;
			buildSettings = {
				ASSETCATALOG_COMPILER_APPICON_NAME = AppIcon;
				CODE_SIGN_ENTITLEMENTS = Snack/Snack.entitlements;
				CODE_SIGN_STYLE = Automatic;
				CURRENT_PROJECT_VERSION = 1;
				DEVELOPMENT_TEAM = SF6SBNPMLX;
				GENERATE_INFOPLIST_FILE = YES;
				INFOPLIST_FILE = Snack/Info.plist;
				INFOPLIST_KEY_UIApplicationSupportsIndirectInputEvents = YES;
				INFOPLIST_KEY_UILaunchStoryboardName = LaunchScreen;
				INFOPLIST_KEY_UISupportedInterfaceOrientations_iPad = "UIInterfaceOrientationPortrait UIInterfaceOrientationPortraitUpsideDown UIInterfaceOrientationLandscapeLeft UIInterfaceOrientationLandscapeRight";
				INFOPLIST_KEY_UISupportedInterfaceOrientations_iPhone = "UIInterfaceOrientationPortrait UIInterfaceOrientationLandscapeLeft UIInterfaceOrientationLandscapeRight";
				IPHONEOS_DEPLOYMENT_TARGET = 14.0;
				LD_RUNPATH_SEARCH_PATHS = (
					"$(inherited)",
					"@executable_path/Frameworks",
				);
				MARKETING_VERSION = 1.0;
				PRODUCT_BUNDLE_IDENTIFIER = "Geon-Hyeong-KIM.Snack";
				PRODUCT_NAME = "$(TARGET_NAME)";
				SWIFT_EMIT_LOC_STRINGS = YES;
				SWIFT_VERSION = 5.0;
				TARGETED_DEVICE_FAMILY = "1,2";
			};
			name = Debug;
		};
		8C33C4FA277BF06200294445 /* Release */ = {
			isa = XCBuildConfiguration;
			baseConfigurationReference = 0349F0237A28CF144982DE22 /* Pods-Snack.release.xcconfig */;
			buildSettings = {
				ASSETCATALOG_COMPILER_APPICON_NAME = AppIcon;
				CODE_SIGN_ENTITLEMENTS = Snack/Snack.entitlements;
				CODE_SIGN_STYLE = Automatic;
				CURRENT_PROJECT_VERSION = 1;
				DEVELOPMENT_TEAM = SF6SBNPMLX;
				GENERATE_INFOPLIST_FILE = YES;
				INFOPLIST_FILE = Snack/Info.plist;
				INFOPLIST_KEY_UIApplicationSupportsIndirectInputEvents = YES;
				INFOPLIST_KEY_UILaunchStoryboardName = LaunchScreen;
				INFOPLIST_KEY_UISupportedInterfaceOrientations_iPad = "UIInterfaceOrientationPortrait UIInterfaceOrientationPortraitUpsideDown UIInterfaceOrientationLandscapeLeft UIInterfaceOrientationLandscapeRight";
				INFOPLIST_KEY_UISupportedInterfaceOrientations_iPhone = "UIInterfaceOrientationPortrait UIInterfaceOrientationLandscapeLeft UIInterfaceOrientationLandscapeRight";
				IPHONEOS_DEPLOYMENT_TARGET = 14.0;
				LD_RUNPATH_SEARCH_PATHS = (
					"$(inherited)",
					"@executable_path/Frameworks",
				);
				MARKETING_VERSION = 1.0;
				PRODUCT_BUNDLE_IDENTIFIER = "Geon-Hyeong-KIM.Snack";
				PRODUCT_NAME = "$(TARGET_NAME)";
				SWIFT_EMIT_LOC_STRINGS = YES;
				SWIFT_VERSION = 5.0;
				TARGETED_DEVICE_FAMILY = "1,2";
			};
			name = Release;
		};
/* End XCBuildConfiguration section */

/* Begin XCConfigurationList section */
		8C33C4DF277BF06100294445 /* Build configuration list for PBXProject "Snack" */ = {
			isa = XCConfigurationList;
			buildConfigurations = (
				8C33C4F6277BF06200294445 /* Debug */,
				8C33C4F7277BF06200294445 /* Release */,
			);
			defaultConfigurationIsVisible = 0;
			defaultConfigurationName = Release;
		};
		8C33C4F8277BF06200294445 /* Build configuration list for PBXNativeTarget "Snack" */ = {
			isa = XCConfigurationList;
			buildConfigurations = (
				8C33C4F9277BF06200294445 /* Debug */,
				8C33C4FA277BF06200294445 /* Release */,
			);
			defaultConfigurationIsVisible = 0;
			defaultConfigurationName = Release;
		};
/* End XCConfigurationList section */
	};
	rootObject = 8C33C4DC277BF06100294445 /* Project object */;
}
